// !$*UTF8*$!
{
	archiveVersion = 1;
	classes = {
	};
	objectVersion = 46;
	objects = {

/* Begin PBXBuildFile section */
		46AE205EC530F9F14C1BA3FD /* UserActionsHelperView+Hints.m in Sources */ = {isa = PBXBuildFile; fileRef = 46AE28EAB7CD4261F1CA3FF4 /* UserActionsHelperView+Hints.m */; };
		46AE207C145CBD40F94A6B59 /* UserActionsController.m in Sources */ = {isa = PBXBuildFile; fileRef = 46AE27266EF5B00C3BC5390D /* UserActionsController.m */; };
		46AE210F07A69C6B77D7D4A2 /* MainViewConsts.m in Sources */ = {isa = PBXBuildFile; fileRef = 46AE266CD5324BFDE33D4FC3 /* MainViewConsts.m */; };
		46AE212FD05EAEE66E043BF6 /* CGEstimations.m in Sources */ = {isa = PBXBuildFile; fileRef = 46AE28169C473584C7C5B45F /* CGEstimations.m */; };
		46AE217F35A32A2BE807D154 /* ResourcesHelper.m in Sources */ = {isa = PBXBuildFile; fileRef = 46AE2D79C0CC5F96056529D3 /* ResourcesHelper.m */; };
		46AE224DA24CBB432CEEEC9E /* TheNewTaskDialog.m in Sources */ = {isa = PBXBuildFile; fileRef = 46AE27467224078DA50935BA /* TheNewTaskDialog.m */; };
		46AE22663A7440C2240CFD78 /* DispatchQueueLogFormatter.m in Sources */ = {isa = PBXBuildFile; fileRef = 46AE2DDC84F3D49BDF480F09 /* DispatchQueueLogFormatter.m */; };
		46AE23A0C3C70C6A10DE8BF1 /* TaskCompleteButton.m in Sources */ = {isa = PBXBuildFile; fileRef = 46AE2B2CAE2DE89E8EBF16F4 /* TaskCompleteButton.m */; };
		46AE23F624CCC1078FC3C787 /* UserActionsHelperView+Constraints.m in Sources */ = {isa = PBXBuildFile; fileRef = 46AE2B28A0FF1C912FC32524 /* UserActionsHelperView+Constraints.m */; };
		46AE241970CAC024B90B630A /* DragAndDropHandler.m in Sources */ = {isa = PBXBuildFile; fileRef = 46AE2056FE4232163EB25DD5 /* DragAndDropHandler.m */; };
		46AE24F2049689BF0F3D3346 /* STMColors.m in Sources */ = {isa = PBXBuildFile; fileRef = 46AE2D72188505ABE135A015 /* STMColors.m */; };
		46AE24F4BC01F9E8A9901AEB /* DDAbstractDatabaseLogger.m in Sources */ = {isa = PBXBuildFile; fileRef = 46AE265CA4766B920707FCCC /* DDAbstractDatabaseLogger.m */; };
		46AE2531981D3E9147CB01C8 /* DDFileLogger.m in Sources */ = {isa = PBXBuildFile; fileRef = 46AE200C40F76326A469B578 /* DDFileLogger.m */; };
		46AE2537A2072C9C38C45D3D /* DeselectTaskButton.m in Sources */ = {isa = PBXBuildFile; fileRef = 46AE2C48C558BF293DA2F257 /* DeselectTaskButton.m */; };
		46AE2562AA9F4FC145D9444B /* UIView+ScreenshootExtension.m in Sources */ = {isa = PBXBuildFile; fileRef = 46AE2BE7D371E23F667CDF8B /* UIView+ScreenshootExtension.m */; };
		46AE25C60C3BC10BC458F9CD /* MiniHintView.m in Sources */ = {isa = PBXBuildFile; fileRef = 46AE28A5592332262CB66EC3 /* MiniHintView.m */; };
		46AE2619ABF5A338D4017D5D /* DDTTYLogger.m in Sources */ = {isa = PBXBuildFile; fileRef = 46AE2C76FD9F949669985F67 /* DDTTYLogger.m */; };
		46AE2668AA385D714FEF09FE /* ConfirmationHintView.m in Sources */ = {isa = PBXBuildFile; fileRef = 46AE2225B9BBA0C7FFAD4111 /* ConfirmationHintView.m */; };
		46AE266D02E094064C9EB900 /* UserActionsHelperView+TheNewTaskDialogHandling.m in Sources */ = {isa = PBXBuildFile; fileRef = 46AE2EA06173CDB0B09AE1AC /* UserActionsHelperView+TheNewTaskDialogHandling.m */; };
		46AE2728683C82118BF8233D /* UIView+LayoutConstraints.m in Sources */ = {isa = PBXBuildFile; fileRef = 46AE2878C7906F215C11B341 /* UIView+LayoutConstraints.m */; };
		46AE2778B30FF66F82F8BF4E /* DDASLLogger.m in Sources */ = {isa = PBXBuildFile; fileRef = 46AE2FE512E06F60583C608B /* DDASLLogger.m */; };
		46AE282EFABFD1D9C5C8C72E /* MainTableController+DragAndDrop.m in Sources */ = {isa = PBXBuildFile; fileRef = 46AE294F76D24668D4CF4E2C /* MainTableController+DragAndDrop.m */; };
		46AE2928588C378D457A0861 /* DBAccess.m in Sources */ = {isa = PBXBuildFile; fileRef = 46AE2E29179ECFBA021E47AC /* DBAccess.m */; };
		46AE29F9B6C5C6A1D7C66BA5 /* MainTableController+TaskOptions.m in Sources */ = {isa = PBXBuildFile; fileRef = 46AE209242ED6749464AA6AF /* MainTableController+TaskOptions.m */; };
		46AE2A06EFA0E30DD529EDDB /* UserActionsHelperView.m in Sources */ = {isa = PBXBuildFile; fileRef = 46AE210CFDC4FE88CF442F8B /* UserActionsHelperView.m */; };
		46AE2AB8AD5EA5BBB140E095 /* AnimationsHelper.m in Sources */ = {isa = PBXBuildFile; fileRef = 46AE2B4CA278B77E07685AEC /* AnimationsHelper.m */; };
		46AE2AC529074E58F60813D7 /* DBController.m in Sources */ = {isa = PBXBuildFile; fileRef = 46AE2B47CAFDDCB7D9C12CB7 /* DBController.m */; };
		46AE2ACBDC30AC492BBB68C4 /* DDLog.m in Sources */ = {isa = PBXBuildFile; fileRef = 46AE2E631B2AA753182DD123 /* DDLog.m */; };
		46AE2B562B65AB1357EA2957 /* README.txt in Resources */ = {isa = PBXBuildFile; fileRef = 46AE27C81E94D75901538190 /* README.txt */; };
		46AE2C6E29A61028A98292D6 /* ContextFilterLogFormatter.m in Sources */ = {isa = PBXBuildFile; fileRef = 46AE22ECD2D1C47A1FD3CD1E /* ContextFilterLogFormatter.m */; };
		46AE2CD0DE25667724420D3F /* LICENSE.txt in Resources */ = {isa = PBXBuildFile; fileRef = 46AE2EAA806AAC6671007634 /* LICENSE.txt */; };
		46AE2D85B384BCEA77951622 /* TheNewTaskHintView.m in Sources */ = {isa = PBXBuildFile; fileRef = 46AE238BC367720B85805C4B /* TheNewTaskHintView.m */; };
		46AE2D96C3338FB23F4327DE /* TaskOptionsView.m in Sources */ = {isa = PBXBuildFile; fileRef = 46AE267372524B0662E8747A /* TaskOptionsView.m */; };
		46AE2DD6B6147E651DA20928 /* WindowHelper.m in Sources */ = {isa = PBXBuildFile; fileRef = 46AE2E08FC8F8130C452D6B0 /* WindowHelper.m */; };
		46AE2F67C4120FFDF4C343FC /* UserActionsHelperView+TaskOptions.m in Sources */ = {isa = PBXBuildFile; fileRef = 46AE23E48B4C3C44ED3CB6AD /* UserActionsHelperView+TaskOptions.m */; };
		46AE2F68CB07A3B2DF9EEB75 /* MainTableController.m in Sources */ = {isa = PBXBuildFile; fileRef = 46AE27A699D0B2CF2234060A /* MainTableController.m */; };
		46AE2FDFE6F62883D90C5047 /* CancelHintView.m in Sources */ = {isa = PBXBuildFile; fileRef = 46AE253E528315F9E149FB25 /* CancelHintView.m */; };
		46AE2FFDE8E4408F6147B21C /* AppMacros.m in Sources */ = {isa = PBXBuildFile; fileRef = 46AE26BD3C2DAA306AFD90D2 /* AppMacros.m */; };
		EA34DA5318CD493B0042CDA9 /* SimpleTaskManager.xcdatamodeld in Sources */ = {isa = PBXBuildFile; fileRef = EA34DA5118CD493B0042CDA9 /* SimpleTaskManager.xcdatamodeld */; };
		EA3D0E0A18CB6B9C00CB333E /* Foundation.framework in Frameworks */ = {isa = PBXBuildFile; fileRef = EA3D0E0918CB6B9C00CB333E /* Foundation.framework */; };
		EA3D0E0C18CB6B9C00CB333E /* CoreGraphics.framework in Frameworks */ = {isa = PBXBuildFile; fileRef = EA3D0E0B18CB6B9C00CB333E /* CoreGraphics.framework */; };
		EA3D0E0E18CB6B9C00CB333E /* UIKit.framework in Frameworks */ = {isa = PBXBuildFile; fileRef = EA3D0E0D18CB6B9C00CB333E /* UIKit.framework */; };
		EA3D0E1018CB6B9C00CB333E /* CoreData.framework in Frameworks */ = {isa = PBXBuildFile; fileRef = EA3D0E0F18CB6B9C00CB333E /* CoreData.framework */; };
		EA3D0E1618CB6B9C00CB333E /* InfoPlist.strings in Resources */ = {isa = PBXBuildFile; fileRef = EA3D0E1418CB6B9C00CB333E /* InfoPlist.strings */; };
		EA3D0E1818CB6B9C00CB333E /* main.m in Sources */ = {isa = PBXBuildFile; fileRef = EA3D0E1718CB6B9C00CB333E /* main.m */; };
		EA3D0E1C18CB6B9C00CB333E /* AppDelegate.m in Sources */ = {isa = PBXBuildFile; fileRef = EA3D0E1B18CB6B9C00CB333E /* AppDelegate.m */; };
		EA3D0E2118CB6B9C00CB333E /* Images.xcassets in Resources */ = {isa = PBXBuildFile; fileRef = EA3D0E2018CB6B9C00CB333E /* Images.xcassets */; };
		EA3D0E2818CB6B9C00CB333E /* XCTest.framework in Frameworks */ = {isa = PBXBuildFile; fileRef = EA3D0E2718CB6B9C00CB333E /* XCTest.framework */; };
		EA3D0E2918CB6B9C00CB333E /* Foundation.framework in Frameworks */ = {isa = PBXBuildFile; fileRef = EA3D0E0918CB6B9C00CB333E /* Foundation.framework */; };
		EA3D0E2A18CB6B9C00CB333E /* UIKit.framework in Frameworks */ = {isa = PBXBuildFile; fileRef = EA3D0E0D18CB6B9C00CB333E /* UIKit.framework */; };
		EA3D0E2B18CB6B9C00CB333E /* CoreData.framework in Frameworks */ = {isa = PBXBuildFile; fileRef = EA3D0E0F18CB6B9C00CB333E /* CoreData.framework */; };
		EA3D0E3318CB6B9C00CB333E /* InfoPlist.strings in Resources */ = {isa = PBXBuildFile; fileRef = EA3D0E3118CB6B9C00CB333E /* InfoPlist.strings */; };
		EA3D0E3518CB6B9C00CB333E /* SimpleTaskManagerTests.m in Sources */ = {isa = PBXBuildFile; fileRef = EA3D0E3418CB6B9C00CB333E /* SimpleTaskManagerTests.m */; };
		EA3D0ED918CBBBF100CB333E /* MainViewController.m in Sources */ = {isa = PBXBuildFile; fileRef = EA3D0ED818CBBBF100CB333E /* MainViewController.m */; };
		EA3D0EDB18CBBC6A00CB333E /* Main_iPhone.storyboard in Resources */ = {isa = PBXBuildFile; fileRef = EA3D0EDA18CBBC6A00CB333E /* Main_iPhone.storyboard */; };
		EA3D0EDD18CBBC8C00CB333E /* Main_iPad.storyboard in Resources */ = {isa = PBXBuildFile; fileRef = EA3D0EDC18CBBC8C00CB333E /* Main_iPad.storyboard */; };
		EA5CE6BB18CD2A2000573CE8 /* STMTask.m in Sources */ = {isa = PBXBuildFile; fileRef = EA5CE6BA18CD2A2000573CE8 /* STMTask.m */; };
		EA67600018D1109700E24C49 /* MainView.m in Sources */ = {isa = PBXBuildFile; fileRef = EA675FFF18D1109700E24C49 /* MainView.m */; };
		EAE3DBC718D5F21A004F6A29 /* image_checked_checkbox_64x64.png in Resources */ = {isa = PBXBuildFile; fileRef = EAE3DBC518D5F21A004F6A29 /* image_checked_checkbox_64x64.png */; };
		EAE3DBC818D5F21A004F6A29 /* image_checked_checkbox_64x64@2x.png in Resources */ = {isa = PBXBuildFile; fileRef = EAE3DBC618D5F21A004F6A29 /* image_checked_checkbox_64x64@2x.png */; };
/* End PBXBuildFile section */

/* Begin PBXContainerItemProxy section */
		EA3D0E2C18CB6B9C00CB333E /* PBXContainerItemProxy */ = {
			isa = PBXContainerItemProxy;
			containerPortal = EA3D0DFE18CB6B9B00CB333E /* Project object */;
			proxyType = 1;
			remoteGlobalIDString = EA3D0E0518CB6B9C00CB333E;
			remoteInfo = SimpleTaskManager;
		};
/* End PBXContainerItemProxy section */

/* Begin PBXFileReference section */
		46AE200C40F76326A469B578 /* DDFileLogger.m */ = {isa = PBXFileReference; fileEncoding = 4; lastKnownFileType = sourcecode.c.objc; path = DDFileLogger.m; sourceTree = "<group>"; };
		46AE202FABC21C396A111026 /* MiniHintView.h */ = {isa = PBXFileReference; fileEncoding = 4; lastKnownFileType = sourcecode.c.h; path = MiniHintView.h; sourceTree = "<group>"; };
		46AE2034040ABF2D7A6BA4BE /* TaskOptionsDelegate.h */ = {isa = PBXFileReference; fileEncoding = 4; lastKnownFileType = sourcecode.c.h; path = TaskOptionsDelegate.h; sourceTree = "<group>"; };
		46AE2056FE4232163EB25DD5 /* DragAndDropHandler.m */ = {isa = PBXFileReference; fileEncoding = 4; lastKnownFileType = sourcecode.c.objc; path = DragAndDropHandler.m; sourceTree = "<group>"; };
		46AE2064A6AF77809CBDA055 /* UserActionHelperControllerDelegagate.h */ = {isa = PBXFileReference; fileEncoding = 4; lastKnownFileType = sourcecode.c.h; path = UserActionHelperControllerDelegagate.h; sourceTree = "<group>"; };
		46AE209242ED6749464AA6AF /* MainTableController+TaskOptions.m */ = {isa = PBXFileReference; fileEncoding = 4; lastKnownFileType = sourcecode.c.objc; path = "MainTableController+TaskOptions.m"; sourceTree = "<group>"; };
		46AE20A9055962495CAAC61F /* CGEstimations.h */ = {isa = PBXFileReference; fileEncoding = 4; lastKnownFileType = sourcecode.c.h; path = CGEstimations.h; sourceTree = "<group>"; };
		46AE210CFDC4FE88CF442F8B /* UserActionsHelperView.m */ = {isa = PBXFileReference; fileEncoding = 4; lastKnownFileType = sourcecode.c.objc; path = UserActionsHelperView.m; sourceTree = "<group>"; };
		46AE213846FBC49661E8DD72 /* DDTTYLogger.h */ = {isa = PBXFileReference; fileEncoding = 4; lastKnownFileType = sourcecode.c.h; path = DDTTYLogger.h; sourceTree = "<group>"; };
		46AE22133BB9C8C6312BAA68 /* UserActionsHelperView+Hints.h */ = {isa = PBXFileReference; fileEncoding = 4; lastKnownFileType = sourcecode.c.h; path = "UserActionsHelperView+Hints.h"; sourceTree = "<group>"; };
		46AE221659985B4C18DB4C92 /* WindowHelper.h */ = {isa = PBXFileReference; fileEncoding = 4; lastKnownFileType = sourcecode.c.h; path = WindowHelper.h; sourceTree = "<group>"; };
		46AE2225B9BBA0C7FFAD4111 /* ConfirmationHintView.m */ = {isa = PBXFileReference; fileEncoding = 4; lastKnownFileType = sourcecode.c.objc; path = ConfirmationHintView.m; sourceTree = "<group>"; };
		46AE222B601D6276546DD898 /* MainTableControllerDelegate.h */ = {isa = PBXFileReference; fileEncoding = 4; lastKnownFileType = sourcecode.c.h; path = MainTableControllerDelegate.h; sourceTree = "<group>"; };
		46AE22CB58FB49DD429B1816 /* DDLog.h */ = {isa = PBXFileReference; fileEncoding = 4; lastKnownFileType = sourcecode.c.h; path = DDLog.h; sourceTree = "<group>"; };
		46AE22ECD2D1C47A1FD3CD1E /* ContextFilterLogFormatter.m */ = {isa = PBXFileReference; fileEncoding = 4; lastKnownFileType = sourcecode.c.objc; path = ContextFilterLogFormatter.m; sourceTree = "<group>"; };
		46AE238BC367720B85805C4B /* TheNewTaskHintView.m */ = {isa = PBXFileReference; fileEncoding = 4; lastKnownFileType = sourcecode.c.objc; path = TheNewTaskHintView.m; sourceTree = "<group>"; };
		46AE238C6900BF71DD5CC7F6 /* MainTableController+TaskOptions.h */ = {isa = PBXFileReference; fileEncoding = 4; lastKnownFileType = sourcecode.c.h; path = "MainTableController+TaskOptions.h"; sourceTree = "<group>"; };
		46AE2396E58522E173A1EAD0 /* UsetActionsHelperViewDelegate.h */ = {isa = PBXFileReference; fileEncoding = 4; lastKnownFileType = sourcecode.c.h; path = UsetActionsHelperViewDelegate.h; sourceTree = "<group>"; };
		46AE23E48B4C3C44ED3CB6AD /* UserActionsHelperView+TaskOptions.m */ = {isa = PBXFileReference; fileEncoding = 4; lastKnownFileType = sourcecode.c.objc; path = "UserActionsHelperView+TaskOptions.m"; sourceTree = "<group>"; };
		46AE24C6C10CFAEB63306270 /* TheNewTaskHintView.h */ = {isa = PBXFileReference; fileEncoding = 4; lastKnownFileType = sourcecode.c.h; path = TheNewTaskHintView.h; sourceTree = "<group>"; };
		46AE24F296E848925495A6A2 /* MainViewConsts.h */ = {isa = PBXFileReference; fileEncoding = 4; lastKnownFileType = sourcecode.c.h; path = MainViewConsts.h; sourceTree = "<group>"; };
		46AE253E528315F9E149FB25 /* CancelHintView.m */ = {isa = PBXFileReference; fileEncoding = 4; lastKnownFileType = sourcecode.c.objc; path = CancelHintView.m; sourceTree = "<group>"; };
		46AE2542CB1C0925D0807B19 /* AnimationsHelper.h */ = {isa = PBXFileReference; fileEncoding = 4; lastKnownFileType = sourcecode.c.h; path = AnimationsHelper.h; sourceTree = "<group>"; };
		46AE25C477706AC32CE54226 /* UserActionsHelperView+TaskOptions.h */ = {isa = PBXFileReference; fileEncoding = 4; lastKnownFileType = sourcecode.c.h; path = "UserActionsHelperView+TaskOptions.h"; sourceTree = "<group>"; };
		46AE25CBE69F25003EC62676 /* UserActionsController.h */ = {isa = PBXFileReference; fileEncoding = 4; lastKnownFileType = sourcecode.c.h; path = UserActionsController.h; sourceTree = "<group>"; };
		46AE25EFB32E6C711250F83A /* STMColors.h */ = {isa = PBXFileReference; fileEncoding = 4; lastKnownFileType = sourcecode.c.h; path = STMColors.h; sourceTree = "<group>"; };
		46AE265CA4766B920707FCCC /* DDAbstractDatabaseLogger.m */ = {isa = PBXFileReference; fileEncoding = 4; lastKnownFileType = sourcecode.c.objc; path = DDAbstractDatabaseLogger.m; sourceTree = "<group>"; };
		46AE266CD5324BFDE33D4FC3 /* MainViewConsts.m */ = {isa = PBXFileReference; fileEncoding = 4; lastKnownFileType = sourcecode.c.objc; path = MainViewConsts.m; sourceTree = "<group>"; };
		46AE267372524B0662E8747A /* TaskOptionsView.m */ = {isa = PBXFileReference; fileEncoding = 4; lastKnownFileType = sourcecode.c.objc; path = TaskOptionsView.m; sourceTree = "<group>"; };
		46AE26790178C8E4EBD9A505 /* ContextFilterLogFormatter.h */ = {isa = PBXFileReference; fileEncoding = 4; lastKnownFileType = sourcecode.c.h; path = ContextFilterLogFormatter.h; sourceTree = "<group>"; };
		46AE26BD3C2DAA306AFD90D2 /* AppMacros.m */ = {isa = PBXFileReference; fileEncoding = 4; lastKnownFileType = sourcecode.c.objc; path = AppMacros.m; sourceTree = "<group>"; };
		46AE26E61D5922E9660495D7 /* DispatchQueueLogFormatter.h */ = {isa = PBXFileReference; fileEncoding = 4; lastKnownFileType = sourcecode.c.h; path = DispatchQueueLogFormatter.h; sourceTree = "<group>"; };
		46AE270E3E55A4B96960E523 /* UserActionsHelperView+TheNewTaskDialogHandling.h */ = {isa = PBXFileReference; fileEncoding = 4; lastKnownFileType = sourcecode.c.h; path = "UserActionsHelperView+TheNewTaskDialogHandling.h"; sourceTree = "<group>"; };
		46AE27266EF5B00C3BC5390D /* UserActionsController.m */ = {isa = PBXFileReference; fileEncoding = 4; lastKnownFileType = sourcecode.c.objc; path = UserActionsController.m; sourceTree = "<group>"; };
		46AE27467224078DA50935BA /* TheNewTaskDialog.m */ = {isa = PBXFileReference; fileEncoding = 4; lastKnownFileType = sourcecode.c.objc; path = TheNewTaskDialog.m; sourceTree = "<group>"; };
		46AE2776C30417C88E1E015E /* DPState.h */ = {isa = PBXFileReference; fileEncoding = 4; lastKnownFileType = sourcecode.c.h; path = DPState.h; sourceTree = "<group>"; };
		46AE27941F8AC26351712371 /* UIView+LayoutConstraints.h */ = {isa = PBXFileReference; fileEncoding = 4; lastKnownFileType = sourcecode.c.h; path = "UIView+LayoutConstraints.h"; sourceTree = "<group>"; };
		46AE27A699D0B2CF2234060A /* MainTableController.m */ = {isa = PBXFileReference; fileEncoding = 4; lastKnownFileType = sourcecode.c.objc; path = MainTableController.m; sourceTree = "<group>"; };
		46AE27C45CCB70E7B2A50D75 /* MainTableController.h */ = {isa = PBXFileReference; fileEncoding = 4; lastKnownFileType = sourcecode.c.h; path = MainTableController.h; sourceTree = "<group>"; };
		46AE27C81E94D75901538190 /* README.txt */ = {isa = PBXFileReference; fileEncoding = 4; lastKnownFileType = text; path = README.txt; sourceTree = "<group>"; };
		46AE27E1E53770C50885AE60 /* UIView+ScreenshootExtension.h */ = {isa = PBXFileReference; fileEncoding = 4; lastKnownFileType = sourcecode.c.h; path = "UIView+ScreenshootExtension.h"; sourceTree = "<group>"; };
		46AE28169C473584C7C5B45F /* CGEstimations.m */ = {isa = PBXFileReference; fileEncoding = 4; lastKnownFileType = sourcecode.c.objc; path = CGEstimations.m; sourceTree = "<group>"; };
		46AE2878C7906F215C11B341 /* UIView+LayoutConstraints.m */ = {isa = PBXFileReference; fileEncoding = 4; lastKnownFileType = sourcecode.c.objc; path = "UIView+LayoutConstraints.m"; sourceTree = "<group>"; };
		46AE2891DC4CE9BAB599DB98 /* TheNewTaskDialog.h */ = {isa = PBXFileReference; fileEncoding = 4; lastKnownFileType = sourcecode.c.h; path = TheNewTaskDialog.h; sourceTree = "<group>"; };
		46AE2899CE3B73F286BDC0D0 /* TaskCompleteButton.h */ = {isa = PBXFileReference; fileEncoding = 4; lastKnownFileType = sourcecode.c.h; path = TaskCompleteButton.h; sourceTree = "<group>"; };
		46AE28A5592332262CB66EC3 /* MiniHintView.m */ = {isa = PBXFileReference; fileEncoding = 4; lastKnownFileType = sourcecode.c.objc; path = MiniHintView.m; sourceTree = "<group>"; };
		46AE28D7536DE85BADDF7FF7 /* ConfirmationHintView.h */ = {isa = PBXFileReference; fileEncoding = 4; lastKnownFileType = sourcecode.c.h; path = ConfirmationHintView.h; sourceTree = "<group>"; };
		46AE28EAB7CD4261F1CA3FF4 /* UserActionsHelperView+Hints.m */ = {isa = PBXFileReference; fileEncoding = 4; lastKnownFileType = sourcecode.c.objc; path = "UserActionsHelperView+Hints.m"; sourceTree = "<group>"; };
		46AE290378A7181609DECFAC /* ResourcesHelper.h */ = {isa = PBXFileReference; fileEncoding = 4; lastKnownFileType = sourcecode.c.h; path = ResourcesHelper.h; sourceTree = "<group>"; };
		46AE294F76D24668D4CF4E2C /* MainTableController+DragAndDrop.m */ = {isa = PBXFileReference; fileEncoding = 4; lastKnownFileType = sourcecode.c.objc; path = "MainTableController+DragAndDrop.m"; sourceTree = "<group>"; };
		46AE29E0FECF86CC376ABDA6 /* DeselectTaskButton.h */ = {isa = PBXFileReference; fileEncoding = 4; lastKnownFileType = sourcecode.c.h; path = DeselectTaskButton.h; sourceTree = "<group>"; };
		46AE29E269BE2A3D19E5F8CF /* UserActionsHelperView.h */ = {isa = PBXFileReference; fileEncoding = 4; lastKnownFileType = sourcecode.c.h; path = UserActionsHelperView.h; sourceTree = "<group>"; };
		46AE2A5F002D336CA353CE73 /* UserActionsHelperView+Constraints.h */ = {isa = PBXFileReference; fileEncoding = 4; lastKnownFileType = sourcecode.c.h; path = "UserActionsHelperView+Constraints.h"; sourceTree = "<group>"; };
		46AE2B28A0FF1C912FC32524 /* UserActionsHelperView+Constraints.m */ = {isa = PBXFileReference; fileEncoding = 4; lastKnownFileType = sourcecode.c.objc; path = "UserActionsHelperView+Constraints.m"; sourceTree = "<group>"; };
		46AE2B2CAE2DE89E8EBF16F4 /* TaskCompleteButton.m */ = {isa = PBXFileReference; fileEncoding = 4; lastKnownFileType = sourcecode.c.objc; path = TaskCompleteButton.m; sourceTree = "<group>"; };
		46AE2B47CAFDDCB7D9C12CB7 /* DBController.m */ = {isa = PBXFileReference; fileEncoding = 4; lastKnownFileType = sourcecode.c.objc; path = DBController.m; sourceTree = "<group>"; };
		46AE2B4CA278B77E07685AEC /* AnimationsHelper.m */ = {isa = PBXFileReference; fileEncoding = 4; lastKnownFileType = sourcecode.c.objc; path = AnimationsHelper.m; sourceTree = "<group>"; };
		46AE2B7DDFC69C1956710CB1 /* DBController.h */ = {isa = PBXFileReference; fileEncoding = 4; lastKnownFileType = sourcecode.c.h; path = DBController.h; sourceTree = "<group>"; };
		46AE2B9406AE7FC8B0542173 /* CancelHintView.h */ = {isa = PBXFileReference; fileEncoding = 4; lastKnownFileType = sourcecode.c.h; path = CancelHintView.h; sourceTree = "<group>"; };
		46AE2B9773476AAB7478F227 /* MainTableController+DragAndDrop.h */ = {isa = PBXFileReference; fileEncoding = 4; lastKnownFileType = sourcecode.c.h; path = "MainTableController+DragAndDrop.h"; sourceTree = "<group>"; };
		46AE2B9D7DD77C680CA21590 /* DragAndDropHandler.h */ = {isa = PBXFileReference; fileEncoding = 4; lastKnownFileType = sourcecode.c.h; path = DragAndDropHandler.h; sourceTree = "<group>"; };
		46AE2BE7D371E23F667CDF8B /* UIView+ScreenshootExtension.m */ = {isa = PBXFileReference; fileEncoding = 4; lastKnownFileType = sourcecode.c.objc; path = "UIView+ScreenshootExtension.m"; sourceTree = "<group>"; };
		46AE2C48C558BF293DA2F257 /* DeselectTaskButton.m */ = {isa = PBXFileReference; fileEncoding = 4; lastKnownFileType = sourcecode.c.objc; path = DeselectTaskButton.m; sourceTree = "<group>"; };
		46AE2C5102BC649B877682E5 /* DDFileLogger.h */ = {isa = PBXFileReference; fileEncoding = 4; lastKnownFileType = sourcecode.c.h; path = DDFileLogger.h; sourceTree = "<group>"; };
		46AE2C76FD9F949669985F67 /* DDTTYLogger.m */ = {isa = PBXFileReference; fileEncoding = 4; lastKnownFileType = sourcecode.c.objc; path = DDTTYLogger.m; sourceTree = "<group>"; };
		46AE2C92747F36475A9CAC8F /* DDAbstractDatabaseLogger.h */ = {isa = PBXFileReference; fileEncoding = 4; lastKnownFileType = sourcecode.c.h; path = DDAbstractDatabaseLogger.h; sourceTree = "<group>"; };
		46AE2CCEA5C2DA274CA74EBD /* DBAccess.h */ = {isa = PBXFileReference; fileEncoding = 4; lastKnownFileType = sourcecode.c.h; path = DBAccess.h; sourceTree = "<group>"; };
		46AE2D72188505ABE135A015 /* STMColors.m */ = {isa = PBXFileReference; fileEncoding = 4; lastKnownFileType = sourcecode.c.objc; path = STMColors.m; sourceTree = "<group>"; };
		46AE2D79C0CC5F96056529D3 /* ResourcesHelper.m */ = {isa = PBXFileReference; fileEncoding = 4; lastKnownFileType = sourcecode.c.objc; path = ResourcesHelper.m; sourceTree = "<group>"; };
		46AE2DDC84F3D49BDF480F09 /* DispatchQueueLogFormatter.m */ = {isa = PBXFileReference; fileEncoding = 4; lastKnownFileType = sourcecode.c.objc; path = DispatchQueueLogFormatter.m; sourceTree = "<group>"; };
		46AE2E08FC8F8130C452D6B0 /* WindowHelper.m */ = {isa = PBXFileReference; fileEncoding = 4; lastKnownFileType = sourcecode.c.objc; path = WindowHelper.m; sourceTree = "<group>"; };
		46AE2E29179ECFBA021E47AC /* DBAccess.m */ = {isa = PBXFileReference; fileEncoding = 4; lastKnownFileType = sourcecode.c.objc; path = DBAccess.m; sourceTree = "<group>"; };
		46AE2E631B2AA753182DD123 /* DDLog.m */ = {isa = PBXFileReference; fileEncoding = 4; lastKnownFileType = sourcecode.c.objc; path = DDLog.m; sourceTree = "<group>"; };
		46AE2EA06173CDB0B09AE1AC /* UserActionsHelperView+TheNewTaskDialogHandling.m */ = {isa = PBXFileReference; fileEncoding = 4; lastKnownFileType = sourcecode.c.objc; path = "UserActionsHelperView+TheNewTaskDialogHandling.m"; sourceTree = "<group>"; };
		46AE2EAA806AAC6671007634 /* LICENSE.txt */ = {isa = PBXFileReference; fileEncoding = 4; lastKnownFileType = text; path = LICENSE.txt; sourceTree = "<group>"; };
		46AE2EE72A8BB57FC2AD1C4E /* TaskOptionsView.h */ = {isa = PBXFileReference; fileEncoding = 4; lastKnownFileType = sourcecode.c.h; path = TaskOptionsView.h; sourceTree = "<group>"; };
		46AE2F6D810EECB17E24B67E /* DDASLLogger.h */ = {isa = PBXFileReference; fileEncoding = 4; lastKnownFileType = sourcecode.c.h; path = DDASLLogger.h; sourceTree = "<group>"; };
		46AE2F793D2FC0CD9E6484DA /* AppMacros.h */ = {isa = PBXFileReference; fileEncoding = 4; lastKnownFileType = sourcecode.c.h; path = AppMacros.h; sourceTree = "<group>"; };
		46AE2FE512E06F60583C608B /* DDASLLogger.m */ = {isa = PBXFileReference; fileEncoding = 4; lastKnownFileType = sourcecode.c.objc; path = DDASLLogger.m; sourceTree = "<group>"; };
		EA34DA5218CD493B0042CDA9 /* SimpleTaskManager.xcdatamodel */ = {isa = PBXFileReference; lastKnownFileType = wrapper.xcdatamodel; path = SimpleTaskManager.xcdatamodel; sourceTree = "<group>"; };
		EA3D0E0618CB6B9C00CB333E /* SimpleTaskManager.app */ = {isa = PBXFileReference; explicitFileType = wrapper.application; includeInIndex = 0; path = SimpleTaskManager.app; sourceTree = BUILT_PRODUCTS_DIR; };
		EA3D0E0918CB6B9C00CB333E /* Foundation.framework */ = {isa = PBXFileReference; lastKnownFileType = wrapper.framework; name = Foundation.framework; path = System/Library/Frameworks/Foundation.framework; sourceTree = SDKROOT; };
		EA3D0E0B18CB6B9C00CB333E /* CoreGraphics.framework */ = {isa = PBXFileReference; lastKnownFileType = wrapper.framework; name = CoreGraphics.framework; path = System/Library/Frameworks/CoreGraphics.framework; sourceTree = SDKROOT; };
		EA3D0E0D18CB6B9C00CB333E /* UIKit.framework */ = {isa = PBXFileReference; lastKnownFileType = wrapper.framework; name = UIKit.framework; path = System/Library/Frameworks/UIKit.framework; sourceTree = SDKROOT; };
		EA3D0E0F18CB6B9C00CB333E /* CoreData.framework */ = {isa = PBXFileReference; lastKnownFileType = wrapper.framework; name = CoreData.framework; path = System/Library/Frameworks/CoreData.framework; sourceTree = SDKROOT; };
		EA3D0E1318CB6B9C00CB333E /* SimpleTaskManager-Info.plist */ = {isa = PBXFileReference; lastKnownFileType = text.plist.xml; path = "SimpleTaskManager-Info.plist"; sourceTree = "<group>"; };
		EA3D0E1518CB6B9C00CB333E /* en */ = {isa = PBXFileReference; lastKnownFileType = text.plist.strings; name = en; path = en.lproj/InfoPlist.strings; sourceTree = "<group>"; };
		EA3D0E1718CB6B9C00CB333E /* main.m */ = {isa = PBXFileReference; lastKnownFileType = sourcecode.c.objc; path = main.m; sourceTree = "<group>"; };
		EA3D0E1918CB6B9C00CB333E /* SimpleTaskManager-Prefix.pch */ = {isa = PBXFileReference; lastKnownFileType = sourcecode.c.h; path = "SimpleTaskManager-Prefix.pch"; sourceTree = "<group>"; };
		EA3D0E1A18CB6B9C00CB333E /* AppDelegate.h */ = {isa = PBXFileReference; lastKnownFileType = sourcecode.c.h; path = AppDelegate.h; sourceTree = "<group>"; };
		EA3D0E1B18CB6B9C00CB333E /* AppDelegate.m */ = {isa = PBXFileReference; lastKnownFileType = sourcecode.c.objc; path = AppDelegate.m; sourceTree = "<group>"; };
		EA3D0E2018CB6B9C00CB333E /* Images.xcassets */ = {isa = PBXFileReference; lastKnownFileType = folder.assetcatalog; path = Images.xcassets; sourceTree = "<group>"; };
		EA3D0E2618CB6B9C00CB333E /* SimpleTaskManagerTests.xctest */ = {isa = PBXFileReference; explicitFileType = wrapper.cfbundle; includeInIndex = 0; path = SimpleTaskManagerTests.xctest; sourceTree = BUILT_PRODUCTS_DIR; };
		EA3D0E2718CB6B9C00CB333E /* XCTest.framework */ = {isa = PBXFileReference; lastKnownFileType = wrapper.framework; name = XCTest.framework; path = Library/Frameworks/XCTest.framework; sourceTree = DEVELOPER_DIR; };
		EA3D0E3018CB6B9C00CB333E /* SimpleTaskManagerTests-Info.plist */ = {isa = PBXFileReference; lastKnownFileType = text.plist.xml; path = "SimpleTaskManagerTests-Info.plist"; sourceTree = "<group>"; };
		EA3D0E3218CB6B9C00CB333E /* en */ = {isa = PBXFileReference; lastKnownFileType = text.plist.strings; name = en; path = en.lproj/InfoPlist.strings; sourceTree = "<group>"; };
		EA3D0E3418CB6B9C00CB333E /* SimpleTaskManagerTests.m */ = {isa = PBXFileReference; lastKnownFileType = sourcecode.c.objc; path = SimpleTaskManagerTests.m; sourceTree = "<group>"; };
		EA3D0ED718CBBBF100CB333E /* MainViewController.h */ = {isa = PBXFileReference; fileEncoding = 4; lastKnownFileType = sourcecode.c.h; path = MainViewController.h; sourceTree = "<group>"; };
		EA3D0ED818CBBBF100CB333E /* MainViewController.m */ = {isa = PBXFileReference; fileEncoding = 4; lastKnownFileType = sourcecode.c.objc; path = MainViewController.m; sourceTree = "<group>"; };
		EA3D0EDA18CBBC6A00CB333E /* Main_iPhone.storyboard */ = {isa = PBXFileReference; fileEncoding = 4; lastKnownFileType = file.storyboard; path = Main_iPhone.storyboard; sourceTree = "<group>"; };
		EA3D0EDC18CBBC8C00CB333E /* Main_iPad.storyboard */ = {isa = PBXFileReference; fileEncoding = 4; lastKnownFileType = file.storyboard; path = Main_iPad.storyboard; sourceTree = "<group>"; };
		EA5CE6B918CD2A2000573CE8 /* STMTask.h */ = {isa = PBXFileReference; fileEncoding = 4; lastKnownFileType = sourcecode.c.h; path = STMTask.h; sourceTree = "<group>"; };
		EA5CE6BA18CD2A2000573CE8 /* STMTask.m */ = {isa = PBXFileReference; fileEncoding = 4; lastKnownFileType = sourcecode.c.objc; path = STMTask.m; sourceTree = "<group>"; };
		EA675FFE18D1109700E24C49 /* MainView.h */ = {isa = PBXFileReference; fileEncoding = 4; lastKnownFileType = sourcecode.c.h; path = MainView.h; sourceTree = "<group>"; };
		EA675FFF18D1109700E24C49 /* MainView.m */ = {isa = PBXFileReference; fileEncoding = 4; lastKnownFileType = sourcecode.c.objc; path = MainView.m; sourceTree = "<group>"; };
		EAE3DBC518D5F21A004F6A29 /* image_checked_checkbox_64x64.png */ = {isa = PBXFileReference; lastKnownFileType = image.png; name = image_checked_checkbox_64x64.png; path = img/image_checked_checkbox_64x64.png; sourceTree = "<group>"; };
		EAE3DBC618D5F21A004F6A29 /* image_checked_checkbox_64x64@2x.png */ = {isa = PBXFileReference; lastKnownFileType = image.png; name = "image_checked_checkbox_64x64@2x.png"; path = "img/image_checked_checkbox_64x64@2x.png"; sourceTree = "<group>"; };
/* End PBXFileReference section */

/* Begin PBXFrameworksBuildPhase section */
		EA3D0E0318CB6B9C00CB333E /* Frameworks */ = {
			isa = PBXFrameworksBuildPhase;
			buildActionMask = 2147483647;
			files = (
				EA3D0E0C18CB6B9C00CB333E /* CoreGraphics.framework in Frameworks */,
				EA3D0E1018CB6B9C00CB333E /* CoreData.framework in Frameworks */,
				EA3D0E0E18CB6B9C00CB333E /* UIKit.framework in Frameworks */,
				EA3D0E0A18CB6B9C00CB333E /* Foundation.framework in Frameworks */,
			);
			runOnlyForDeploymentPostprocessing = 0;
		};
		EA3D0E2318CB6B9C00CB333E /* Frameworks */ = {
			isa = PBXFrameworksBuildPhase;
			buildActionMask = 2147483647;
			files = (
				EA3D0E2818CB6B9C00CB333E /* XCTest.framework in Frameworks */,
				EA3D0E2B18CB6B9C00CB333E /* CoreData.framework in Frameworks */,
				EA3D0E2A18CB6B9C00CB333E /* UIKit.framework in Frameworks */,
				EA3D0E2918CB6B9C00CB333E /* Foundation.framework in Frameworks */,
			);
			runOnlyForDeploymentPostprocessing = 0;
		};
/* End PBXFrameworksBuildPhase section */

/* Begin PBXGroup section */
		46AE2098E77DB6A31A0F5F68 /* Resources */ = {
			isa = PBXGroup;
			children = (
				EAE3DBC518D5F21A004F6A29 /* image_checked_checkbox_64x64.png */,
				EAE3DBC618D5F21A004F6A29 /* image_checked_checkbox_64x64@2x.png */,
			);
			path = Resources;
			sourceTree = "<group>";
		};
		46AE20A67C09E1C4F83C4183 /* Common */ = {
			isa = PBXGroup;
			children = (
				46AE2776C30417C88E1E015E /* DPState.h */,
			);
			path = Common;
			sourceTree = "<group>";
		};
		46AE21D5336FEF90DEE47386 /* TaskOptions */ = {
			isa = PBXGroup;
			children = (
				46AE267372524B0662E8747A /* TaskOptionsView.m */,
				46AE2EE72A8BB57FC2AD1C4E /* TaskOptionsView.h */,
				46AE2034040ABF2D7A6BA4BE /* TaskOptionsDelegate.h */,
				46AE2C48C558BF293DA2F257 /* DeselectTaskButton.m */,
				46AE2B2CAE2DE89E8EBF16F4 /* TaskCompleteButton.m */,
				46AE29E0FECF86CC376ABDA6 /* DeselectTaskButton.h */,
				46AE2899CE3B73F286BDC0D0 /* TaskCompleteButton.h */,
			);
			path = TaskOptions;
			sourceTree = "<group>";
		};
		46AE220B489E0A36441C38FA /* Controller */ = {
			isa = PBXGroup;
			children = (
				46AE25CBE69F25003EC62676 /* UserActionsController.h */,
				46AE27266EF5B00C3BC5390D /* UserActionsController.m */,
			);
			path = Controller;
			sourceTree = "<group>";
		};
		46AE24976387D84990ED76CA /* Protocols */ = {
			isa = PBXGroup;
			children = (
				46AE2396E58522E173A1EAD0 /* UsetActionsHelperViewDelegate.h */,
				46AE2064A6AF77809CBDA055 /* UserActionHelperControllerDelegagate.h */,
			);
			path = Protocols;
			sourceTree = "<group>";
		};
		46AE2533F9B07B8005FE4E0C /* Common */ = {
			isa = PBXGroup;
			children = (
				46AE2D72188505ABE135A015 /* STMColors.m */,
				46AE25EFB32E6C711250F83A /* STMColors.h */,
			);
			path = Common;
			sourceTree = "<group>";
		};
		46AE25BE3D7562F4680EAD0E /* Extensions */ = {
			isa = PBXGroup;
			children = (
				46AE27C81E94D75901538190 /* README.txt */,
				46AE26790178C8E4EBD9A505 /* ContextFilterLogFormatter.h */,
				46AE22ECD2D1C47A1FD3CD1E /* ContextFilterLogFormatter.m */,
				46AE26E61D5922E9660495D7 /* DispatchQueueLogFormatter.h */,
				46AE2DDC84F3D49BDF480F09 /* DispatchQueueLogFormatter.m */,
			);
			path = Extensions;
			sourceTree = "<group>";
		};
		46AE260E0E2BD8A6E7162D32 /* View */ = {
			isa = PBXGroup;
			children = (
				46AE270E3E55A4B96960E523 /* UserActionsHelperView+TheNewTaskDialogHandling.h */,
				46AE28EAB7CD4261F1CA3FF4 /* UserActionsHelperView+Hints.m */,
				46AE23E48B4C3C44ED3CB6AD /* UserActionsHelperView+TaskOptions.m */,
				46AE2B28A0FF1C912FC32524 /* UserActionsHelperView+Constraints.m */,
				46AE2EA06173CDB0B09AE1AC /* UserActionsHelperView+TheNewTaskDialogHandling.m */,
				46AE210CFDC4FE88CF442F8B /* UserActionsHelperView.m */,
				46AE2A5F002D336CA353CE73 /* UserActionsHelperView+Constraints.h */,
				46AE22133BB9C8C6312BAA68 /* UserActionsHelperView+Hints.h */,
				46AE29E269BE2A3D19E5F8CF /* UserActionsHelperView.h */,
				46AE25C477706AC32CE54226 /* UserActionsHelperView+TaskOptions.h */,
				46AE2C0992AD30E0543A17B8 /* SubViews */,
			);
			path = View;
			sourceTree = "<group>";
		};
		46AE26526DD261DC853DC386 /* Categories */ = {
			isa = PBXGroup;
			children = (
				46AE2878C7906F215C11B341 /* UIView+LayoutConstraints.m */,
				46AE27941F8AC26351712371 /* UIView+LayoutConstraints.h */,
				46AE27E1E53770C50885AE60 /* UIView+ScreenshootExtension.h */,
				46AE2BE7D371E23F667CDF8B /* UIView+ScreenshootExtension.m */,
			);
			path = Categories;
			sourceTree = "<group>";
		};
		46AE274E1592D16279894771 /* MainView */ = {
			isa = PBXGroup;
			children = (
				EA3D0ED718CBBBF100CB333E /* MainViewController.h */,
				EA3D0ED818CBBBF100CB333E /* MainViewController.m */,
				EA3D0EDA18CBBC6A00CB333E /* Main_iPhone.storyboard */,
				EA3D0EDC18CBBC8C00CB333E /* Main_iPad.storyboard */,
				EA675FFE18D1109700E24C49 /* MainView.h */,
				EA675FFF18D1109700E24C49 /* MainView.m */,
				46AE266CD5324BFDE33D4FC3 /* MainViewConsts.m */,
				46AE24F296E848925495A6A2 /* MainViewConsts.h */,
				46AE284DB9830DC1AC8345C5 /* UserActions */,
				46AE2C88549F0FE9D940BC38 /* Protocols */,
				46AE2E2179B9AC5CCA66CCFE /* MainTable */,
				46AE2C484822486DED97332C /* D&D */,
			);
			path = MainView;
			sourceTree = "<group>";
		};
		46AE27D48751AB2E90203B60 /* CustomUI */ = {
			isa = PBXGroup;
			children = (
				46AE28A5592332262CB66EC3 /* MiniHintView.m */,
				46AE202FABC21C396A111026 /* MiniHintView.h */,
			);
			path = CustomUI;
			sourceTree = "<group>";
		};
		46AE284DB9830DC1AC8345C5 /* UserActions */ = {
			isa = PBXGroup;
			children = (
				46AE220B489E0A36441C38FA /* Controller */,
				46AE260E0E2BD8A6E7162D32 /* View */,
				46AE24976387D84990ED76CA /* Protocols */,
				46AE20A67C09E1C4F83C4183 /* Common */,
			);
			path = UserActions;
			sourceTree = "<group>";
		};
		46AE2A2584C7D4A112AAE88A /* TheNewTask */ = {
			isa = PBXGroup;
			children = (
				46AE27467224078DA50935BA /* TheNewTaskDialog.m */,
				46AE2891DC4CE9BAB599DB98 /* TheNewTaskDialog.h */,
				46AE24C6C10CFAEB63306270 /* TheNewTaskHintView.h */,
				46AE238BC367720B85805C4B /* TheNewTaskHintView.m */,
				46AE253E528315F9E149FB25 /* CancelHintView.m */,
				46AE2B9406AE7FC8B0542173 /* CancelHintView.h */,
				46AE28D7536DE85BADDF7FF7 /* ConfirmationHintView.h */,
				46AE2225B9BBA0C7FFAD4111 /* ConfirmationHintView.m */,
			);
			path = TheNewTask;
			sourceTree = "<group>";
		};
		46AE2ACD875439BC8EC35270 /* Helpers */ = {
			isa = PBXGroup;
			children = (
				46AE2B4CA278B77E07685AEC /* AnimationsHelper.m */,
				46AE2542CB1C0925D0807B19 /* AnimationsHelper.h */,
				46AE26BD3C2DAA306AFD90D2 /* AppMacros.m */,
				46AE2F793D2FC0CD9E6484DA /* AppMacros.h */,
				46AE28169C473584C7C5B45F /* CGEstimations.m */,
				46AE20A9055962495CAAC61F /* CGEstimations.h */,
				46AE2D79C0CC5F96056529D3 /* ResourcesHelper.m */,
				46AE290378A7181609DECFAC /* ResourcesHelper.h */,
				46AE2E08FC8F8130C452D6B0 /* WindowHelper.m */,
				46AE221659985B4C18DB4C92 /* WindowHelper.h */,
			);
			path = Helpers;
			sourceTree = "<group>";
		};
		46AE2C0992AD30E0543A17B8 /* SubViews */ = {
			isa = PBXGroup;
			children = (
				46AE21D5336FEF90DEE47386 /* TaskOptions */,
				46AE2A2584C7D4A112AAE88A /* TheNewTask */,
			);
			path = SubViews;
			sourceTree = "<group>";
		};
		46AE2C43A3EEE0C556F8C552 /* Lumberjack */ = {
			isa = PBXGroup;
			children = (
				46AE22CB58FB49DD429B1816 /* DDLog.h */,
				46AE2E631B2AA753182DD123 /* DDLog.m */,
				46AE25BE3D7562F4680EAD0E /* Extensions */,
				46AE2EAA806AAC6671007634 /* LICENSE.txt */,
				46AE2F6D810EECB17E24B67E /* DDASLLogger.h */,
				46AE2FE512E06F60583C608B /* DDASLLogger.m */,
				46AE213846FBC49661E8DD72 /* DDTTYLogger.h */,
				46AE2C76FD9F949669985F67 /* DDTTYLogger.m */,
				46AE2C5102BC649B877682E5 /* DDFileLogger.h */,
				46AE200C40F76326A469B578 /* DDFileLogger.m */,
				46AE2C92747F36475A9CAC8F /* DDAbstractDatabaseLogger.h */,
				46AE265CA4766B920707FCCC /* DDAbstractDatabaseLogger.m */,
			);
			path = Lumberjack;
			sourceTree = "<group>";
		};
		46AE2C484822486DED97332C /* D&D */ = {
			isa = PBXGroup;
			children = (
				46AE2B9D7DD77C680CA21590 /* DragAndDropHandler.h */,
				46AE2056FE4232163EB25DD5 /* DragAndDropHandler.m */,
			);
			path = "D&D";
			sourceTree = "<group>";
		};
		46AE2C88549F0FE9D940BC38 /* Protocols */ = {
			isa = PBXGroup;
			children = (
				46AE222B601D6276546DD898 /* MainTableControllerDelegate.h */,
			);
			path = Protocols;
			sourceTree = "<group>";
		};
		46AE2D620750E088082C4DFC /* Model */ = {
			isa = PBXGroup;
			children = (
				EA34DA5118CD493B0042CDA9 /* SimpleTaskManager.xcdatamodeld */,
			);
			path = Model;
			sourceTree = "<group>";
		};
		46AE2E2179B9AC5CCA66CCFE /* MainTable */ = {
			isa = PBXGroup;
			children = (
				46AE27A699D0B2CF2234060A /* MainTableController.m */,
				46AE27C45CCB70E7B2A50D75 /* MainTableController.h */,
				46AE209242ED6749464AA6AF /* MainTableController+TaskOptions.m */,
				46AE238C6900BF71DD5CC7F6 /* MainTableController+TaskOptions.h */,
				46AE294F76D24668D4CF4E2C /* MainTableController+DragAndDrop.m */,
				46AE2B9773476AAB7478F227 /* MainTableController+DragAndDrop.h */,
			);
			path = MainTable;
			sourceTree = "<group>";
		};
		46AE2F76EE2F072DA99C03F9 /* Database */ = {
			isa = PBXGroup;
			children = (
				EA5CE6B918CD2A2000573CE8 /* STMTask.h */,
				EA5CE6BA18CD2A2000573CE8 /* STMTask.m */,
				46AE2B47CAFDDCB7D9C12CB7 /* DBController.m */,
				46AE2B7DDFC69C1956710CB1 /* DBController.h */,
				46AE2E29179ECFBA021E47AC /* DBAccess.m */,
				46AE2CCEA5C2DA274CA74EBD /* DBAccess.h */,
				46AE2D620750E088082C4DFC /* Model */,
			);
			path = Database;
			sourceTree = "<group>";
		};
		EA3D0DFD18CB6B9B00CB333E = {
			isa = PBXGroup;
			children = (
				EA3D0E1118CB6B9C00CB333E /* SimpleTaskManager */,
				EA3D0E2E18CB6B9C00CB333E /* SimpleTaskManagerTests */,
				EA3D0E0818CB6B9C00CB333E /* Frameworks */,
				EA3D0E0718CB6B9C00CB333E /* Products */,
				46AE2C43A3EEE0C556F8C552 /* Lumberjack */,
			);
			sourceTree = "<group>";
		};
		EA3D0E0718CB6B9C00CB333E /* Products */ = {
			isa = PBXGroup;
			children = (
				EA3D0E0618CB6B9C00CB333E /* SimpleTaskManager.app */,
				EA3D0E2618CB6B9C00CB333E /* SimpleTaskManagerTests.xctest */,
			);
			name = Products;
			sourceTree = "<group>";
		};
		EA3D0E0818CB6B9C00CB333E /* Frameworks */ = {
			isa = PBXGroup;
			children = (
				EA3D0E0918CB6B9C00CB333E /* Foundation.framework */,
				EA3D0E0B18CB6B9C00CB333E /* CoreGraphics.framework */,
				EA3D0E0D18CB6B9C00CB333E /* UIKit.framework */,
				EA3D0E0F18CB6B9C00CB333E /* CoreData.framework */,
				EA3D0E2718CB6B9C00CB333E /* XCTest.framework */,
			);
			name = Frameworks;
			sourceTree = "<group>";
		};
		EA3D0E1118CB6B9C00CB333E /* SimpleTaskManager */ = {
			isa = PBXGroup;
			children = (
				EA3D0E1A18CB6B9C00CB333E /* AppDelegate.h */,
				EA3D0E1B18CB6B9C00CB333E /* AppDelegate.m */,
				EA3D0E2018CB6B9C00CB333E /* Images.xcassets */,
				EA3D0E1218CB6B9C00CB333E /* Supporting Files */,
				46AE274E1592D16279894771 /* MainView */,
				46AE2ACD875439BC8EC35270 /* Helpers */,
				46AE2F76EE2F072DA99C03F9 /* Database */,
				46AE2098E77DB6A31A0F5F68 /* Resources */,
				46AE2533F9B07B8005FE4E0C /* Common */,
				46AE26526DD261DC853DC386 /* Categories */,
				46AE27D48751AB2E90203B60 /* CustomUI */,
			);
			path = SimpleTaskManager;
			sourceTree = "<group>";
		};
		EA3D0E1218CB6B9C00CB333E /* Supporting Files */ = {
			isa = PBXGroup;
			children = (
				EA3D0E1318CB6B9C00CB333E /* SimpleTaskManager-Info.plist */,
				EA3D0E1418CB6B9C00CB333E /* InfoPlist.strings */,
				EA3D0E1718CB6B9C00CB333E /* main.m */,
				EA3D0E1918CB6B9C00CB333E /* SimpleTaskManager-Prefix.pch */,
			);
			name = "Supporting Files";
			sourceTree = "<group>";
		};
		EA3D0E2E18CB6B9C00CB333E /* SimpleTaskManagerTests */ = {
			isa = PBXGroup;
			children = (
				EA3D0E3418CB6B9C00CB333E /* SimpleTaskManagerTests.m */,
				EA3D0E2F18CB6B9C00CB333E /* Supporting Files */,
			);
			path = SimpleTaskManagerTests;
			sourceTree = "<group>";
		};
		EA3D0E2F18CB6B9C00CB333E /* Supporting Files */ = {
			isa = PBXGroup;
			children = (
				EA3D0E3018CB6B9C00CB333E /* SimpleTaskManagerTests-Info.plist */,
				EA3D0E3118CB6B9C00CB333E /* InfoPlist.strings */,
			);
			name = "Supporting Files";
			sourceTree = "<group>";
		};
/* End PBXGroup section */

/* Begin PBXNativeTarget section */
		EA3D0E0518CB6B9C00CB333E /* SimpleTaskManager */ = {
			isa = PBXNativeTarget;
			buildConfigurationList = EA3D0E3818CB6B9C00CB333E /* Build configuration list for PBXNativeTarget "SimpleTaskManager" */;
			buildPhases = (
				EA3D0E0218CB6B9C00CB333E /* Sources */,
				EA3D0E0318CB6B9C00CB333E /* Frameworks */,
				EA3D0E0418CB6B9C00CB333E /* Resources */,
			);
			buildRules = (
			);
			dependencies = (
			);
			name = SimpleTaskManager;
			productName = SimpleTaskManager;
			productReference = EA3D0E0618CB6B9C00CB333E /* SimpleTaskManager.app */;
			productType = "com.apple.product-type.application";
		};
		EA3D0E2518CB6B9C00CB333E /* SimpleTaskManagerTests */ = {
			isa = PBXNativeTarget;
			buildConfigurationList = EA3D0E3B18CB6B9C00CB333E /* Build configuration list for PBXNativeTarget "SimpleTaskManagerTests" */;
			buildPhases = (
				EA3D0E2218CB6B9C00CB333E /* Sources */,
				EA3D0E2318CB6B9C00CB333E /* Frameworks */,
				EA3D0E2418CB6B9C00CB333E /* Resources */,
			);
			buildRules = (
			);
			dependencies = (
				EA3D0E2D18CB6B9C00CB333E /* PBXTargetDependency */,
			);
			name = SimpleTaskManagerTests;
			productName = SimpleTaskManagerTests;
			productReference = EA3D0E2618CB6B9C00CB333E /* SimpleTaskManagerTests.xctest */;
			productType = "com.apple.product-type.bundle.unit-test";
		};
/* End PBXNativeTarget section */

/* Begin PBXProject section */
		EA3D0DFE18CB6B9B00CB333E /* Project object */ = {
			isa = PBXProject;
			attributes = {
				LastUpgradeCheck = 0510;
				ORGANIZATIONNAME = Tomato;
				TargetAttributes = {
					EA3D0E2518CB6B9C00CB333E = {
						TestTargetID = EA3D0E0518CB6B9C00CB333E;
					};
				};
			};
			buildConfigurationList = EA3D0E0118CB6B9B00CB333E /* Build configuration list for PBXProject "SimpleTaskManager" */;
			compatibilityVersion = "Xcode 3.2";
			developmentRegion = English;
			hasScannedForEncodings = 0;
			knownRegions = (
				en,
			);
			mainGroup = EA3D0DFD18CB6B9B00CB333E;
			productRefGroup = EA3D0E0718CB6B9C00CB333E /* Products */;
			projectDirPath = "";
			projectRoot = "";
			targets = (
				EA3D0E0518CB6B9C00CB333E /* SimpleTaskManager */,
				EA3D0E2518CB6B9C00CB333E /* SimpleTaskManagerTests */,
			);
		};
/* End PBXProject section */

/* Begin PBXResourcesBuildPhase section */
		EA3D0E0418CB6B9C00CB333E /* Resources */ = {
			isa = PBXResourcesBuildPhase;
			buildActionMask = 2147483647;
			files = (
				EAE3DBC718D5F21A004F6A29 /* image_checked_checkbox_64x64.png in Resources */,
				EA3D0E1618CB6B9C00CB333E /* InfoPlist.strings in Resources */,
				EAE3DBC818D5F21A004F6A29 /* image_checked_checkbox_64x64@2x.png in Resources */,
				EA3D0EDD18CBBC8C00CB333E /* Main_iPad.storyboard in Resources */,
				EA3D0E2118CB6B9C00CB333E /* Images.xcassets in Resources */,
				EA3D0EDB18CBBC6A00CB333E /* Main_iPhone.storyboard in Resources */,
				46AE2B562B65AB1357EA2957 /* README.txt in Resources */,
				46AE2CD0DE25667724420D3F /* LICENSE.txt in Resources */,
			);
			runOnlyForDeploymentPostprocessing = 0;
		};
		EA3D0E2418CB6B9C00CB333E /* Resources */ = {
			isa = PBXResourcesBuildPhase;
			buildActionMask = 2147483647;
			files = (
				EA3D0E3318CB6B9C00CB333E /* InfoPlist.strings in Resources */,
			);
			runOnlyForDeploymentPostprocessing = 0;
		};
/* End PBXResourcesBuildPhase section */

/* Begin PBXSourcesBuildPhase section */
		EA3D0E0218CB6B9C00CB333E /* Sources */ = {
			isa = PBXSourcesBuildPhase;
			buildActionMask = 2147483647;
			files = (
				EA67600018D1109700E24C49 /* MainView.m in Sources */,
				EA3D0E1C18CB6B9C00CB333E /* AppDelegate.m in Sources */,
				EA3D0E1818CB6B9C00CB333E /* main.m in Sources */,
				EA3D0ED918CBBBF100CB333E /* MainViewController.m in Sources */,
				46AE2AB8AD5EA5BBB140E095 /* AnimationsHelper.m in Sources */,
				46AE2AC529074E58F60813D7 /* DBController.m in Sources */,
				46AE2928588C378D457A0861 /* DBAccess.m in Sources */,
				46AE2FFDE8E4408F6147B21C /* AppMacros.m in Sources */,
				46AE2ACBDC30AC492BBB68C4 /* DDLog.m in Sources */,
				46AE2C6E29A61028A98292D6 /* ContextFilterLogFormatter.m in Sources */,
				46AE22663A7440C2240CFD78 /* DispatchQueueLogFormatter.m in Sources */,
				EA5CE6BB18CD2A2000573CE8 /* STMTask.m in Sources */,
				46AE2778B30FF66F82F8BF4E /* DDASLLogger.m in Sources */,
				46AE2619ABF5A338D4017D5D /* DDTTYLogger.m in Sources */,
				46AE2531981D3E9147CB01C8 /* DDFileLogger.m in Sources */,
				EA34DA5318CD493B0042CDA9 /* SimpleTaskManager.xcdatamodeld in Sources */,
				46AE24F4BC01F9E8A9901AEB /* DDAbstractDatabaseLogger.m in Sources */,
				46AE24F2049689BF0F3D3346 /* STMColors.m in Sources */,
				46AE210F07A69C6B77D7D4A2 /* MainViewConsts.m in Sources */,
				46AE2728683C82118BF8233D /* UIView+LayoutConstraints.m in Sources */,
				46AE212FD05EAEE66E043BF6 /* CGEstimations.m in Sources */,
				46AE2562AA9F4FC145D9444B /* UIView+ScreenshootExtension.m in Sources */,
				46AE2F68CB07A3B2DF9EEB75 /* MainTableController.m in Sources */,
				46AE241970CAC024B90B630A /* DragAndDropHandler.m in Sources */,
				46AE29F9B6C5C6A1D7C66BA5 /* MainTableController+TaskOptions.m in Sources */,
				46AE282EFABFD1D9C5C8C72E /* MainTableController+DragAndDrop.m in Sources */,
				46AE217F35A32A2BE807D154 /* ResourcesHelper.m in Sources */,
				46AE2DD6B6147E651DA20928 /* WindowHelper.m in Sources */,
				46AE207C145CBD40F94A6B59 /* UserActionsController.m in Sources */,
				46AE205EC530F9F14C1BA3FD /* UserActionsHelperView+Hints.m in Sources */,
				46AE2F67C4120FFDF4C343FC /* UserActionsHelperView+TaskOptions.m in Sources */,
				46AE23F624CCC1078FC3C787 /* UserActionsHelperView+Constraints.m in Sources */,
				46AE266D02E094064C9EB900 /* UserActionsHelperView+TheNewTaskDialogHandling.m in Sources */,
				46AE2A06EFA0E30DD529EDDB /* UserActionsHelperView.m in Sources */,
				46AE25C60C3BC10BC458F9CD /* MiniHintView.m in Sources */,
				46AE2D96C3338FB23F4327DE /* TaskOptionsView.m in Sources */,
				46AE224DA24CBB432CEEEC9E /* TheNewTaskDialog.m in Sources */,
				46AE2D85B384BCEA77951622 /* TheNewTaskHintView.m in Sources */,
				46AE2FDFE6F62883D90C5047 /* CancelHintView.m in Sources */,
				46AE2668AA385D714FEF09FE /* ConfirmationHintView.m in Sources */,
				46AE2537A2072C9C38C45D3D /* DeselectTaskButton.m in Sources */,
				46AE23A0C3C70C6A10DE8BF1 /* TaskCompleteButton.m in Sources */,
			);
			runOnlyForDeploymentPostprocessing = 0;
		};
		EA3D0E2218CB6B9C00CB333E /* Sources */ = {
			isa = PBXSourcesBuildPhase;
			buildActionMask = 2147483647;
			files = (
				EA3D0E3518CB6B9C00CB333E /* SimpleTaskManagerTests.m in Sources */,
			);
			runOnlyForDeploymentPostprocessing = 0;
		};
/* End PBXSourcesBuildPhase section */

/* Begin PBXTargetDependency section */
		EA3D0E2D18CB6B9C00CB333E /* PBXTargetDependency */ = {
			isa = PBXTargetDependency;
			target = EA3D0E0518CB6B9C00CB333E /* SimpleTaskManager */;
			targetProxy = EA3D0E2C18CB6B9C00CB333E /* PBXContainerItemProxy */;
		};
/* End PBXTargetDependency section */

/* Begin PBXVariantGroup section */
		EA3D0E1418CB6B9C00CB333E /* InfoPlist.strings */ = {
			isa = PBXVariantGroup;
			children = (
				EA3D0E1518CB6B9C00CB333E /* en */,
			);
			name = InfoPlist.strings;
			sourceTree = "<group>";
		};
		EA3D0E3118CB6B9C00CB333E /* InfoPlist.strings */ = {
			isa = PBXVariantGroup;
			children = (
				EA3D0E3218CB6B9C00CB333E /* en */,
			);
			name = InfoPlist.strings;
			sourceTree = "<group>";
		};
/* End PBXVariantGroup section */

/* Begin XCBuildConfiguration section */
		EA3D0E3618CB6B9C00CB333E /* Debug */ = {
			isa = XCBuildConfiguration;
			buildSettings = {
				ALWAYS_SEARCH_USER_PATHS = NO;
				CLANG_CXX_LANGUAGE_STANDARD = "gnu++0x";
				CLANG_CXX_LIBRARY = "libc++";
				CLANG_ENABLE_MODULES = YES;
				CLANG_ENABLE_OBJC_ARC = YES;
				CLANG_WARN_BOOL_CONVERSION = YES;
				CLANG_WARN_CONSTANT_CONVERSION = YES;
				CLANG_WARN_DIRECT_OBJC_ISA_USAGE = YES_ERROR;
				CLANG_WARN_EMPTY_BODY = YES;
				CLANG_WARN_ENUM_CONVERSION = YES;
				CLANG_WARN_INT_CONVERSION = YES;
				CLANG_WARN_OBJC_ROOT_CLASS = YES_ERROR;
				CLANG_WARN__DUPLICATE_METHOD_MATCH = YES;
				"CODE_SIGN_IDENTITY[sdk=iphoneos*]" = "iPhone Developer";
				COPY_PHASE_STRIP = NO;
				GCC_C_LANGUAGE_STANDARD = gnu99;
				GCC_DYNAMIC_NO_PIC = NO;
				GCC_OPTIMIZATION_LEVEL = 0;
				GCC_PREPROCESSOR_DEFINITIONS = (
					"DEBUG=1",
					"$(inherited)",
				);
				GCC_SYMBOLS_PRIVATE_EXTERN = NO;
				GCC_WARN_64_TO_32_BIT_CONVERSION = YES;
				GCC_WARN_ABOUT_RETURN_TYPE = YES_ERROR;
				GCC_WARN_UNDECLARED_SELECTOR = YES;
				GCC_WARN_UNINITIALIZED_AUTOS = YES;
				GCC_WARN_UNUSED_FUNCTION = YES;
				GCC_WARN_UNUSED_VARIABLE = YES;
				IPHONEOS_DEPLOYMENT_TARGET = 7.0;
				ONLY_ACTIVE_ARCH = YES;
				SDKROOT = iphoneos;
				TARGETED_DEVICE_FAMILY = "1,2";
			};
			name = Debug;
		};
		EA3D0E3718CB6B9C00CB333E /* Release */ = {
			isa = XCBuildConfiguration;
			buildSettings = {
				ALWAYS_SEARCH_USER_PATHS = NO;
				CLANG_CXX_LANGUAGE_STANDARD = "gnu++0x";
				CLANG_CXX_LIBRARY = "libc++";
				CLANG_ENABLE_MODULES = YES;
				CLANG_ENABLE_OBJC_ARC = YES;
				CLANG_WARN_BOOL_CONVERSION = YES;
				CLANG_WARN_CONSTANT_CONVERSION = YES;
				CLANG_WARN_DIRECT_OBJC_ISA_USAGE = YES_ERROR;
				CLANG_WARN_EMPTY_BODY = YES;
				CLANG_WARN_ENUM_CONVERSION = YES;
				CLANG_WARN_INT_CONVERSION = YES;
				CLANG_WARN_OBJC_ROOT_CLASS = YES_ERROR;
				CLANG_WARN__DUPLICATE_METHOD_MATCH = YES;
				"CODE_SIGN_IDENTITY[sdk=iphoneos*]" = "iPhone Developer";
				COPY_PHASE_STRIP = YES;
				ENABLE_NS_ASSERTIONS = NO;
				GCC_C_LANGUAGE_STANDARD = gnu99;
				GCC_WARN_64_TO_32_BIT_CONVERSION = YES;
				GCC_WARN_ABOUT_RETURN_TYPE = YES_ERROR;
				GCC_WARN_UNDECLARED_SELECTOR = YES;
				GCC_WARN_UNINITIALIZED_AUTOS = YES;
				GCC_WARN_UNUSED_FUNCTION = YES;
				GCC_WARN_UNUSED_VARIABLE = YES;
				IPHONEOS_DEPLOYMENT_TARGET = 7.0;
				SDKROOT = iphoneos;
				TARGETED_DEVICE_FAMILY = "1,2";
				VALIDATE_PRODUCT = YES;
			};
			name = Release;
		};
		EA3D0E3918CB6B9C00CB333E /* Debug */ = {
			isa = XCBuildConfiguration;
			buildSettings = {
				ASSETCATALOG_COMPILER_APPICON_NAME = AppIcon;
				ASSETCATALOG_COMPILER_LAUNCHIMAGE_NAME = LaunchImage;
				GCC_PRECOMPILE_PREFIX_HEADER = YES;
				GCC_PREFIX_HEADER = "SimpleTaskManager/SimpleTaskManager-Prefix.pch";
				INFOPLIST_FILE = "SimpleTaskManager/SimpleTaskManager-Info.plist";
				PRODUCT_NAME = "$(TARGET_NAME)";
				WRAPPER_EXTENSION = app;
			};
			name = Debug;
		};
		EA3D0E3A18CB6B9C00CB333E /* Release */ = {
			isa = XCBuildConfiguration;
			buildSettings = {
				ASSETCATALOG_COMPILER_APPICON_NAME = AppIcon;
				ASSETCATALOG_COMPILER_LAUNCHIMAGE_NAME = LaunchImage;
				GCC_PRECOMPILE_PREFIX_HEADER = YES;
				GCC_PREFIX_HEADER = "SimpleTaskManager/SimpleTaskManager-Prefix.pch";
				INFOPLIST_FILE = "SimpleTaskManager/SimpleTaskManager-Info.plist";
				PRODUCT_NAME = "$(TARGET_NAME)";
				WRAPPER_EXTENSION = app;
			};
			name = Release;
		};
		EA3D0E3C18CB6B9C00CB333E /* Debug */ = {
			isa = XCBuildConfiguration;
			buildSettings = {
				BUNDLE_LOADER = "$(BUILT_PRODUCTS_DIR)/SimpleTaskManager.app/SimpleTaskManager";
				FRAMEWORK_SEARCH_PATHS = (
					"$(SDKROOT)/Developer/Library/Frameworks",
					"$(inherited)",
					"$(DEVELOPER_FRAMEWORKS_DIR)",
				);
				GCC_PRECOMPILE_PREFIX_HEADER = YES;
				GCC_PREFIX_HEADER = "SimpleTaskManager/SimpleTaskManager-Prefix.pch";
				GCC_PREPROCESSOR_DEFINITIONS = (
					"DEBUG=1",
					"$(inherited)",
				);
				INFOPLIST_FILE = "SimpleTaskManagerTests/SimpleTaskManagerTests-Info.plist";
				PRODUCT_NAME = "$(TARGET_NAME)";
				TEST_HOST = "$(BUNDLE_LOADER)";
				WRAPPER_EXTENSION = xctest;
			};
			name = Debug;
		};
		EA3D0E3D18CB6B9C00CB333E /* Release */ = {
			isa = XCBuildConfiguration;
			buildSettings = {
				BUNDLE_LOADER = "$(BUILT_PRODUCTS_DIR)/SimpleTaskManager.app/SimpleTaskManager";
				FRAMEWORK_SEARCH_PATHS = (
					"$(SDKROOT)/Developer/Library/Frameworks",
					"$(inherited)",
					"$(DEVELOPER_FRAMEWORKS_DIR)",
				);
				GCC_PRECOMPILE_PREFIX_HEADER = YES;
				GCC_PREFIX_HEADER = "SimpleTaskManager/SimpleTaskManager-Prefix.pch";
				INFOPLIST_FILE = "SimpleTaskManagerTests/SimpleTaskManagerTests-Info.plist";
				PRODUCT_NAME = "$(TARGET_NAME)";
				TEST_HOST = "$(BUNDLE_LOADER)";
				WRAPPER_EXTENSION = xctest;
			};
			name = Release;
		};
/* End XCBuildConfiguration section */

/* Begin XCConfigurationList section */
		EA3D0E0118CB6B9B00CB333E /* Build configuration list for PBXProject "SimpleTaskManager" */ = {
			isa = XCConfigurationList;
			buildConfigurations = (
				EA3D0E3618CB6B9C00CB333E /* Debug */,
				EA3D0E3718CB6B9C00CB333E /* Release */,
			);
			defaultConfigurationIsVisible = 0;
			defaultConfigurationName = Release;
		};
		EA3D0E3818CB6B9C00CB333E /* Build configuration list for PBXNativeTarget "SimpleTaskManager" */ = {
			isa = XCConfigurationList;
			buildConfigurations = (
				EA3D0E3918CB6B9C00CB333E /* Debug */,
				EA3D0E3A18CB6B9C00CB333E /* Release */,
			);
			defaultConfigurationIsVisible = 0;
			defaultConfigurationName = Release;
		};
		EA3D0E3B18CB6B9C00CB333E /* Build configuration list for PBXNativeTarget "SimpleTaskManagerTests" */ = {
			isa = XCConfigurationList;
			buildConfigurations = (
				EA3D0E3C18CB6B9C00CB333E /* Debug */,
				EA3D0E3D18CB6B9C00CB333E /* Release */,
			);
			defaultConfigurationIsVisible = 0;
			defaultConfigurationName = Release;
		};
/* End XCConfigurationList section */

/* Begin XCVersionGroup section */
		EA34DA5118CD493B0042CDA9 /* SimpleTaskManager.xcdatamodeld */ = {
			isa = XCVersionGroup;
			children = (
				EA34DA5218CD493B0042CDA9 /* SimpleTaskManager.xcdatamodel */,
			);
			currentVersion = EA34DA5218CD493B0042CDA9 /* SimpleTaskManager.xcdatamodel */;
			path = SimpleTaskManager.xcdatamodeld;
			sourceTree = "<group>";
			versionGroupType = wrapper.xcdatamodel;
		};
/* End XCVersionGroup section */
	};
	rootObject = EA3D0DFE18CB6B9B00CB333E /* Project object */;
}
