// !$*UTF8*$!
{
	archiveVersion = 1;
	classes = {
	};
	objectVersion = 46;
	objects = {

/* Begin PBXBuildFile section */
		46AE210F07A69C6B77D7D4A2 /* MainViewConsts.m in Sources */ = {isa = PBXBuildFile; fileRef = 46AE266CD5324BFDE33D4FC3 /* MainViewConsts.m */; };
		46AE212FD05EAEE66E043BF6 /* CGEstimations.m in Sources */ = {isa = PBXBuildFile; fileRef = 46AE28169C473584C7C5B45F /* CGEstimations.m */; };
		46AE22663A7440C2240CFD78 /* DispatchQueueLogFormatter.m in Sources */ = {isa = PBXBuildFile; fileRef = 46AE2DDC84F3D49BDF480F09 /* DispatchQueueLogFormatter.m */; };
		46AE235C088774BA4A5C68CD /* DPView.m in Sources */ = {isa = PBXBuildFile; fileRef = 46AE28DFB223931A9B603FFC /* DPView.m */; };
		46AE24F2049689BF0F3D3346 /* STMColors.m in Sources */ = {isa = PBXBuildFile; fileRef = 46AE2D72188505ABE135A015 /* STMColors.m */; };
		46AE24F4BC01F9E8A9901AEB /* DDAbstractDatabaseLogger.m in Sources */ = {isa = PBXBuildFile; fileRef = 46AE265CA4766B920707FCCC /* DDAbstractDatabaseLogger.m */; };
		46AE2531981D3E9147CB01C8 /* DDFileLogger.m in Sources */ = {isa = PBXBuildFile; fileRef = 46AE200C40F76326A469B578 /* DDFileLogger.m */; };
		46AE2619ABF5A338D4017D5D /* DDTTYLogger.m in Sources */ = {isa = PBXBuildFile; fileRef = 46AE2C76FD9F949669985F67 /* DDTTYLogger.m */; };
		46AE2728683C82118BF8233D /* UIView+LayoutConstraints.m in Sources */ = {isa = PBXBuildFile; fileRef = 46AE2878C7906F215C11B341 /* UIView+LayoutConstraints.m */; };
		46AE2778B30FF66F82F8BF4E /* DDASLLogger.m in Sources */ = {isa = PBXBuildFile; fileRef = 46AE2FE512E06F60583C608B /* DDASLLogger.m */; };
		46AE27C7FA2936DF1ECA27B2 /* MainTableController.m in Sources */ = {isa = PBXBuildFile; fileRef = 46AE2E0685B7ADA22AC3BF2B /* MainTableController.m */; };
		46AE2928588C378D457A0861 /* DBAccess.m in Sources */ = {isa = PBXBuildFile; fileRef = 46AE2E29179ECFBA021E47AC /* DBAccess.m */; };
		46AE2A3C25C84309996F6356 /* AddTaskView.m in Sources */ = {isa = PBXBuildFile; fileRef = 46AE21E6788FAE78CD97C37B /* AddTaskView.m */; };
		46AE2A596EEDD69DE676B581 /* DPView+TheNewTaskDialogHandling.m in Sources */ = {isa = PBXBuildFile; fileRef = 46AE29A9D7AC1F8AAD4FBA14 /* DPView+TheNewTaskDialogHandling.m */; };
		46AE2AB8AD5EA5BBB140E095 /* AnimationsHelper.m in Sources */ = {isa = PBXBuildFile; fileRef = 46AE2B4CA278B77E07685AEC /* AnimationsHelper.m */; };
		46AE2AC529074E58F60813D7 /* DBController.m in Sources */ = {isa = PBXBuildFile; fileRef = 46AE2B47CAFDDCB7D9C12CB7 /* DBController.m */; };
		46AE2ACBDC30AC492BBB68C4 /* DDLog.m in Sources */ = {isa = PBXBuildFile; fileRef = 46AE2E631B2AA753182DD123 /* DDLog.m */; };
		46AE2B562B65AB1357EA2957 /* README.txt in Resources */ = {isa = PBXBuildFile; fileRef = 46AE27C81E94D75901538190 /* README.txt */; };
		46AE2B7D8691D0A4684BD40E /* DPView+Constraints.m in Sources */ = {isa = PBXBuildFile; fileRef = 46AE284979FE2B2F8F8123B1 /* DPView+Constraints.m */; };
		46AE2C6E29A61028A98292D6 /* ContextFilterLogFormatter.m in Sources */ = {isa = PBXBuildFile; fileRef = 46AE22ECD2D1C47A1FD3CD1E /* ContextFilterLogFormatter.m */; };
		46AE2CD0DE25667724420D3F /* LICENSE.txt in Resources */ = {isa = PBXBuildFile; fileRef = 46AE2EAA806AAC6671007634 /* LICENSE.txt */; };
		46AE2FFDE8E4408F6147B21C /* AppMacros.m in Sources */ = {isa = PBXBuildFile; fileRef = 46AE26BD3C2DAA306AFD90D2 /* AppMacros.m */; };
		EA34DA5318CD493B0042CDA9 /* SimpleTaskManager.xcdatamodeld in Sources */ = {isa = PBXBuildFile; fileRef = EA34DA5118CD493B0042CDA9 /* SimpleTaskManager.xcdatamodeld */; };
		EA3D0E0A18CB6B9C00CB333E /* Foundation.framework in Frameworks */ = {isa = PBXBuildFile; fileRef = EA3D0E0918CB6B9C00CB333E /* Foundation.framework */; };
		EA3D0E0C18CB6B9C00CB333E /* CoreGraphics.framework in Frameworks */ = {isa = PBXBuildFile; fileRef = EA3D0E0B18CB6B9C00CB333E /* CoreGraphics.framework */; };
		EA3D0E0E18CB6B9C00CB333E /* UIKit.framework in Frameworks */ = {isa = PBXBuildFile; fileRef = EA3D0E0D18CB6B9C00CB333E /* UIKit.framework */; };
		EA3D0E1018CB6B9C00CB333E /* CoreData.framework in Frameworks */ = {isa = PBXBuildFile; fileRef = EA3D0E0F18CB6B9C00CB333E /* CoreData.framework */; };
		EA3D0E1618CB6B9C00CB333E /* InfoPlist.strings in Resources */ = {isa = PBXBuildFile; fileRef = EA3D0E1418CB6B9C00CB333E /* InfoPlist.strings */; };
		EA3D0E1818CB6B9C00CB333E /* main.m in Sources */ = {isa = PBXBuildFile; fileRef = EA3D0E1718CB6B9C00CB333E /* main.m */; };
		EA3D0E1C18CB6B9C00CB333E /* AppDelegate.m in Sources */ = {isa = PBXBuildFile; fileRef = EA3D0E1B18CB6B9C00CB333E /* AppDelegate.m */; };
		EA3D0E2118CB6B9C00CB333E /* Images.xcassets in Resources */ = {isa = PBXBuildFile; fileRef = EA3D0E2018CB6B9C00CB333E /* Images.xcassets */; };
		EA3D0E2818CB6B9C00CB333E /* XCTest.framework in Frameworks */ = {isa = PBXBuildFile; fileRef = EA3D0E2718CB6B9C00CB333E /* XCTest.framework */; };
		EA3D0E2918CB6B9C00CB333E /* Foundation.framework in Frameworks */ = {isa = PBXBuildFile; fileRef = EA3D0E0918CB6B9C00CB333E /* Foundation.framework */; };
		EA3D0E2A18CB6B9C00CB333E /* UIKit.framework in Frameworks */ = {isa = PBXBuildFile; fileRef = EA3D0E0D18CB6B9C00CB333E /* UIKit.framework */; };
		EA3D0E2B18CB6B9C00CB333E /* CoreData.framework in Frameworks */ = {isa = PBXBuildFile; fileRef = EA3D0E0F18CB6B9C00CB333E /* CoreData.framework */; };
		EA3D0E3318CB6B9C00CB333E /* InfoPlist.strings in Resources */ = {isa = PBXBuildFile; fileRef = EA3D0E3118CB6B9C00CB333E /* InfoPlist.strings */; };
		EA3D0E3518CB6B9C00CB333E /* SimpleTaskManagerTests.m in Sources */ = {isa = PBXBuildFile; fileRef = EA3D0E3418CB6B9C00CB333E /* SimpleTaskManagerTests.m */; };
		EA3D0ED918CBBBF100CB333E /* MainViewController.m in Sources */ = {isa = PBXBuildFile; fileRef = EA3D0ED818CBBBF100CB333E /* MainViewController.m */; };
		EA3D0EDB18CBBC6A00CB333E /* Main_iPhone.storyboard in Resources */ = {isa = PBXBuildFile; fileRef = EA3D0EDA18CBBC6A00CB333E /* Main_iPhone.storyboard */; };
		EA3D0EDD18CBBC8C00CB333E /* Main_iPad.storyboard in Resources */ = {isa = PBXBuildFile; fileRef = EA3D0EDC18CBBC8C00CB333E /* Main_iPad.storyboard */; };
		EA5CE6BB18CD2A2000573CE8 /* STMTask.m in Sources */ = {isa = PBXBuildFile; fileRef = EA5CE6BA18CD2A2000573CE8 /* STMTask.m */; };
		EA67600018D1109700E24C49 /* MainView.m in Sources */ = {isa = PBXBuildFile; fileRef = EA675FFF18D1109700E24C49 /* MainView.m */; };
/* End PBXBuildFile section */

/* Begin PBXContainerItemProxy section */
		EA3D0E2C18CB6B9C00CB333E /* PBXContainerItemProxy */ = {
			isa = PBXContainerItemProxy;
			containerPortal = EA3D0DFE18CB6B9B00CB333E /* Project object */;
			proxyType = 1;
			remoteGlobalIDString = EA3D0E0518CB6B9C00CB333E;
			remoteInfo = SimpleTaskManager;
		};
/* End PBXContainerItemProxy section */

/* Begin PBXFileReference section */
		46AE200C40F76326A469B578 /* DDFileLogger.m */ = {isa = PBXFileReference; fileEncoding = 4; lastKnownFileType = sourcecode.c.objc; path = DDFileLogger.m; sourceTree = "<group>"; };
		46AE203BCD21F982E498C3DD /* DPView+TheNewTaskDialogHandling.h */ = {isa = PBXFileReference; fileEncoding = 4; lastKnownFileType = sourcecode.c.h; path = "DPView+TheNewTaskDialogHandling.h"; sourceTree = "<group>"; };
		46AE20A9055962495CAAC61F /* CGEstimations.h */ = {isa = PBXFileReference; fileEncoding = 4; lastKnownFileType = sourcecode.c.h; path = CGEstimations.h; sourceTree = "<group>"; };
		46AE213846FBC49661E8DD72 /* DDTTYLogger.h */ = {isa = PBXFileReference; fileEncoding = 4; lastKnownFileType = sourcecode.c.h; path = DDTTYLogger.h; sourceTree = "<group>"; };
		46AE217E90C20F3DA7E93EE5 /* AddTaskView.h */ = {isa = PBXFileReference; fileEncoding = 4; lastKnownFileType = sourcecode.c.h; path = AddTaskView.h; sourceTree = "<group>"; };
		46AE21E6788FAE78CD97C37B /* AddTaskView.m */ = {isa = PBXFileReference; fileEncoding = 4; lastKnownFileType = sourcecode.c.objc; path = AddTaskView.m; sourceTree = "<group>"; };
		46AE22CB58FB49DD429B1816 /* DDLog.h */ = {isa = PBXFileReference; fileEncoding = 4; lastKnownFileType = sourcecode.c.h; path = DDLog.h; sourceTree = "<group>"; };
		46AE22ECD2D1C47A1FD3CD1E /* ContextFilterLogFormatter.m */ = {isa = PBXFileReference; fileEncoding = 4; lastKnownFileType = sourcecode.c.objc; path = ContextFilterLogFormatter.m; sourceTree = "<group>"; };
		46AE231FF5EEB3D62D70E034 /* MainTableController.h */ = {isa = PBXFileReference; fileEncoding = 4; lastKnownFileType = sourcecode.c.h; path = MainTableController.h; sourceTree = "<group>"; };
		46AE24F296E848925495A6A2 /* MainViewConsts.h */ = {isa = PBXFileReference; fileEncoding = 4; lastKnownFileType = sourcecode.c.h; path = MainViewConsts.h; sourceTree = "<group>"; };
		46AE2542CB1C0925D0807B19 /* AnimationsHelper.h */ = {isa = PBXFileReference; fileEncoding = 4; lastKnownFileType = sourcecode.c.h; path = AnimationsHelper.h; sourceTree = "<group>"; };
		46AE25EFB32E6C711250F83A /* STMColors.h */ = {isa = PBXFileReference; fileEncoding = 4; lastKnownFileType = sourcecode.c.h; path = STMColors.h; sourceTree = "<group>"; };
		46AE265CA4766B920707FCCC /* DDAbstractDatabaseLogger.m */ = {isa = PBXFileReference; fileEncoding = 4; lastKnownFileType = sourcecode.c.objc; path = DDAbstractDatabaseLogger.m; sourceTree = "<group>"; };
		46AE266CD5324BFDE33D4FC3 /* MainViewConsts.m */ = {isa = PBXFileReference; fileEncoding = 4; lastKnownFileType = sourcecode.c.objc; path = MainViewConsts.m; sourceTree = "<group>"; };
		46AE26790178C8E4EBD9A505 /* ContextFilterLogFormatter.h */ = {isa = PBXFileReference; fileEncoding = 4; lastKnownFileType = sourcecode.c.h; path = ContextFilterLogFormatter.h; sourceTree = "<group>"; };
		46AE26BD3C2DAA306AFD90D2 /* AppMacros.m */ = {isa = PBXFileReference; fileEncoding = 4; lastKnownFileType = sourcecode.c.objc; path = AppMacros.m; sourceTree = "<group>"; };
		46AE26E61D5922E9660495D7 /* DispatchQueueLogFormatter.h */ = {isa = PBXFileReference; fileEncoding = 4; lastKnownFileType = sourcecode.c.h; path = DispatchQueueLogFormatter.h; sourceTree = "<group>"; };
		46AE27941F8AC26351712371 /* UIView+LayoutConstraints.h */ = {isa = PBXFileReference; fileEncoding = 4; lastKnownFileType = sourcecode.c.h; path = "UIView+LayoutConstraints.h"; sourceTree = "<group>"; };
		46AE27C81E94D75901538190 /* README.txt */ = {isa = PBXFileReference; fileEncoding = 4; lastKnownFileType = text; path = README.txt; sourceTree = "<group>"; };
		46AE28169C473584C7C5B45F /* CGEstimations.m */ = {isa = PBXFileReference; fileEncoding = 4; lastKnownFileType = sourcecode.c.objc; path = CGEstimations.m; sourceTree = "<group>"; };
		46AE284979FE2B2F8F8123B1 /* DPView+Constraints.m */ = {isa = PBXFileReference; fileEncoding = 4; lastKnownFileType = sourcecode.c.objc; path = "DPView+Constraints.m"; sourceTree = "<group>"; };
		46AE2878C7906F215C11B341 /* UIView+LayoutConstraints.m */ = {isa = PBXFileReference; fileEncoding = 4; lastKnownFileType = sourcecode.c.objc; path = "UIView+LayoutConstraints.m"; sourceTree = "<group>"; };
		46AE28DFB223931A9B603FFC /* DPView.m */ = {isa = PBXFileReference; fileEncoding = 4; lastKnownFileType = sourcecode.c.objc; path = DPView.m; sourceTree = "<group>"; };
		46AE29A9D7AC1F8AAD4FBA14 /* DPView+TheNewTaskDialogHandling.m */ = {isa = PBXFileReference; fileEncoding = 4; lastKnownFileType = sourcecode.c.objc; path = "DPView+TheNewTaskDialogHandling.m"; sourceTree = "<group>"; };
		46AE2B47CAFDDCB7D9C12CB7 /* DBController.m */ = {isa = PBXFileReference; fileEncoding = 4; lastKnownFileType = sourcecode.c.objc; path = DBController.m; sourceTree = "<group>"; };
		46AE2B4CA278B77E07685AEC /* AnimationsHelper.m */ = {isa = PBXFileReference; fileEncoding = 4; lastKnownFileType = sourcecode.c.objc; path = AnimationsHelper.m; sourceTree = "<group>"; };
		46AE2B7DDFC69C1956710CB1 /* DBController.h */ = {isa = PBXFileReference; fileEncoding = 4; lastKnownFileType = sourcecode.c.h; path = DBController.h; sourceTree = "<group>"; };
		46AE2BA23DB7E200723369EA /* DPView.h */ = {isa = PBXFileReference; fileEncoding = 4; lastKnownFileType = sourcecode.c.h; path = DPView.h; sourceTree = "<group>"; };
		46AE2C5102BC649B877682E5 /* DDFileLogger.h */ = {isa = PBXFileReference; fileEncoding = 4; lastKnownFileType = sourcecode.c.h; path = DDFileLogger.h; sourceTree = "<group>"; };
		46AE2C76FD9F949669985F67 /* DDTTYLogger.m */ = {isa = PBXFileReference; fileEncoding = 4; lastKnownFileType = sourcecode.c.objc; path = DDTTYLogger.m; sourceTree = "<group>"; };
		46AE2C92747F36475A9CAC8F /* DDAbstractDatabaseLogger.h */ = {isa = PBXFileReference; fileEncoding = 4; lastKnownFileType = sourcecode.c.h; path = DDAbstractDatabaseLogger.h; sourceTree = "<group>"; };
		46AE2CCEA5C2DA274CA74EBD /* DBAccess.h */ = {isa = PBXFileReference; fileEncoding = 4; lastKnownFileType = sourcecode.c.h; path = DBAccess.h; sourceTree = "<group>"; };
		46AE2D72188505ABE135A015 /* STMColors.m */ = {isa = PBXFileReference; fileEncoding = 4; lastKnownFileType = sourcecode.c.objc; path = STMColors.m; sourceTree = "<group>"; };
		46AE2DB7E7B1A5094795041B /* DPView+Constraints.h */ = {isa = PBXFileReference; fileEncoding = 4; lastKnownFileType = sourcecode.c.h; path = "DPView+Constraints.h"; sourceTree = "<group>"; };
		46AE2DDC84F3D49BDF480F09 /* DispatchQueueLogFormatter.m */ = {isa = PBXFileReference; fileEncoding = 4; lastKnownFileType = sourcecode.c.objc; path = DispatchQueueLogFormatter.m; sourceTree = "<group>"; };
		46AE2E0685B7ADA22AC3BF2B /* MainTableController.m */ = {isa = PBXFileReference; fileEncoding = 4; lastKnownFileType = sourcecode.c.objc; path = MainTableController.m; sourceTree = "<group>"; };
		46AE2E29179ECFBA021E47AC /* DBAccess.m */ = {isa = PBXFileReference; fileEncoding = 4; lastKnownFileType = sourcecode.c.objc; path = DBAccess.m; sourceTree = "<group>"; };
		46AE2E631B2AA753182DD123 /* DDLog.m */ = {isa = PBXFileReference; fileEncoding = 4; lastKnownFileType = sourcecode.c.objc; path = DDLog.m; sourceTree = "<group>"; };
		46AE2EAA806AAC6671007634 /* LICENSE.txt */ = {isa = PBXFileReference; fileEncoding = 4; lastKnownFileType = text; path = LICENSE.txt; sourceTree = "<group>"; };
		46AE2EAFE9FB149868713A48 /* DPState.h */ = {isa = PBXFileReference; fileEncoding = 4; lastKnownFileType = sourcecode.c.h; path = DPState.h; sourceTree = "<group>"; };
		46AE2F6D810EECB17E24B67E /* DDASLLogger.h */ = {isa = PBXFileReference; fileEncoding = 4; lastKnownFileType = sourcecode.c.h; path = DDASLLogger.h; sourceTree = "<group>"; };
		46AE2F793D2FC0CD9E6484DA /* AppMacros.h */ = {isa = PBXFileReference; fileEncoding = 4; lastKnownFileType = sourcecode.c.h; path = AppMacros.h; sourceTree = "<group>"; };
		46AE2FE512E06F60583C608B /* DDASLLogger.m */ = {isa = PBXFileReference; fileEncoding = 4; lastKnownFileType = sourcecode.c.objc; path = DDASLLogger.m; sourceTree = "<group>"; };
		EA34DA5218CD493B0042CDA9 /* SimpleTaskManager.xcdatamodel */ = {isa = PBXFileReference; lastKnownFileType = wrapper.xcdatamodel; path = SimpleTaskManager.xcdatamodel; sourceTree = "<group>"; };
		EA3D0E0618CB6B9C00CB333E /* SimpleTaskManager.app */ = {isa = PBXFileReference; explicitFileType = wrapper.application; includeInIndex = 0; path = SimpleTaskManager.app; sourceTree = BUILT_PRODUCTS_DIR; };
		EA3D0E0918CB6B9C00CB333E /* Foundation.framework */ = {isa = PBXFileReference; lastKnownFileType = wrapper.framework; name = Foundation.framework; path = System/Library/Frameworks/Foundation.framework; sourceTree = SDKROOT; };
		EA3D0E0B18CB6B9C00CB333E /* CoreGraphics.framework */ = {isa = PBXFileReference; lastKnownFileType = wrapper.framework; name = CoreGraphics.framework; path = System/Library/Frameworks/CoreGraphics.framework; sourceTree = SDKROOT; };
		EA3D0E0D18CB6B9C00CB333E /* UIKit.framework */ = {isa = PBXFileReference; lastKnownFileType = wrapper.framework; name = UIKit.framework; path = System/Library/Frameworks/UIKit.framework; sourceTree = SDKROOT; };
		EA3D0E0F18CB6B9C00CB333E /* CoreData.framework */ = {isa = PBXFileReference; lastKnownFileType = wrapper.framework; name = CoreData.framework; path = System/Library/Frameworks/CoreData.framework; sourceTree = SDKROOT; };
		EA3D0E1318CB6B9C00CB333E /* SimpleTaskManager-Info.plist */ = {isa = PBXFileReference; lastKnownFileType = text.plist.xml; path = "SimpleTaskManager-Info.plist"; sourceTree = "<group>"; };
		EA3D0E1518CB6B9C00CB333E /* en */ = {isa = PBXFileReference; lastKnownFileType = text.plist.strings; name = en; path = en.lproj/InfoPlist.strings; sourceTree = "<group>"; };
		EA3D0E1718CB6B9C00CB333E /* main.m */ = {isa = PBXFileReference; lastKnownFileType = sourcecode.c.objc; path = main.m; sourceTree = "<group>"; };
		EA3D0E1918CB6B9C00CB333E /* SimpleTaskManager-Prefix.pch */ = {isa = PBXFileReference; lastKnownFileType = sourcecode.c.h; path = "SimpleTaskManager-Prefix.pch"; sourceTree = "<group>"; };
		EA3D0E1A18CB6B9C00CB333E /* AppDelegate.h */ = {isa = PBXFileReference; lastKnownFileType = sourcecode.c.h; path = AppDelegate.h; sourceTree = "<group>"; };
		EA3D0E1B18CB6B9C00CB333E /* AppDelegate.m */ = {isa = PBXFileReference; lastKnownFileType = sourcecode.c.objc; path = AppDelegate.m; sourceTree = "<group>"; };
		EA3D0E2018CB6B9C00CB333E /* Images.xcassets */ = {isa = PBXFileReference; lastKnownFileType = folder.assetcatalog; path = Images.xcassets; sourceTree = "<group>"; };
		EA3D0E2618CB6B9C00CB333E /* SimpleTaskManagerTests.xctest */ = {isa = PBXFileReference; explicitFileType = wrapper.cfbundle; includeInIndex = 0; path = SimpleTaskManagerTests.xctest; sourceTree = BUILT_PRODUCTS_DIR; };
		EA3D0E2718CB6B9C00CB333E /* XCTest.framework */ = {isa = PBXFileReference; lastKnownFileType = wrapper.framework; name = XCTest.framework; path = Library/Frameworks/XCTest.framework; sourceTree = DEVELOPER_DIR; };
		EA3D0E3018CB6B9C00CB333E /* SimpleTaskManagerTests-Info.plist */ = {isa = PBXFileReference; lastKnownFileType = text.plist.xml; path = "SimpleTaskManagerTests-Info.plist"; sourceTree = "<group>"; };
		EA3D0E3218CB6B9C00CB333E /* en */ = {isa = PBXFileReference; lastKnownFileType = text.plist.strings; name = en; path = en.lproj/InfoPlist.strings; sourceTree = "<group>"; };
		EA3D0E3418CB6B9C00CB333E /* SimpleTaskManagerTests.m */ = {isa = PBXFileReference; lastKnownFileType = sourcecode.c.objc; path = SimpleTaskManagerTests.m; sourceTree = "<group>"; };
		EA3D0ED718CBBBF100CB333E /* MainViewController.h */ = {isa = PBXFileReference; fileEncoding = 4; lastKnownFileType = sourcecode.c.h; path = MainViewController.h; sourceTree = "<group>"; };
		EA3D0ED818CBBBF100CB333E /* MainViewController.m */ = {isa = PBXFileReference; fileEncoding = 4; lastKnownFileType = sourcecode.c.objc; path = MainViewController.m; sourceTree = "<group>"; };
		EA3D0EDA18CBBC6A00CB333E /* Main_iPhone.storyboard */ = {isa = PBXFileReference; fileEncoding = 4; lastKnownFileType = file.storyboard; path = Main_iPhone.storyboard; sourceTree = "<group>"; };
		EA3D0EDC18CBBC8C00CB333E /* Main_iPad.storyboard */ = {isa = PBXFileReference; fileEncoding = 4; lastKnownFileType = file.storyboard; path = Main_iPad.storyboard; sourceTree = "<group>"; };
		EA5CE6B918CD2A2000573CE8 /* STMTask.h */ = {isa = PBXFileReference; fileEncoding = 4; lastKnownFileType = sourcecode.c.h; path = STMTask.h; sourceTree = "<group>"; };
		EA5CE6BA18CD2A2000573CE8 /* STMTask.m */ = {isa = PBXFileReference; fileEncoding = 4; lastKnownFileType = sourcecode.c.objc; path = STMTask.m; sourceTree = "<group>"; };
		EA675FFE18D1109700E24C49 /* MainView.h */ = {isa = PBXFileReference; fileEncoding = 4; lastKnownFileType = sourcecode.c.h; path = MainView.h; sourceTree = "<group>"; };
		EA675FFF18D1109700E24C49 /* MainView.m */ = {isa = PBXFileReference; fileEncoding = 4; lastKnownFileType = sourcecode.c.objc; path = MainView.m; sourceTree = "<group>"; };
/* End PBXFileReference section */

/* Begin PBXFrameworksBuildPhase section */
		EA3D0E0318CB6B9C00CB333E /* Frameworks */ = {
			isa = PBXFrameworksBuildPhase;
			buildActionMask = 2147483647;
			files = (
				EA3D0E0C18CB6B9C00CB333E /* CoreGraphics.framework in Frameworks */,
				EA3D0E1018CB6B9C00CB333E /* CoreData.framework in Frameworks */,
				EA3D0E0E18CB6B9C00CB333E /* UIKit.framework in Frameworks */,
				EA3D0E0A18CB6B9C00CB333E /* Foundation.framework in Frameworks */,
			);
			runOnlyForDeploymentPostprocessing = 0;
		};
		EA3D0E2318CB6B9C00CB333E /* Frameworks */ = {
			isa = PBXFrameworksBuildPhase;
			buildActionMask = 2147483647;
			files = (
				EA3D0E2818CB6B9C00CB333E /* XCTest.framework in Frameworks */,
				EA3D0E2B18CB6B9C00CB333E /* CoreData.framework in Frameworks */,
				EA3D0E2A18CB6B9C00CB333E /* UIKit.framework in Frameworks */,
				EA3D0E2918CB6B9C00CB333E /* Foundation.framework in Frameworks */,
			);
			runOnlyForDeploymentPostprocessing = 0;
		};
/* End PBXFrameworksBuildPhase section */

/* Begin PBXGroup section */
		46AE2098E77DB6A31A0F5F68 /* Resources */ = {
			isa = PBXGroup;
			children = (
			);
			path = Resources;
			sourceTree = "<group>";
		};
		46AE2533F9B07B8005FE4E0C /* Common */ = {
			isa = PBXGroup;
			children = (
				46AE2D72188505ABE135A015 /* STMColors.m */,
				46AE25EFB32E6C711250F83A /* STMColors.h */,
			);
			path = Common;
			sourceTree = "<group>";
		};
		46AE25BE3D7562F4680EAD0E /* Extensions */ = {
			isa = PBXGroup;
			children = (
				46AE27C81E94D75901538190 /* README.txt */,
				46AE26790178C8E4EBD9A505 /* ContextFilterLogFormatter.h */,
				46AE22ECD2D1C47A1FD3CD1E /* ContextFilterLogFormatter.m */,
				46AE26E61D5922E9660495D7 /* DispatchQueueLogFormatter.h */,
				46AE2DDC84F3D49BDF480F09 /* DispatchQueueLogFormatter.m */,
			);
			path = Extensions;
			sourceTree = "<group>";
		};
		46AE26526DD261DC853DC386 /* Categories */ = {
			isa = PBXGroup;
			children = (
				46AE2878C7906F215C11B341 /* UIView+LayoutConstraints.m */,
				46AE27941F8AC26351712371 /* UIView+LayoutConstraints.h */,
			);
			path = Categories;
			sourceTree = "<group>";
		};
		46AE274E1592D16279894771 /* MainView */ = {
			isa = PBXGroup;
			children = (
				EA3D0ED718CBBBF100CB333E /* MainViewController.h */,
				EA3D0ED818CBBBF100CB333E /* MainViewController.m */,
				EA3D0EDA18CBBC6A00CB333E /* Main_iPhone.storyboard */,
				EA3D0EDC18CBBC8C00CB333E /* Main_iPad.storyboard */,
				EA675FFE18D1109700E24C49 /* MainView.h */,
				EA675FFF18D1109700E24C49 /* MainView.m */,
				46AE2E0685B7ADA22AC3BF2B /* MainTableController.m */,
				46AE231FF5EEB3D62D70E034 /* MainTableController.h */,
				46AE266CD5324BFDE33D4FC3 /* MainViewConsts.m */,
				46AE24F296E848925495A6A2 /* MainViewConsts.h */,
				46AE284DB9830DC1AC8345C5 /* DialogsPresentation */,
			);
			path = MainView;
			sourceTree = "<group>";
		};
		46AE284DB9830DC1AC8345C5 /* DialogsPresentation */ = {
			isa = PBXGroup;
			children = (
				46AE2AB744F3D90A6B0C8D20 /* AddTask */,
				46AE28DFB223931A9B603FFC /* DPView.m */,
				46AE2DB7E7B1A5094795041B /* DPView+Constraints.h */,
				46AE2BA23DB7E200723369EA /* DPView.h */,
				46AE284979FE2B2F8F8123B1 /* DPView+Constraints.m */,
				46AE29A9D7AC1F8AAD4FBA14 /* DPView+TheNewTaskDialogHandling.m */,
				46AE203BCD21F982E498C3DD /* DPView+TheNewTaskDialogHandling.h */,
				46AE2EAFE9FB149868713A48 /* DPState.h */,
			);
			path = DialogsPresentation;
			sourceTree = "<group>";
		};
		46AE2AB744F3D90A6B0C8D20 /* AddTask */ = {
			isa = PBXGroup;
			children = (
				46AE21E6788FAE78CD97C37B /* AddTaskView.m */,
				46AE217E90C20F3DA7E93EE5 /* AddTaskView.h */,
			);
			path = AddTask;
			sourceTree = "<group>";
		};
		46AE2ACD875439BC8EC35270 /* Helpers */ = {
			isa = PBXGroup;
			children = (
				46AE2B4CA278B77E07685AEC /* AnimationsHelper.m */,
				46AE2542CB1C0925D0807B19 /* AnimationsHelper.h */,
				46AE26BD3C2DAA306AFD90D2 /* AppMacros.m */,
				46AE2F793D2FC0CD9E6484DA /* AppMacros.h */,
				46AE28169C473584C7C5B45F /* CGEstimations.m */,
				46AE20A9055962495CAAC61F /* CGEstimations.h */,
			);
			path = Helpers;
			sourceTree = "<group>";
		};
		46AE2C43A3EEE0C556F8C552 /* Lumberjack */ = {
			isa = PBXGroup;
			children = (
				46AE22CB58FB49DD429B1816 /* DDLog.h */,
				46AE2E631B2AA753182DD123 /* DDLog.m */,
				46AE25BE3D7562F4680EAD0E /* Extensions */,
				46AE2EAA806AAC6671007634 /* LICENSE.txt */,
				46AE2F6D810EECB17E24B67E /* DDASLLogger.h */,
				46AE2FE512E06F60583C608B /* DDASLLogger.m */,
				46AE213846FBC49661E8DD72 /* DDTTYLogger.h */,
				46AE2C76FD9F949669985F67 /* DDTTYLogger.m */,
				46AE2C5102BC649B877682E5 /* DDFileLogger.h */,
				46AE200C40F76326A469B578 /* DDFileLogger.m */,
				46AE2C92747F36475A9CAC8F /* DDAbstractDatabaseLogger.h */,
				46AE265CA4766B920707FCCC /* DDAbstractDatabaseLogger.m */,
			);
			path = Lumberjack;
			sourceTree = "<group>";
		};
		46AE2D620750E088082C4DFC /* Model */ = {
			isa = PBXGroup;
			children = (
				EA34DA5118CD493B0042CDA9 /* SimpleTaskManager.xcdatamodeld */,
			);
			path = Model;
			sourceTree = "<group>";
		};
		46AE2F76EE2F072DA99C03F9 /* Database */ = {
			isa = PBXGroup;
			children = (
				EA5CE6B918CD2A2000573CE8 /* STMTask.h */,
				EA5CE6BA18CD2A2000573CE8 /* STMTask.m */,
				46AE2B47CAFDDCB7D9C12CB7 /* DBController.m */,
				46AE2B7DDFC69C1956710CB1 /* DBController.h */,
				46AE2E29179ECFBA021E47AC /* DBAccess.m */,
				46AE2CCEA5C2DA274CA74EBD /* DBAccess.h */,
				46AE2D620750E088082C4DFC /* Model */,
			);
			path = Database;
			sourceTree = "<group>";
		};
		EA3D0DFD18CB6B9B00CB333E = {
			isa = PBXGroup;
			children = (
				EA3D0E1118CB6B9C00CB333E /* SimpleTaskManager */,
				EA3D0E2E18CB6B9C00CB333E /* SimpleTaskManagerTests */,
				EA3D0E0818CB6B9C00CB333E /* Frameworks */,
				EA3D0E0718CB6B9C00CB333E /* Products */,
				46AE2C43A3EEE0C556F8C552 /* Lumberjack */,
			);
			sourceTree = "<group>";
		};
		EA3D0E0718CB6B9C00CB333E /* Products */ = {
			isa = PBXGroup;
			children = (
				EA3D0E0618CB6B9C00CB333E /* SimpleTaskManager.app */,
				EA3D0E2618CB6B9C00CB333E /* SimpleTaskManagerTests.xctest */,
			);
			name = Products;
			sourceTree = "<group>";
		};
		EA3D0E0818CB6B9C00CB333E /* Frameworks */ = {
			isa = PBXGroup;
			children = (
				EA3D0E0918CB6B9C00CB333E /* Foundation.framework */,
				EA3D0E0B18CB6B9C00CB333E /* CoreGraphics.framework */,
				EA3D0E0D18CB6B9C00CB333E /* UIKit.framework */,
				EA3D0E0F18CB6B9C00CB333E /* CoreData.framework */,
				EA3D0E2718CB6B9C00CB333E /* XCTest.framework */,
			);
			name = Frameworks;
			sourceTree = "<group>";
		};
		EA3D0E1118CB6B9C00CB333E /* SimpleTaskManager */ = {
			isa = PBXGroup;
			children = (
				EA3D0E1A18CB6B9C00CB333E /* AppDelegate.h */,
				EA3D0E1B18CB6B9C00CB333E /* AppDelegate.m */,
				EA3D0E2018CB6B9C00CB333E /* Images.xcassets */,
				EA3D0E1218CB6B9C00CB333E /* Supporting Files */,
				46AE274E1592D16279894771 /* MainView */,
				46AE2ACD875439BC8EC35270 /* Helpers */,
				46AE2F76EE2F072DA99C03F9 /* Database */,
				46AE2098E77DB6A31A0F5F68 /* Resources */,
				46AE2533F9B07B8005FE4E0C /* Common */,
				46AE26526DD261DC853DC386 /* Categories */,
			);
			path = SimpleTaskManager;
			sourceTree = "<group>";
		};
		EA3D0E1218CB6B9C00CB333E /* Supporting Files */ = {
			isa = PBXGroup;
			children = (
				EA3D0E1318CB6B9C00CB333E /* SimpleTaskManager-Info.plist */,
				EA3D0E1418CB6B9C00CB333E /* InfoPlist.strings */,
				EA3D0E1718CB6B9C00CB333E /* main.m */,
				EA3D0E1918CB6B9C00CB333E /* SimpleTaskManager-Prefix.pch */,
			);
			name = "Supporting Files";
			sourceTree = "<group>";
		};
		EA3D0E2E18CB6B9C00CB333E /* SimpleTaskManagerTests */ = {
			isa = PBXGroup;
			children = (
				EA3D0E3418CB6B9C00CB333E /* SimpleTaskManagerTests.m */,
				EA3D0E2F18CB6B9C00CB333E /* Supporting Files */,
			);
			path = SimpleTaskManagerTests;
			sourceTree = "<group>";
		};
		EA3D0E2F18CB6B9C00CB333E /* Supporting Files */ = {
			isa = PBXGroup;
			children = (
				EA3D0E3018CB6B9C00CB333E /* SimpleTaskManagerTests-Info.plist */,
				EA3D0E3118CB6B9C00CB333E /* InfoPlist.strings */,
			);
			name = "Supporting Files";
			sourceTree = "<group>";
		};
/* End PBXGroup section */

/* Begin PBXNativeTarget section */
		EA3D0E0518CB6B9C00CB333E /* SimpleTaskManager */ = {
			isa = PBXNativeTarget;
			buildConfigurationList = EA3D0E3818CB6B9C00CB333E /* Build configuration list for PBXNativeTarget "SimpleTaskManager" */;
			buildPhases = (
				EA3D0E0218CB6B9C00CB333E /* Sources */,
				EA3D0E0318CB6B9C00CB333E /* Frameworks */,
				EA3D0E0418CB6B9C00CB333E /* Resources */,
			);
			buildRules = (
			);
			dependencies = (
			);
			name = SimpleTaskManager;
			productName = SimpleTaskManager;
			productReference = EA3D0E0618CB6B9C00CB333E /* SimpleTaskManager.app */;
			productType = "com.apple.product-type.application";
		};
		EA3D0E2518CB6B9C00CB333E /* SimpleTaskManagerTests */ = {
			isa = PBXNativeTarget;
			buildConfigurationList = EA3D0E3B18CB6B9C00CB333E /* Build configuration list for PBXNativeTarget "SimpleTaskManagerTests" */;
			buildPhases = (
				EA3D0E2218CB6B9C00CB333E /* Sources */,
				EA3D0E2318CB6B9C00CB333E /* Frameworks */,
				EA3D0E2418CB6B9C00CB333E /* Resources */,
			);
			buildRules = (
			);
			dependencies = (
				EA3D0E2D18CB6B9C00CB333E /* PBXTargetDependency */,
			);
			name = SimpleTaskManagerTests;
			productName = SimpleTaskManagerTests;
			productReference = EA3D0E2618CB6B9C00CB333E /* SimpleTaskManagerTests.xctest */;
			productType = "com.apple.product-type.bundle.unit-test";
		};
/* End PBXNativeTarget section */

/* Begin PBXProject section */
		EA3D0DFE18CB6B9B00CB333E /* Project object */ = {
			isa = PBXProject;
			attributes = {
				LastUpgradeCheck = 0510;
				ORGANIZATIONNAME = Tomato;
				TargetAttributes = {
					EA3D0E2518CB6B9C00CB333E = {
						TestTargetID = EA3D0E0518CB6B9C00CB333E;
					};
				};
			};
			buildConfigurationList = EA3D0E0118CB6B9B00CB333E /* Build configuration list for PBXProject "SimpleTaskManager" */;
			compatibilityVersion = "Xcode 3.2";
			developmentRegion = English;
			hasScannedForEncodings = 0;
			knownRegions = (
				en,
			);
			mainGroup = EA3D0DFD18CB6B9B00CB333E;
			productRefGroup = EA3D0E0718CB6B9C00CB333E /* Products */;
			projectDirPath = "";
			projectRoot = "";
			targets = (
				EA3D0E0518CB6B9C00CB333E /* SimpleTaskManager */,
				EA3D0E2518CB6B9C00CB333E /* SimpleTaskManagerTests */,
			);
		};
/* End PBXProject section */

/* Begin PBXResourcesBuildPhase section */
		EA3D0E0418CB6B9C00CB333E /* Resources */ = {
			isa = PBXResourcesBuildPhase;
			buildActionMask = 2147483647;
			files = (
				EA3D0E1618CB6B9C00CB333E /* InfoPlist.strings in Resources */,
				EA3D0EDD18CBBC8C00CB333E /* Main_iPad.storyboard in Resources */,
				EA3D0E2118CB6B9C00CB333E /* Images.xcassets in Resources */,
				EA3D0EDB18CBBC6A00CB333E /* Main_iPhone.storyboard in Resources */,
				46AE2B562B65AB1357EA2957 /* README.txt in Resources */,
				46AE2CD0DE25667724420D3F /* LICENSE.txt in Resources */,
			);
			runOnlyForDeploymentPostprocessing = 0;
		};
		EA3D0E2418CB6B9C00CB333E /* Resources */ = {
			isa = PBXResourcesBuildPhase;
			buildActionMask = 2147483647;
			files = (
				EA3D0E3318CB6B9C00CB333E /* InfoPlist.strings in Resources */,
			);
			runOnlyForDeploymentPostprocessing = 0;
		};
/* End PBXResourcesBuildPhase section */

/* Begin PBXSourcesBuildPhase section */
		EA3D0E0218CB6B9C00CB333E /* Sources */ = {
			isa = PBXSourcesBuildPhase;
			buildActionMask = 2147483647;
			files = (
				EA67600018D1109700E24C49 /* MainView.m in Sources */,
				EA3D0E1C18CB6B9C00CB333E /* AppDelegate.m in Sources */,
				EA3D0E1818CB6B9C00CB333E /* main.m in Sources */,
				EA3D0ED918CBBBF100CB333E /* MainViewController.m in Sources */,
				46AE2AB8AD5EA5BBB140E095 /* AnimationsHelper.m in Sources */,
				46AE2AC529074E58F60813D7 /* DBController.m in Sources */,
				46AE2928588C378D457A0861 /* DBAccess.m in Sources */,
				46AE2FFDE8E4408F6147B21C /* AppMacros.m in Sources */,
				46AE2ACBDC30AC492BBB68C4 /* DDLog.m in Sources */,
				46AE2C6E29A61028A98292D6 /* ContextFilterLogFormatter.m in Sources */,
				46AE22663A7440C2240CFD78 /* DispatchQueueLogFormatter.m in Sources */,
				EA5CE6BB18CD2A2000573CE8 /* STMTask.m in Sources */,
				46AE2778B30FF66F82F8BF4E /* DDASLLogger.m in Sources */,
				46AE2619ABF5A338D4017D5D /* DDTTYLogger.m in Sources */,
				46AE2531981D3E9147CB01C8 /* DDFileLogger.m in Sources */,
				EA34DA5318CD493B0042CDA9 /* SimpleTaskManager.xcdatamodeld in Sources */,
				46AE24F4BC01F9E8A9901AEB /* DDAbstractDatabaseLogger.m in Sources */,
				46AE24F2049689BF0F3D3346 /* STMColors.m in Sources */,
				46AE27C7FA2936DF1ECA27B2 /* MainTableController.m in Sources */,
				46AE210F07A69C6B77D7D4A2 /* MainViewConsts.m in Sources */,
				46AE2728683C82118BF8233D /* UIView+LayoutConstraints.m in Sources */,
				46AE212FD05EAEE66E043BF6 /* CGEstimations.m in Sources */,
				46AE2A3C25C84309996F6356 /* AddTaskView.m in Sources */,
				46AE235C088774BA4A5C68CD /* DPView.m in Sources */,
				46AE2B7D8691D0A4684BD40E /* DPView+Constraints.m in Sources */,
				46AE2A596EEDD69DE676B581 /* DPView+TheNewTaskDialogHandling.m in Sources */,
			);
			runOnlyForDeploymentPostprocessing = 0;
		};
		EA3D0E2218CB6B9C00CB333E /* Sources */ = {
			isa = PBXSourcesBuildPhase;
			buildActionMask = 2147483647;
			files = (
				EA3D0E3518CB6B9C00CB333E /* SimpleTaskManagerTests.m in Sources */,
			);
			runOnlyForDeploymentPostprocessing = 0;
		};
/* End PBXSourcesBuildPhase section */

/* Begin PBXTargetDependency section */
		EA3D0E2D18CB6B9C00CB333E /* PBXTargetDependency */ = {
			isa = PBXTargetDependency;
			target = EA3D0E0518CB6B9C00CB333E /* SimpleTaskManager */;
			targetProxy = EA3D0E2C18CB6B9C00CB333E /* PBXContainerItemProxy */;
		};
/* End PBXTargetDependency section */

/* Begin PBXVariantGroup section */
		EA3D0E1418CB6B9C00CB333E /* InfoPlist.strings */ = {
			isa = PBXVariantGroup;
			children = (
				EA3D0E1518CB6B9C00CB333E /* en */,
			);
			name = InfoPlist.strings;
			sourceTree = "<group>";
		};
		EA3D0E3118CB6B9C00CB333E /* InfoPlist.strings */ = {
			isa = PBXVariantGroup;
			children = (
				EA3D0E3218CB6B9C00CB333E /* en */,
			);
			name = InfoPlist.strings;
			sourceTree = "<group>";
		};
/* End PBXVariantGroup section */

/* Begin XCBuildConfiguration section */
		EA3D0E3618CB6B9C00CB333E /* Debug */ = {
			isa = XCBuildConfiguration;
			buildSettings = {
				ALWAYS_SEARCH_USER_PATHS = NO;
				CLANG_CXX_LANGUAGE_STANDARD = "gnu++0x";
				CLANG_CXX_LIBRARY = "libc++";
				CLANG_ENABLE_MODULES = YES;
				CLANG_ENABLE_OBJC_ARC = YES;
				CLANG_WARN_BOOL_CONVERSION = YES;
				CLANG_WARN_CONSTANT_CONVERSION = YES;
				CLANG_WARN_DIRECT_OBJC_ISA_USAGE = YES_ERROR;
				CLANG_WARN_EMPTY_BODY = YES;
				CLANG_WARN_ENUM_CONVERSION = YES;
				CLANG_WARN_INT_CONVERSION = YES;
				CLANG_WARN_OBJC_ROOT_CLASS = YES_ERROR;
				CLANG_WARN__DUPLICATE_METHOD_MATCH = YES;
				"CODE_SIGN_IDENTITY[sdk=iphoneos*]" = "iPhone Developer";
				COPY_PHASE_STRIP = NO;
				GCC_C_LANGUAGE_STANDARD = gnu99;
				GCC_DYNAMIC_NO_PIC = NO;
				GCC_OPTIMIZATION_LEVEL = 0;
				GCC_PREPROCESSOR_DEFINITIONS = (
					"DEBUG=1",
					"$(inherited)",
				);
				GCC_SYMBOLS_PRIVATE_EXTERN = NO;
				GCC_WARN_64_TO_32_BIT_CONVERSION = YES;
				GCC_WARN_ABOUT_RETURN_TYPE = YES_ERROR;
				GCC_WARN_UNDECLARED_SELECTOR = YES;
				GCC_WARN_UNINITIALIZED_AUTOS = YES;
				GCC_WARN_UNUSED_FUNCTION = YES;
				GCC_WARN_UNUSED_VARIABLE = YES;
				IPHONEOS_DEPLOYMENT_TARGET = 7.0;
				ONLY_ACTIVE_ARCH = YES;
				SDKROOT = iphoneos;
				TARGETED_DEVICE_FAMILY = "1,2";
			};
			name = Debug;
		};
		EA3D0E3718CB6B9C00CB333E /* Release */ = {
			isa = XCBuildConfiguration;
			buildSettings = {
				ALWAYS_SEARCH_USER_PATHS = NO;
				CLANG_CXX_LANGUAGE_STANDARD = "gnu++0x";
				CLANG_CXX_LIBRARY = "libc++";
				CLANG_ENABLE_MODULES = YES;
				CLANG_ENABLE_OBJC_ARC = YES;
				CLANG_WARN_BOOL_CONVERSION = YES;
				CLANG_WARN_CONSTANT_CONVERSION = YES;
				CLANG_WARN_DIRECT_OBJC_ISA_USAGE = YES_ERROR;
				CLANG_WARN_EMPTY_BODY = YES;
				CLANG_WARN_ENUM_CONVERSION = YES;
				CLANG_WARN_INT_CONVERSION = YES;
				CLANG_WARN_OBJC_ROOT_CLASS = YES_ERROR;
				CLANG_WARN__DUPLICATE_METHOD_MATCH = YES;
				"CODE_SIGN_IDENTITY[sdk=iphoneos*]" = "iPhone Developer";
				COPY_PHASE_STRIP = YES;
				ENABLE_NS_ASSERTIONS = NO;
				GCC_C_LANGUAGE_STANDARD = gnu99;
				GCC_WARN_64_TO_32_BIT_CONVERSION = YES;
				GCC_WARN_ABOUT_RETURN_TYPE = YES_ERROR;
				GCC_WARN_UNDECLARED_SELECTOR = YES;
				GCC_WARN_UNINITIALIZED_AUTOS = YES;
				GCC_WARN_UNUSED_FUNCTION = YES;
				GCC_WARN_UNUSED_VARIABLE = YES;
				IPHONEOS_DEPLOYMENT_TARGET = 7.0;
				SDKROOT = iphoneos;
				TARGETED_DEVICE_FAMILY = "1,2";
				VALIDATE_PRODUCT = YES;
			};
			name = Release;
		};
		EA3D0E3918CB6B9C00CB333E /* Debug */ = {
			isa = XCBuildConfiguration;
			buildSettings = {
				ASSETCATALOG_COMPILER_APPICON_NAME = AppIcon;
				ASSETCATALOG_COMPILER_LAUNCHIMAGE_NAME = LaunchImage;
				GCC_PRECOMPILE_PREFIX_HEADER = YES;
				GCC_PREFIX_HEADER = "SimpleTaskManager/SimpleTaskManager-Prefix.pch";
				INFOPLIST_FILE = "SimpleTaskManager/SimpleTaskManager-Info.plist";
				PRODUCT_NAME = "$(TARGET_NAME)";
				WRAPPER_EXTENSION = app;
			};
			name = Debug;
		};
		EA3D0E3A18CB6B9C00CB333E /* Release */ = {
			isa = XCBuildConfiguration;
			buildSettings = {
				ASSETCATALOG_COMPILER_APPICON_NAME = AppIcon;
				ASSETCATALOG_COMPILER_LAUNCHIMAGE_NAME = LaunchImage;
				GCC_PRECOMPILE_PREFIX_HEADER = YES;
				GCC_PREFIX_HEADER = "SimpleTaskManager/SimpleTaskManager-Prefix.pch";
				INFOPLIST_FILE = "SimpleTaskManager/SimpleTaskManager-Info.plist";
				PRODUCT_NAME = "$(TARGET_NAME)";
				WRAPPER_EXTENSION = app;
			};
			name = Release;
		};
		EA3D0E3C18CB6B9C00CB333E /* Debug */ = {
			isa = XCBuildConfiguration;
			buildSettings = {
				BUNDLE_LOADER = "$(BUILT_PRODUCTS_DIR)/SimpleTaskManager.app/SimpleTaskManager";
				FRAMEWORK_SEARCH_PATHS = (
					"$(SDKROOT)/Developer/Library/Frameworks",
					"$(inherited)",
					"$(DEVELOPER_FRAMEWORKS_DIR)",
				);
				GCC_PRECOMPILE_PREFIX_HEADER = YES;
				GCC_PREFIX_HEADER = "SimpleTaskManager/SimpleTaskManager-Prefix.pch";
				GCC_PREPROCESSOR_DEFINITIONS = (
					"DEBUG=1",
					"$(inherited)",
				);
				INFOPLIST_FILE = "SimpleTaskManagerTests/SimpleTaskManagerTests-Info.plist";
				PRODUCT_NAME = "$(TARGET_NAME)";
				TEST_HOST = "$(BUNDLE_LOADER)";
				WRAPPER_EXTENSION = xctest;
			};
			name = Debug;
		};
		EA3D0E3D18CB6B9C00CB333E /* Release */ = {
			isa = XCBuildConfiguration;
			buildSettings = {
				BUNDLE_LOADER = "$(BUILT_PRODUCTS_DIR)/SimpleTaskManager.app/SimpleTaskManager";
				FRAMEWORK_SEARCH_PATHS = (
					"$(SDKROOT)/Developer/Library/Frameworks",
					"$(inherited)",
					"$(DEVELOPER_FRAMEWORKS_DIR)",
				);
				GCC_PRECOMPILE_PREFIX_HEADER = YES;
				GCC_PREFIX_HEADER = "SimpleTaskManager/SimpleTaskManager-Prefix.pch";
				INFOPLIST_FILE = "SimpleTaskManagerTests/SimpleTaskManagerTests-Info.plist";
				PRODUCT_NAME = "$(TARGET_NAME)";
				TEST_HOST = "$(BUNDLE_LOADER)";
				WRAPPER_EXTENSION = xctest;
			};
			name = Release;
		};
/* End XCBuildConfiguration section */

/* Begin XCConfigurationList section */
		EA3D0E0118CB6B9B00CB333E /* Build configuration list for PBXProject "SimpleTaskManager" */ = {
			isa = XCConfigurationList;
			buildConfigurations = (
				EA3D0E3618CB6B9C00CB333E /* Debug */,
				EA3D0E3718CB6B9C00CB333E /* Release */,
			);
			defaultConfigurationIsVisible = 0;
			defaultConfigurationName = Release;
		};
		EA3D0E3818CB6B9C00CB333E /* Build configuration list for PBXNativeTarget "SimpleTaskManager" */ = {
			isa = XCConfigurationList;
			buildConfigurations = (
				EA3D0E3918CB6B9C00CB333E /* Debug */,
				EA3D0E3A18CB6B9C00CB333E /* Release */,
			);
			defaultConfigurationIsVisible = 0;
			defaultConfigurationName = Release;
		};
		EA3D0E3B18CB6B9C00CB333E /* Build configuration list for PBXNativeTarget "SimpleTaskManagerTests" */ = {
			isa = XCConfigurationList;
			buildConfigurations = (
				EA3D0E3C18CB6B9C00CB333E /* Debug */,
				EA3D0E3D18CB6B9C00CB333E /* Release */,
			);
			defaultConfigurationIsVisible = 0;
			defaultConfigurationName = Release;
		};
/* End XCConfigurationList section */

/* Begin XCVersionGroup section */
		EA34DA5118CD493B0042CDA9 /* SimpleTaskManager.xcdatamodeld */ = {
			isa = XCVersionGroup;
			children = (
				EA34DA5218CD493B0042CDA9 /* SimpleTaskManager.xcdatamodel */,
			);
			currentVersion = EA34DA5218CD493B0042CDA9 /* SimpleTaskManager.xcdatamodel */;
			path = SimpleTaskManager.xcdatamodeld;
			sourceTree = "<group>";
			versionGroupType = wrapper.xcdatamodel;
		};
/* End XCVersionGroup section */
	};
	rootObject = EA3D0DFE18CB6B9B00CB333E /* Project object */;
}
