// !$*UTF8*$!
{
	archiveVersion = 1;
	classes = {
	};
	objectVersion = 46;
	objects = {

/* Begin PBXBuildFile section */
		46AE207D654646CC100087CC /* DeselectTaskButton.m in Sources */ = {isa = PBXBuildFile; fileRef = 46AE2BC0E04ABB32A7DFE410 /* DeselectTaskButton.m */; };
		46AE207D8C5316B4CC921CE5 /* AppMessages.m in Sources */ = {isa = PBXBuildFile; fileRef = 46AE2A9377B157ACE5F35AD1 /* AppMessages.m */; };
		46AE208559CF4605A18B8D92 /* NSError+Log.m in Sources */ = {isa = PBXBuildFile; fileRef = 46AE29254562E4CFE13A7960 /* NSError+Log.m */; };
		46AE20A3875D1A44A068ABAD /* MainView.m in Sources */ = {isa = PBXBuildFile; fileRef = 46AE2D32702E0672E728A97A /* MainView.m */; };
		46AE20AB481B38EEF613E706 /* SyncingLeg.m in Sources */ = {isa = PBXBuildFile; fileRef = 46AE27B3785FF74D45399323 /* SyncingLeg.m */; };
		46AE20B46371F8858AFE3223 /* DBController+Undo.m in Sources */ = {isa = PBXBuildFile; fileRef = 46AE2AA7E85BC6C84484A095 /* DBController+Undo.m */; };
		46AE212FD05EAEE66E043BF6 /* CGEstimations.m in Sources */ = {isa = PBXBuildFile; fileRef = 46AE28169C473584C7C5B45F /* CGEstimations.m */; };
		46AE2153F6C011F2F20265FF /* ManagedOperation.m in Sources */ = {isa = PBXBuildFile; fileRef = 46AE25FD85290A458E703B16 /* ManagedOperation.m */; };
		46AE2163332C1162E9DE7E72 /* TaskTableViewCell.m in Sources */ = {isa = PBXBuildFile; fileRef = 46AE2EF0D288C7BF6BC90F48 /* TaskTableViewCell.m */; };
		46AE217F35A32A2BE807D154 /* ResourcesHelper.m in Sources */ = {isa = PBXBuildFile; fileRef = 46AE2D79C0CC5F96056529D3 /* ResourcesHelper.m */; };
		46AE21ADB459FE6F7476C745 /* Main_iPad.storyboard in Resources */ = {isa = PBXBuildFile; fileRef = 46AE23CED9E8C84B06A74B6A /* Main_iPad.storyboard */; };
		46AE21B507F0C10D1515A226 /* MainTableStateController.m in Sources */ = {isa = PBXBuildFile; fileRef = 46AE2DFF82FF3F7D8F86D9FC /* MainTableStateController.m */; };
		46AE21C7020A62B100FF6382 /* SyncGuardService.m in Sources */ = {isa = PBXBuildFile; fileRef = 46AE2216AA82CD13F9F5CB15 /* SyncGuardService.m */; };
		46AE220496BA281974A04197 /* Main_iPhone.storyboard in Resources */ = {isa = PBXBuildFile; fileRef = 46AE2909F0FA738F7A189047 /* Main_iPhone.storyboard */; };
		46AE2243092563CDC3ED229F /* NotificationsObserver.m in Sources */ = {isa = PBXBuildFile; fileRef = 46AE2969DC9F972724708D92 /* NotificationsObserver.m */; };
		46AE2248D5B2668A6584BFF1 /* STMTaskModel.m in Sources */ = {isa = PBXBuildFile; fileRef = 46AE2F787F03E57EFE1840F8 /* STMTaskModel.m */; };
		46AE22663A7440C2240CFD78 /* DispatchQueueLogFormatter.m in Sources */ = {isa = PBXBuildFile; fileRef = 46AE2DDC84F3D49BDF480F09 /* DispatchQueueLogFormatter.m */; };
		46AE22B08BB9D9DA976ED30F /* RemoteConnection.m in Sources */ = {isa = PBXBuildFile; fileRef = 46AE237EA8E59CF3C97D72EB /* RemoteConnection.m */; };
		46AE2310C712A25F5374E8ED /* PresentationOverlayView.m in Sources */ = {isa = PBXBuildFile; fileRef = 46AE29CD123D64C74A0B2541 /* PresentationOverlayView.m */; };
		46AE23A68CB442C4FE756B7D /* MainTableController.m in Sources */ = {isa = PBXBuildFile; fileRef = 46AE2DB01D115BBC354C0755 /* MainTableController.m */; };
		46AE23BC15720B5B963317D0 /* CancelButton.m in Sources */ = {isa = PBXBuildFile; fileRef = 46AE22292126082349121128 /* CancelButton.m */; };
		46AE248A681A948340CA66D5 /* MainViewControllerNotificationsObserver.m in Sources */ = {isa = PBXBuildFile; fileRef = 46AE24753C5F5F63EE2B4DCA /* MainViewControllerNotificationsObserver.m */; };
		46AE24F2049689BF0F3D3346 /* AppColors.m in Sources */ = {isa = PBXBuildFile; fileRef = 46AE2D72188505ABE135A015 /* AppColors.m */; };
		46AE24F4BC01F9E8A9901AEB /* DDAbstractDatabaseLogger.m in Sources */ = {isa = PBXBuildFile; fileRef = 46AE265CA4766B920707FCCC /* DDAbstractDatabaseLogger.m */; };
		46AE2531981D3E9147CB01C8 /* DDFileLogger.m in Sources */ = {isa = PBXBuildFile; fileRef = 46AE200C40F76326A469B578 /* DDFileLogger.m */; };
		46AE256058ADA19E315BBD54 /* CompleteTaskOperation.m in Sources */ = {isa = PBXBuildFile; fileRef = 46AE277CBF5F4633016BF7C1 /* CompleteTaskOperation.m */; };
		46AE2562AA9F4FC145D9444B /* UIView+ScreenshootExtension.m in Sources */ = {isa = PBXBuildFile; fileRef = 46AE2BE7D371E23F667CDF8B /* UIView+ScreenshootExtension.m */; };
		46AE25C2431437F3F30CB279 /* DBController+Internal.m in Sources */ = {isa = PBXBuildFile; fileRef = 46AE2C62220A53387B3AFF2C /* DBController+Internal.m */; };
		46AE25C60C3BC10BC458F9CD /* WrappedButton.m in Sources */ = {isa = PBXBuildFile; fileRef = 46AE28A5592332262CB66EC3 /* WrappedButton.m */; };
		46AE25D42FCF094A632597A5 /* NotificationsSender.m in Sources */ = {isa = PBXBuildFile; fileRef = 46AE20A67A3FBD648624AE71 /* NotificationsSender.m */; };
		46AE2619ABF5A338D4017D5D /* DDTTYLogger.m in Sources */ = {isa = PBXBuildFile; fileRef = 46AE2C76FD9F949669985F67 /* DDTTYLogger.m */; };
		46AE26453D38E0DF09CEF5E4 /* SyncOperation.m in Sources */ = {isa = PBXBuildFile; fileRef = 46AE291CCDC7619B9144A932 /* SyncOperation.m */; };
		46AE2669BFF9BE3FD4CB9896 /* RemoteLeg.m in Sources */ = {isa = PBXBuildFile; fileRef = 46AE26C1FF629E6F090FFCFF /* RemoteLeg.m */; };
		46AE26B48815CF88E7CADEA1 /* AppErrors.m in Sources */ = {isa = PBXBuildFile; fileRef = 46AE20107E45243E055C4118 /* AppErrors.m */; };
		46AE26FC2FF252DD316F6893 /* ConfirmationButton.m in Sources */ = {isa = PBXBuildFile; fileRef = 46AE2E8F2EB27D6CA7E68764 /* ConfirmationButton.m */; };
		46AE274220F810E635CE4E90 /* PresentationOverlayView+Constraints.m in Sources */ = {isa = PBXBuildFile; fileRef = 46AE2ED0E906B3FDC973DFD1 /* PresentationOverlayView+Constraints.m */; };
		46AE2751CB7EBA8F82F2E453 /* CommonNotifications.m in Sources */ = {isa = PBXBuildFile; fileRef = 46AE2E44D90424E32F0C8542 /* CommonNotifications.m */; };
		46AE27670DF39EEC0F87A53A /* SyncNotificationsObserver.m in Sources */ = {isa = PBXBuildFile; fileRef = 46AE2C9BEE5BA91321C9D98E /* SyncNotificationsObserver.m */; };
		46AE2778B30FF66F82F8BF4E /* DDASLLogger.m in Sources */ = {isa = PBXBuildFile; fileRef = 46AE2FE512E06F60583C608B /* DDASLLogger.m */; };
		46AE2788B952E4DCB677CF0D /* PresentationOverlayView+Hints.m in Sources */ = {isa = PBXBuildFile; fileRef = 46AE2E46D8A7DE64E1999F81 /* PresentationOverlayView+Hints.m */; };
		46AE27A66156C8B32A046D0B /* UserActionsController.m in Sources */ = {isa = PBXBuildFile; fileRef = 46AE23DCD25D99401BDFDA75 /* UserActionsController.m */; };
		46AE27B8902A33EBF1525E2B /* MainTableConsts.m in Sources */ = {isa = PBXBuildFile; fileRef = 46AE2C344FA95CD5DD9843F6 /* MainTableConsts.m */; };
		46AE27D3C3D160CB80A2070E /* SingleOperation.m in Sources */ = {isa = PBXBuildFile; fileRef = 46AE204ADA1B20EFC9AAA74E /* SingleOperation.m */; };
		46AE28D2A8ECD249B0BB0E45 /* DBController+FastSync.m in Sources */ = {isa = PBXBuildFile; fileRef = 46AE27BF0223B13465ABEA7D /* DBController+FastSync.m */; };
		46AE28FE62B405003299F9EF /* MainTableDataSource.m in Sources */ = {isa = PBXBuildFile; fileRef = 46AE26D6BBC630EB0CE4D286 /* MainTableDataSource.m */; };
		46AE29449067611A9372BA7D /* ReorderTaskOperation.m in Sources */ = {isa = PBXBuildFile; fileRef = 46AE2D54B672A37AB40BCA7D /* ReorderTaskOperation.m */; };
		46AE29A44900EB5C0E2A5B18 /* MainTableController+SelectedItem.m in Sources */ = {isa = PBXBuildFile; fileRef = 46AE2E7F9F4726B9CC4DD8B2 /* MainTableController+SelectedItem.m */; };
		46AE2A25D769929D2C2DF399 /* DragAndDropHandler.m in Sources */ = {isa = PBXBuildFile; fileRef = 46AE2B618183543F473A461F /* DragAndDropHandler.m */; };
		46AE2A276D0A4C485AE36132 /* RemoteActionsHandler.m in Sources */ = {isa = PBXBuildFile; fileRef = 46AE21A4D93ACDA7AB35E469 /* RemoteActionsHandler.m */; };
		46AE2A3BE5B9E4A34C9B1FFB /* STMTask.m in Sources */ = {isa = PBXBuildFile; fileRef = 46AE24FEE7E06BB54039C52F /* STMTask.m */; };
		46AE2A53886622C3825E125D /* RenameOperation.m in Sources */ = {isa = PBXBuildFile; fileRef = 46AE214CAA6AD25D5BFE6A36 /* RenameOperation.m */; };
		46AE2ACBDC30AC492BBB68C4 /* DDLog.m in Sources */ = {isa = PBXBuildFile; fileRef = 46AE2E631B2AA753182DD123 /* DDLog.m */; };
		46AE2B098FBD329BCAD5A80D /* TaskOptionsView.m in Sources */ = {isa = PBXBuildFile; fileRef = 46AE280F65D25A251BD7190E /* TaskOptionsView.m */; };
		46AE2B47D888D758D9E98ABB /* PresentationOverlayView+TheNewTaskDialogHandling.m in Sources */ = {isa = PBXBuildFile; fileRef = 46AE22B3A160C9E642786843 /* PresentationOverlayView+TheNewTaskDialogHandling.m */; };
		46AE2B4F5D7BF27E5F0881E5 /* PresentationOverlayView+TaskOptions.m in Sources */ = {isa = PBXBuildFile; fileRef = 46AE247D66BE909DBABA0ECF /* PresentationOverlayView+TaskOptions.m */; };
		46AE2B562B65AB1357EA2957 /* README.txt in Resources */ = {isa = PBXBuildFile; fileRef = 46AE27C81E94D75901538190 /* README.txt */; };
		46AE2BA80552028A8069D7D4 /* CompleteTaskButton.m in Sources */ = {isa = PBXBuildFile; fileRef = 46AE2A2EF369EA1FA6DA148F /* CompleteTaskButton.m */; };
		46AE2BAD5D67760A4AF5FF9F /* DBController+BasicActions.m in Sources */ = {isa = PBXBuildFile; fileRef = 46AE246192A12FAE43023862 /* DBController+BasicActions.m */; };
		46AE2BF4DA0B06FA92B600D6 /* TheNewTaskDialog.m in Sources */ = {isa = PBXBuildFile; fileRef = 46AE2C981F6BC01BC008370C /* TheNewTaskDialog.m */; };
		46AE2C0154776E6E2F59F9CF /* CommonActivityView.m in Sources */ = {isa = PBXBuildFile; fileRef = 46AE2AE1F2F4373B717CCAB6 /* CommonActivityView.m */; };
		46AE2C2F1EAEC92623A7406E /* MainViewConsts.m in Sources */ = {isa = PBXBuildFile; fileRef = 46AE2F1CA69F9FA8429C28E5 /* MainViewConsts.m */; };
		46AE2C61DA239100ED8695D7 /* DBAccess.m in Sources */ = {isa = PBXBuildFile; fileRef = 46AE263D377B4EE742696671 /* DBAccess.m */; };
		46AE2C6E29A61028A98292D6 /* ContextFilterLogFormatter.m in Sources */ = {isa = PBXBuildFile; fileRef = 46AE22ECD2D1C47A1FD3CD1E /* ContextFilterLogFormatter.m */; };
		46AE2CD0DE25667724420D3F /* LICENSE.txt in Resources */ = {isa = PBXBuildFile; fileRef = 46AE2EAA806AAC6671007634 /* LICENSE.txt */; };
		46AE2D06B482CFAA3E94E87F /* VirtualRemoteActionsHandler.m in Sources */ = {isa = PBXBuildFile; fileRef = 46AE2BD6C918267E0C06F612 /* VirtualRemoteActionsHandler.m */; };
		46AE2DD6B6147E651DA20928 /* WindowHelper.m in Sources */ = {isa = PBXBuildFile; fileRef = 46AE2E08FC8F8130C452D6B0 /* WindowHelper.m */; };
		46AE2E1BCCE8DB068A01FE02 /* AddTaskOperation.m in Sources */ = {isa = PBXBuildFile; fileRef = 46AE255ADD79A2ACDDFE08E5 /* AddTaskOperation.m */; };
		46AE2E390CF0891859C0A2AD /* LocalUserLeg.m in Sources */ = {isa = PBXBuildFile; fileRef = 46AE2A4623A8E17D88150A60 /* LocalUserLeg.m */; };
		46AE2E414CC8F193EA7B4707 /* MainTableController+DragAndDrop.m in Sources */ = {isa = PBXBuildFile; fileRef = 46AE23C9F40E6BE7FB4E26E8 /* MainTableController+DragAndDrop.m */; };
		46AE2E9CB59C9D0F60522C54 /* DBController.m in Sources */ = {isa = PBXBuildFile; fileRef = 46AE2B4F013E18A60B809BE6 /* DBController.m */; };
		46AE2ECC06D616F491387B63 /* MainViewController.m in Sources */ = {isa = PBXBuildFile; fileRef = 46AE22D87A98C0287A2AFEFC /* MainViewController.m */; };
		46AE2F7D3E8EADA517BA21CB /* TheNewTaskButton.m in Sources */ = {isa = PBXBuildFile; fileRef = 46AE2DBE02166460988D0C28 /* TheNewTaskButton.m */; };
		46AE2FAC36325727D21EC813 /* DBConsts.m in Sources */ = {isa = PBXBuildFile; fileRef = 46AE234745D2603E3E1FB1AB /* DBConsts.m */; };
		46AE2FDA06986FB6E7DDC671 /* AppMacros.m in Sources */ = {isa = PBXBuildFile; fileRef = 46AE28478C828CE118686C86 /* AppMacros.m */; };
		EA34DA5318CD493B0042CDA9 /* SimpleTaskManager.xcdatamodeld in Sources */ = {isa = PBXBuildFile; fileRef = EA34DA5118CD493B0042CDA9 /* SimpleTaskManager.xcdatamodeld */; };
		EA3D0E0A18CB6B9C00CB333E /* Foundation.framework in Frameworks */ = {isa = PBXBuildFile; fileRef = EA3D0E0918CB6B9C00CB333E /* Foundation.framework */; };
		EA3D0E0C18CB6B9C00CB333E /* CoreGraphics.framework in Frameworks */ = {isa = PBXBuildFile; fileRef = EA3D0E0B18CB6B9C00CB333E /* CoreGraphics.framework */; };
		EA3D0E0E18CB6B9C00CB333E /* UIKit.framework in Frameworks */ = {isa = PBXBuildFile; fileRef = EA3D0E0D18CB6B9C00CB333E /* UIKit.framework */; };
		EA3D0E1018CB6B9C00CB333E /* CoreData.framework in Frameworks */ = {isa = PBXBuildFile; fileRef = EA3D0E0F18CB6B9C00CB333E /* CoreData.framework */; };
		EA3D0E1618CB6B9C00CB333E /* InfoPlist.strings in Resources */ = {isa = PBXBuildFile; fileRef = EA3D0E1418CB6B9C00CB333E /* InfoPlist.strings */; };
		EA3D0E1818CB6B9C00CB333E /* main.m in Sources */ = {isa = PBXBuildFile; fileRef = EA3D0E1718CB6B9C00CB333E /* main.m */; };
		EA3D0E1C18CB6B9C00CB333E /* AppDelegate.m in Sources */ = {isa = PBXBuildFile; fileRef = EA3D0E1B18CB6B9C00CB333E /* AppDelegate.m */; };
		EA3D0E2118CB6B9C00CB333E /* Images.xcassets in Resources */ = {isa = PBXBuildFile; fileRef = EA3D0E2018CB6B9C00CB333E /* Images.xcassets */; };
		EA3D0E2818CB6B9C00CB333E /* XCTest.framework in Frameworks */ = {isa = PBXBuildFile; fileRef = EA3D0E2718CB6B9C00CB333E /* XCTest.framework */; };
		EA3D0E2918CB6B9C00CB333E /* Foundation.framework in Frameworks */ = {isa = PBXBuildFile; fileRef = EA3D0E0918CB6B9C00CB333E /* Foundation.framework */; };
		EA3D0E2A18CB6B9C00CB333E /* UIKit.framework in Frameworks */ = {isa = PBXBuildFile; fileRef = EA3D0E0D18CB6B9C00CB333E /* UIKit.framework */; };
		EA3D0E2B18CB6B9C00CB333E /* CoreData.framework in Frameworks */ = {isa = PBXBuildFile; fileRef = EA3D0E0F18CB6B9C00CB333E /* CoreData.framework */; };
		EA3D0E3318CB6B9C00CB333E /* InfoPlist.strings in Resources */ = {isa = PBXBuildFile; fileRef = EA3D0E3118CB6B9C00CB333E /* InfoPlist.strings */; };
		EA3D0E3518CB6B9C00CB333E /* SimpleTaskManagerTests.m in Sources */ = {isa = PBXBuildFile; fileRef = EA3D0E3418CB6B9C00CB333E /* SimpleTaskManagerTests.m */; };
		EAE3DBC718D5F21A004F6A29 /* image_checked_checkbox_64x64.png in Resources */ = {isa = PBXBuildFile; fileRef = EAE3DBC518D5F21A004F6A29 /* image_checked_checkbox_64x64.png */; };
		EAE3DBC818D5F21A004F6A29 /* image_checked_checkbox_64x64@2x.png in Resources */ = {isa = PBXBuildFile; fileRef = EAE3DBC618D5F21A004F6A29 /* image_checked_checkbox_64x64@2x.png */; };
/* End PBXBuildFile section */

/* Begin PBXContainerItemProxy section */
		EA3D0E2C18CB6B9C00CB333E /* PBXContainerItemProxy */ = {
			isa = PBXContainerItemProxy;
			containerPortal = EA3D0DFE18CB6B9B00CB333E /* Project object */;
			proxyType = 1;
			remoteGlobalIDString = EA3D0E0518CB6B9C00CB333E;
			remoteInfo = SimpleTaskManager;
		};
/* End PBXContainerItemProxy section */

/* Begin PBXFileReference section */
		46AE200C40F76326A469B578 /* DDFileLogger.m */ = {isa = PBXFileReference; fileEncoding = 4; lastKnownFileType = sourcecode.c.objc; path = DDFileLogger.m; sourceTree = "<group>"; };
		46AE20107E45243E055C4118 /* AppErrors.m */ = {isa = PBXFileReference; fileEncoding = 4; lastKnownFileType = sourcecode.c.objc; path = AppErrors.m; sourceTree = "<group>"; };
		46AE202FABC21C396A111026 /* WrappedButton.h */ = {isa = PBXFileReference; fileEncoding = 4; lastKnownFileType = sourcecode.c.h; path = WrappedButton.h; sourceTree = "<group>"; };
		46AE204ADA1B20EFC9AAA74E /* SingleOperation.m */ = {isa = PBXFileReference; fileEncoding = 4; lastKnownFileType = sourcecode.c.objc; path = SingleOperation.m; sourceTree = "<group>"; };
		46AE208889623F546496B628 /* MainViewControllerNotificationsObserver.h */ = {isa = PBXFileReference; fileEncoding = 4; lastKnownFileType = sourcecode.c.h; path = MainViewControllerNotificationsObserver.h; sourceTree = "<group>"; };
		46AE20892BC06D5AC3C5C78F /* TheNewTaskButton.h */ = {isa = PBXFileReference; fileEncoding = 4; lastKnownFileType = sourcecode.c.h; path = TheNewTaskButton.h; sourceTree = "<group>"; };
		46AE20A67A3FBD648624AE71 /* NotificationsSender.m */ = {isa = PBXFileReference; fileEncoding = 4; lastKnownFileType = sourcecode.c.objc; path = NotificationsSender.m; sourceTree = "<group>"; };
		46AE20A9055962495CAAC61F /* CGEstimations.h */ = {isa = PBXFileReference; fileEncoding = 4; lastKnownFileType = sourcecode.c.h; path = CGEstimations.h; sourceTree = "<group>"; };
		46AE213846FBC49661E8DD72 /* DDTTYLogger.h */ = {isa = PBXFileReference; fileEncoding = 4; lastKnownFileType = sourcecode.c.h; path = DDTTYLogger.h; sourceTree = "<group>"; };
		46AE214CAA6AD25D5BFE6A36 /* RenameOperation.m */ = {isa = PBXFileReference; fileEncoding = 4; lastKnownFileType = sourcecode.c.objc; path = RenameOperation.m; sourceTree = "<group>"; };
		46AE219C90324AF8FC5B8888 /* SingleOperationDelegate.h */ = {isa = PBXFileReference; fileEncoding = 4; lastKnownFileType = sourcecode.c.h; path = SingleOperationDelegate.h; sourceTree = "<group>"; };
		46AE21A4D93ACDA7AB35E469 /* RemoteActionsHandler.m */ = {isa = PBXFileReference; fileEncoding = 4; lastKnownFileType = sourcecode.c.objc; path = RemoteActionsHandler.m; sourceTree = "<group>"; };
		46AE221659985B4C18DB4C92 /* WindowHelper.h */ = {isa = PBXFileReference; fileEncoding = 4; lastKnownFileType = sourcecode.c.h; path = WindowHelper.h; sourceTree = "<group>"; };
		46AE2216AA82CD13F9F5CB15 /* SyncGuardService.m */ = {isa = PBXFileReference; fileEncoding = 4; lastKnownFileType = sourcecode.c.objc; path = SyncGuardService.m; sourceTree = "<group>"; };
		46AE22292126082349121128 /* CancelButton.m */ = {isa = PBXFileReference; fileEncoding = 4; lastKnownFileType = sourcecode.c.objc; path = CancelButton.m; sourceTree = "<group>"; };
		46AE222B601D6276546DD898 /* MainTableControllerDelegate.h */ = {isa = PBXFileReference; fileEncoding = 4; lastKnownFileType = sourcecode.c.h; path = MainTableControllerDelegate.h; sourceTree = "<group>"; };
		46AE224459749A291566D1C8 /* AppMessages.h */ = {isa = PBXFileReference; fileEncoding = 4; lastKnownFileType = sourcecode.c.h; path = AppMessages.h; sourceTree = "<group>"; };
		46AE22B3A160C9E642786843 /* PresentationOverlayView+TheNewTaskDialogHandling.m */ = {isa = PBXFileReference; fileEncoding = 4; lastKnownFileType = sourcecode.c.objc; path = "PresentationOverlayView+TheNewTaskDialogHandling.m"; sourceTree = "<group>"; };
		46AE22CB58FB49DD429B1816 /* DDLog.h */ = {isa = PBXFileReference; fileEncoding = 4; lastKnownFileType = sourcecode.c.h; path = DDLog.h; sourceTree = "<group>"; };
		46AE22D87A98C0287A2AFEFC /* MainViewController.m */ = {isa = PBXFileReference; fileEncoding = 4; lastKnownFileType = sourcecode.c.objc; path = MainViewController.m; sourceTree = "<group>"; };
		46AE22ECD2D1C47A1FD3CD1E /* ContextFilterLogFormatter.m */ = {isa = PBXFileReference; fileEncoding = 4; lastKnownFileType = sourcecode.c.objc; path = ContextFilterLogFormatter.m; sourceTree = "<group>"; };
		46AE22FEEE3AAF7859F48963 /* TaskOptionsView.h */ = {isa = PBXFileReference; fileEncoding = 4; lastKnownFileType = sourcecode.c.h; path = TaskOptionsView.h; sourceTree = "<group>"; };
		46AE234745D2603E3E1FB1AB /* DBConsts.m */ = {isa = PBXFileReference; fileEncoding = 4; lastKnownFileType = sourcecode.c.objc; path = DBConsts.m; sourceTree = "<group>"; };
		46AE237EA8E59CF3C97D72EB /* RemoteConnection.m */ = {isa = PBXFileReference; fileEncoding = 4; lastKnownFileType = sourcecode.c.objc; path = RemoteConnection.m; sourceTree = "<group>"; };
		46AE23B50794EBFC6601358F /* RemoteConnection.h */ = {isa = PBXFileReference; fileEncoding = 4; lastKnownFileType = sourcecode.c.h; path = RemoteConnection.h; sourceTree = "<group>"; };
		46AE23C2A97DC0521E6B2BA2 /* MainTableDataSourceDelegate.h */ = {isa = PBXFileReference; fileEncoding = 4; lastKnownFileType = sourcecode.c.h; path = MainTableDataSourceDelegate.h; sourceTree = "<group>"; };
		46AE23C9F40E6BE7FB4E26E8 /* MainTableController+DragAndDrop.m */ = {isa = PBXFileReference; fileEncoding = 4; lastKnownFileType = sourcecode.c.objc; path = "MainTableController+DragAndDrop.m"; sourceTree = "<group>"; };
		46AE23CED9E8C84B06A74B6A /* Main_iPad.storyboard */ = {isa = PBXFileReference; lastKnownFileType = file.storyboard; path = Main_iPad.storyboard; sourceTree = "<group>"; };
		46AE23DCD25D99401BDFDA75 /* UserActionsController.m */ = {isa = PBXFileReference; fileEncoding = 4; lastKnownFileType = sourcecode.c.objc; path = UserActionsController.m; sourceTree = "<group>"; };
		46AE244B2DC1C1DE13B6FD4B /* LocalUserLeg.h */ = {isa = PBXFileReference; fileEncoding = 4; lastKnownFileType = sourcecode.c.h; path = LocalUserLeg.h; sourceTree = "<group>"; };
		46AE246192A12FAE43023862 /* DBController+BasicActions.m */ = {isa = PBXFileReference; fileEncoding = 4; lastKnownFileType = sourcecode.c.objc; path = "DBController+BasicActions.m"; sourceTree = "<group>"; };
		46AE24753C5F5F63EE2B4DCA /* MainViewControllerNotificationsObserver.m */ = {isa = PBXFileReference; fileEncoding = 4; lastKnownFileType = sourcecode.c.objc; path = MainViewControllerNotificationsObserver.m; sourceTree = "<group>"; };
		46AE247999C7ABCB39C52F84 /* MainTableController.h */ = {isa = PBXFileReference; fileEncoding = 4; lastKnownFileType = sourcecode.c.h; path = MainTableController.h; sourceTree = "<group>"; };
		46AE247D66BE909DBABA0ECF /* PresentationOverlayView+TaskOptions.m */ = {isa = PBXFileReference; fileEncoding = 4; lastKnownFileType = sourcecode.c.objc; path = "PresentationOverlayView+TaskOptions.m"; sourceTree = "<group>"; };
		46AE24A20AD786C9B6E43AC7 /* PresentationOverlayView+Hints.h */ = {isa = PBXFileReference; fileEncoding = 4; lastKnownFileType = sourcecode.c.h; path = "PresentationOverlayView+Hints.h"; sourceTree = "<group>"; };
		46AE24CC8ED1A00E4EDA8696 /* VirtualRemoteActionsHandler.h */ = {isa = PBXFileReference; fileEncoding = 4; lastKnownFileType = sourcecode.c.h; path = VirtualRemoteActionsHandler.h; sourceTree = "<group>"; };
		46AE24E0C1AD33FC4634E090 /* SyncNotificationsObserver.h */ = {isa = PBXFileReference; fileEncoding = 4; lastKnownFileType = sourcecode.c.h; path = SyncNotificationsObserver.h; sourceTree = "<group>"; };
		46AE24F94DD51897D87D4744 /* MainTableController+SelectedItem.h */ = {isa = PBXFileReference; fileEncoding = 4; lastKnownFileType = sourcecode.c.h; path = "MainTableController+SelectedItem.h"; sourceTree = "<group>"; };
		46AE24FEE7E06BB54039C52F /* STMTask.m */ = {isa = PBXFileReference; fileEncoding = 4; lastKnownFileType = sourcecode.c.objc; path = STMTask.m; sourceTree = "<group>"; };
		46AE25319A3E0BE4F74DF356 /* UserActionsController.h */ = {isa = PBXFileReference; fileEncoding = 4; lastKnownFileType = sourcecode.c.h; path = UserActionsController.h; sourceTree = "<group>"; };
		46AE255647B2256E6A025575 /* ManagedOperation.h */ = {isa = PBXFileReference; fileEncoding = 4; lastKnownFileType = sourcecode.c.h; path = ManagedOperation.h; sourceTree = "<group>"; };
		46AE255ADD79A2ACDDFE08E5 /* AddTaskOperation.m */ = {isa = PBXFileReference; fileEncoding = 4; lastKnownFileType = sourcecode.c.objc; path = AddTaskOperation.m; sourceTree = "<group>"; };
		46AE257FDF28F53ACD827FA7 /* PresentationOverlayView+Constraints.h */ = {isa = PBXFileReference; fileEncoding = 4; lastKnownFileType = sourcecode.c.h; path = "PresentationOverlayView+Constraints.h"; sourceTree = "<group>"; };
		46AE25B6F48C9B87CD40D5B5 /* NotificationsObserver.h */ = {isa = PBXFileReference; fileEncoding = 4; lastKnownFileType = sourcecode.c.h; path = NotificationsObserver.h; sourceTree = "<group>"; };
		46AE25EFB32E6C711250F83A /* AppColors.h */ = {isa = PBXFileReference; fileEncoding = 4; lastKnownFileType = sourcecode.c.h; path = AppColors.h; sourceTree = "<group>"; };
		46AE25FD85290A458E703B16 /* ManagedOperation.m */ = {isa = PBXFileReference; fileEncoding = 4; lastKnownFileType = sourcecode.c.objc; path = ManagedOperation.m; sourceTree = "<group>"; };
		46AE262B71AD5C9CD51E1B65 /* DBController+Internal.h */ = {isa = PBXFileReference; fileEncoding = 4; lastKnownFileType = sourcecode.c.h; path = "DBController+Internal.h"; sourceTree = "<group>"; };
		46AE263D377B4EE742696671 /* DBAccess.m */ = {isa = PBXFileReference; fileEncoding = 4; lastKnownFileType = sourcecode.c.objc; path = DBAccess.m; sourceTree = "<group>"; };
		46AE2656B92E68B704DE052A /* ConfirmationButton.h */ = {isa = PBXFileReference; fileEncoding = 4; lastKnownFileType = sourcecode.c.h; path = ConfirmationButton.h; sourceTree = "<group>"; };
		46AE265CA4766B920707FCCC /* DDAbstractDatabaseLogger.m */ = {isa = PBXFileReference; fileEncoding = 4; lastKnownFileType = sourcecode.c.objc; path = DDAbstractDatabaseLogger.m; sourceTree = "<group>"; };
		46AE26790178C8E4EBD9A505 /* ContextFilterLogFormatter.h */ = {isa = PBXFileReference; fileEncoding = 4; lastKnownFileType = sourcecode.c.h; path = ContextFilterLogFormatter.h; sourceTree = "<group>"; };
		46AE26BD08E756878C70251D /* CompleteTaskButton.h */ = {isa = PBXFileReference; fileEncoding = 4; lastKnownFileType = sourcecode.c.h; path = CompleteTaskButton.h; sourceTree = "<group>"; };
		46AE26C1FF629E6F090FFCFF /* RemoteLeg.m */ = {isa = PBXFileReference; fileEncoding = 4; lastKnownFileType = sourcecode.c.objc; path = RemoteLeg.m; sourceTree = "<group>"; };
		46AE26D6BBC630EB0CE4D286 /* MainTableDataSource.m */ = {isa = PBXFileReference; fileEncoding = 4; lastKnownFileType = sourcecode.c.objc; path = MainTableDataSource.m; sourceTree = "<group>"; };
		46AE26E61D5922E9660495D7 /* DispatchQueueLogFormatter.h */ = {isa = PBXFileReference; fileEncoding = 4; lastKnownFileType = sourcecode.c.h; path = DispatchQueueLogFormatter.h; sourceTree = "<group>"; };
		46AE26FFDD69E23BBC21D900 /* MainView.h */ = {isa = PBXFileReference; fileEncoding = 4; lastKnownFileType = sourcecode.c.h; path = MainView.h; sourceTree = "<group>"; };
		46AE272768F24D3A6FB8FC1E /* DBController+Undo.h */ = {isa = PBXFileReference; fileEncoding = 4; lastKnownFileType = sourcecode.c.h; path = "DBController+Undo.h"; sourceTree = "<group>"; };
		46AE27371766C01239F9F130 /* MainTableController+DragAndDrop.h */ = {isa = PBXFileReference; fileEncoding = 4; lastKnownFileType = sourcecode.c.h; path = "MainTableController+DragAndDrop.h"; sourceTree = "<group>"; };
		46AE275F31C7CBD76B7FE493 /* DBController+FastSync.h */ = {isa = PBXFileReference; fileEncoding = 4; lastKnownFileType = sourcecode.c.h; path = "DBController+FastSync.h"; sourceTree = "<group>"; };
		46AE277CBF5F4633016BF7C1 /* CompleteTaskOperation.m */ = {isa = PBXFileReference; fileEncoding = 4; lastKnownFileType = sourcecode.c.objc; path = CompleteTaskOperation.m; sourceTree = "<group>"; };
		46AE27B3785FF74D45399323 /* SyncingLeg.m */ = {isa = PBXFileReference; fileEncoding = 4; lastKnownFileType = sourcecode.c.objc; path = SyncingLeg.m; sourceTree = "<group>"; };
		46AE27BF0223B13465ABEA7D /* DBController+FastSync.m */ = {isa = PBXFileReference; fileEncoding = 4; lastKnownFileType = sourcecode.c.objc; path = "DBController+FastSync.m"; sourceTree = "<group>"; };
		46AE27C81E94D75901538190 /* README.txt */ = {isa = PBXFileReference; fileEncoding = 4; lastKnownFileType = text; path = README.txt; sourceTree = "<group>"; };
		46AE27E1E53770C50885AE60 /* UIView+ScreenshootExtension.h */ = {isa = PBXFileReference; fileEncoding = 4; lastKnownFileType = sourcecode.c.h; path = "UIView+ScreenshootExtension.h"; sourceTree = "<group>"; };
		46AE27EBD57116A04A0408D1 /* RemoteLeg.h */ = {isa = PBXFileReference; fileEncoding = 4; lastKnownFileType = sourcecode.c.h; path = RemoteLeg.h; sourceTree = "<group>"; };
		46AE280F65D25A251BD7190E /* TaskOptionsView.m */ = {isa = PBXFileReference; fileEncoding = 4; lastKnownFileType = sourcecode.c.objc; path = TaskOptionsView.m; sourceTree = "<group>"; };
		46AE28169C473584C7C5B45F /* CGEstimations.m */ = {isa = PBXFileReference; fileEncoding = 4; lastKnownFileType = sourcecode.c.objc; path = CGEstimations.m; sourceTree = "<group>"; };
		46AE28478C828CE118686C86 /* AppMacros.m */ = {isa = PBXFileReference; fileEncoding = 4; lastKnownFileType = sourcecode.c.objc; path = AppMacros.m; sourceTree = "<group>"; };
		46AE284D059876A99DFB85B7 /* SyncGuardService.h */ = {isa = PBXFileReference; fileEncoding = 4; lastKnownFileType = sourcecode.c.h; path = SyncGuardService.h; sourceTree = "<group>"; };
		46AE28A5592332262CB66EC3 /* WrappedButton.m */ = {isa = PBXFileReference; fileEncoding = 4; lastKnownFileType = sourcecode.c.objc; path = WrappedButton.m; sourceTree = "<group>"; };
		46AE28F6DBCCB5E520B95F27 /* DragAndDropHandler.h */ = {isa = PBXFileReference; fileEncoding = 4; lastKnownFileType = sourcecode.c.h; path = DragAndDropHandler.h; sourceTree = "<group>"; };
		46AE29030702D28163B2BB14 /* ReorderTaskOperation.h */ = {isa = PBXFileReference; fileEncoding = 4; lastKnownFileType = sourcecode.c.h; path = ReorderTaskOperation.h; sourceTree = "<group>"; };
		46AE290378A7181609DECFAC /* ResourcesHelper.h */ = {isa = PBXFileReference; fileEncoding = 4; lastKnownFileType = sourcecode.c.h; path = ResourcesHelper.h; sourceTree = "<group>"; };
		46AE2909F0FA738F7A189047 /* Main_iPhone.storyboard */ = {isa = PBXFileReference; lastKnownFileType = file.storyboard; path = Main_iPhone.storyboard; sourceTree = "<group>"; };
		46AE291CCDC7619B9144A932 /* SyncOperation.m */ = {isa = PBXFileReference; fileEncoding = 4; lastKnownFileType = sourcecode.c.objc; path = SyncOperation.m; sourceTree = "<group>"; };
		46AE291EC07BE733D802E1A6 /* RemoteActionsHandler.h */ = {isa = PBXFileReference; fileEncoding = 4; lastKnownFileType = sourcecode.c.h; path = RemoteActionsHandler.h; sourceTree = "<group>"; };
		46AE29254562E4CFE13A7960 /* NSError+Log.m */ = {isa = PBXFileReference; fileEncoding = 4; lastKnownFileType = sourcecode.c.objc; path = "NSError+Log.m"; sourceTree = "<group>"; };
		46AE29452987DA342142AB0B /* RenameOperation.h */ = {isa = PBXFileReference; fileEncoding = 4; lastKnownFileType = sourcecode.c.h; path = RenameOperation.h; sourceTree = "<group>"; };
		46AE29520211A7CB2A4CC530 /* MainViewController.h */ = {isa = PBXFileReference; fileEncoding = 4; lastKnownFileType = sourcecode.c.h; path = MainViewController.h; sourceTree = "<group>"; };
		46AE2969DC9F972724708D92 /* NotificationsObserver.m */ = {isa = PBXFileReference; fileEncoding = 4; lastKnownFileType = sourcecode.c.objc; path = NotificationsObserver.m; sourceTree = "<group>"; };
		46AE297741B5EE56A7A18280 /* MainViewConsts.h */ = {isa = PBXFileReference; fileEncoding = 4; lastKnownFileType = sourcecode.c.h; path = MainViewConsts.h; sourceTree = "<group>"; };
		46AE298CFF8F37B9D8FA3FAB /* DBController.h */ = {isa = PBXFileReference; fileEncoding = 4; lastKnownFileType = sourcecode.c.h; path = DBController.h; sourceTree = "<group>"; };
		46AE299908DB838EC056EA35 /* CancelButton.h */ = {isa = PBXFileReference; fileEncoding = 4; lastKnownFileType = sourcecode.c.h; path = CancelButton.h; sourceTree = "<group>"; };
		46AE29CD123D64C74A0B2541 /* PresentationOverlayView.m */ = {isa = PBXFileReference; fileEncoding = 4; lastKnownFileType = sourcecode.c.objc; path = PresentationOverlayView.m; sourceTree = "<group>"; };
		46AE2A08CB044C41DA1A33EA /* AppMacros.h */ = {isa = PBXFileReference; fileEncoding = 4; lastKnownFileType = sourcecode.c.h; path = AppMacros.h; sourceTree = "<group>"; };
		46AE2A2EF369EA1FA6DA148F /* CompleteTaskButton.m */ = {isa = PBXFileReference; fileEncoding = 4; lastKnownFileType = sourcecode.c.objc; path = CompleteTaskButton.m; sourceTree = "<group>"; };
		46AE2A32406908C37A17C3C7 /* TheNewTaskDialog.h */ = {isa = PBXFileReference; fileEncoding = 4; lastKnownFileType = sourcecode.c.h; path = TheNewTaskDialog.h; sourceTree = "<group>"; };
		46AE2A42699670AEA8148DD0 /* SyncOperation.h */ = {isa = PBXFileReference; fileEncoding = 4; lastKnownFileType = sourcecode.c.h; path = SyncOperation.h; sourceTree = "<group>"; };
		46AE2A4623A8E17D88150A60 /* LocalUserLeg.m */ = {isa = PBXFileReference; fileEncoding = 4; lastKnownFileType = sourcecode.c.objc; path = LocalUserLeg.m; sourceTree = "<group>"; };
		46AE2A6F94B596B531D78DD6 /* MainTableConsts.h */ = {isa = PBXFileReference; fileEncoding = 4; lastKnownFileType = sourcecode.c.h; path = MainTableConsts.h; sourceTree = "<group>"; };
		46AE2A74D6FF53F7B3DB4525 /* AppErrors.h */ = {isa = PBXFileReference; fileEncoding = 4; lastKnownFileType = sourcecode.c.h; path = AppErrors.h; sourceTree = "<group>"; };
		46AE2A9377B157ACE5F35AD1 /* AppMessages.m */ = {isa = PBXFileReference; fileEncoding = 4; lastKnownFileType = sourcecode.c.objc; path = AppMessages.m; sourceTree = "<group>"; };
		46AE2A9A922FD2EF7D6D7FFA /* PresentationOverlayView.h */ = {isa = PBXFileReference; fileEncoding = 4; lastKnownFileType = sourcecode.c.h; path = PresentationOverlayView.h; sourceTree = "<group>"; };
		46AE2AA7E85BC6C84484A095 /* DBController+Undo.m */ = {isa = PBXFileReference; fileEncoding = 4; lastKnownFileType = sourcecode.c.objc; path = "DBController+Undo.m"; sourceTree = "<group>"; };
		46AE2ACD926DD48FF5A75F35 /* DPState.h */ = {isa = PBXFileReference; fileEncoding = 4; lastKnownFileType = sourcecode.c.h; path = DPState.h; sourceTree = "<group>"; };
		46AE2AE1F2F4373B717CCAB6 /* CommonActivityView.m */ = {isa = PBXFileReference; fileEncoding = 4; lastKnownFileType = sourcecode.c.objc; path = CommonActivityView.m; sourceTree = "<group>"; };
		46AE2B3CB6E830576263866D /* STMTaskModifcationType.h */ = {isa = PBXFileReference; fileEncoding = 4; lastKnownFileType = sourcecode.c.h; path = STMTaskModifcationType.h; sourceTree = "<group>"; };
		46AE2B4F013E18A60B809BE6 /* DBController.m */ = {isa = PBXFileReference; fileEncoding = 4; lastKnownFileType = sourcecode.c.objc; path = DBController.m; sourceTree = "<group>"; };
		46AE2B5FD94F1247C666F1D8 /* MainTableStateController.h */ = {isa = PBXFileReference; fileEncoding = 4; lastKnownFileType = sourcecode.c.h; path = MainTableStateController.h; sourceTree = "<group>"; };
		46AE2B618183543F473A461F /* DragAndDropHandler.m */ = {isa = PBXFileReference; fileEncoding = 4; lastKnownFileType = sourcecode.c.objc; path = DragAndDropHandler.m; sourceTree = "<group>"; };
		46AE2BAA399E8958492369A3 /* CommonActivityView.h */ = {isa = PBXFileReference; fileEncoding = 4; lastKnownFileType = sourcecode.c.h; path = CommonActivityView.h; sourceTree = "<group>"; };
		46AE2BC0E04ABB32A7DFE410 /* DeselectTaskButton.m */ = {isa = PBXFileReference; fileEncoding = 4; lastKnownFileType = sourcecode.c.objc; path = DeselectTaskButton.m; sourceTree = "<group>"; };
		46AE2BD6C918267E0C06F612 /* VirtualRemoteActionsHandler.m */ = {isa = PBXFileReference; fileEncoding = 4; lastKnownFileType = sourcecode.c.objc; path = VirtualRemoteActionsHandler.m; sourceTree = "<group>"; };
		46AE2BE7D371E23F667CDF8B /* UIView+ScreenshootExtension.m */ = {isa = PBXFileReference; fileEncoding = 4; lastKnownFileType = sourcecode.c.objc; path = "UIView+ScreenshootExtension.m"; sourceTree = "<group>"; };
		46AE2C344FA95CD5DD9843F6 /* MainTableConsts.m */ = {isa = PBXFileReference; fileEncoding = 4; lastKnownFileType = sourcecode.c.objc; path = MainTableConsts.m; sourceTree = "<group>"; };
		46AE2C5102BC649B877682E5 /* DDFileLogger.h */ = {isa = PBXFileReference; fileEncoding = 4; lastKnownFileType = sourcecode.c.h; path = DDFileLogger.h; sourceTree = "<group>"; };
		46AE2C62220A53387B3AFF2C /* DBController+Internal.m */ = {isa = PBXFileReference; fileEncoding = 4; lastKnownFileType = sourcecode.c.objc; path = "DBController+Internal.m"; sourceTree = "<group>"; };
		46AE2C76FD9F949669985F67 /* DDTTYLogger.m */ = {isa = PBXFileReference; fileEncoding = 4; lastKnownFileType = sourcecode.c.objc; path = DDTTYLogger.m; sourceTree = "<group>"; };
		46AE2C79C37B185F5BC1227F /* CommonNotifications.h */ = {isa = PBXFileReference; fileEncoding = 4; lastKnownFileType = sourcecode.c.h; path = CommonNotifications.h; sourceTree = "<group>"; };
		46AE2C9120B6071E643F759C /* TaskOptionsDelegate.h */ = {isa = PBXFileReference; fileEncoding = 4; lastKnownFileType = sourcecode.c.h; path = TaskOptionsDelegate.h; sourceTree = "<group>"; };
		46AE2C92747F36475A9CAC8F /* DDAbstractDatabaseLogger.h */ = {isa = PBXFileReference; fileEncoding = 4; lastKnownFileType = sourcecode.c.h; path = DDAbstractDatabaseLogger.h; sourceTree = "<group>"; };
		46AE2C981F6BC01BC008370C /* TheNewTaskDialog.m */ = {isa = PBXFileReference; fileEncoding = 4; lastKnownFileType = sourcecode.c.objc; path = TheNewTaskDialog.m; sourceTree = "<group>"; };
		46AE2C9AB1BFB9B989FB8F8E /* UserActionsHelperControllerDelegate.h */ = {isa = PBXFileReference; fileEncoding = 4; lastKnownFileType = sourcecode.c.h; path = UserActionsHelperControllerDelegate.h; sourceTree = "<group>"; };
		46AE2C9BEE5BA91321C9D98E /* SyncNotificationsObserver.m */ = {isa = PBXFileReference; fileEncoding = 4; lastKnownFileType = sourcecode.c.objc; path = SyncNotificationsObserver.m; sourceTree = "<group>"; };
		46AE2CE63C4743869827F4E8 /* TaskTableViewCell.h */ = {isa = PBXFileReference; fileEncoding = 4; lastKnownFileType = sourcecode.c.h; path = TaskTableViewCell.h; sourceTree = "<group>"; };
		46AE2CE69B3BABBCC7C8AD48 /* SingleOperation.h */ = {isa = PBXFileReference; fileEncoding = 4; lastKnownFileType = sourcecode.c.h; path = SingleOperation.h; sourceTree = "<group>"; };
		46AE2CF9D3F1C28A5CBDE725 /* DBController+BasicActions.h */ = {isa = PBXFileReference; fileEncoding = 4; lastKnownFileType = sourcecode.c.h; path = "DBController+BasicActions.h"; sourceTree = "<group>"; };
		46AE2D32702E0672E728A97A /* MainView.m */ = {isa = PBXFileReference; fileEncoding = 4; lastKnownFileType = sourcecode.c.objc; path = MainView.m; sourceTree = "<group>"; };
		46AE2D4ABDF3676B637141C3 /* DeselectTaskButton.h */ = {isa = PBXFileReference; fileEncoding = 4; lastKnownFileType = sourcecode.c.h; path = DeselectTaskButton.h; sourceTree = "<group>"; };
		46AE2D54B672A37AB40BCA7D /* ReorderTaskOperation.m */ = {isa = PBXFileReference; fileEncoding = 4; lastKnownFileType = sourcecode.c.objc; path = ReorderTaskOperation.m; sourceTree = "<group>"; };
		46AE2D72188505ABE135A015 /* AppColors.m */ = {isa = PBXFileReference; fileEncoding = 4; lastKnownFileType = sourcecode.c.objc; path = AppColors.m; sourceTree = "<group>"; };
		46AE2D79C0CC5F96056529D3 /* ResourcesHelper.m */ = {isa = PBXFileReference; fileEncoding = 4; lastKnownFileType = sourcecode.c.objc; path = ResourcesHelper.m; sourceTree = "<group>"; };
		46AE2DB01D115BBC354C0755 /* MainTableController.m */ = {isa = PBXFileReference; fileEncoding = 4; lastKnownFileType = sourcecode.c.objc; path = MainTableController.m; sourceTree = "<group>"; };
		46AE2DBE02166460988D0C28 /* TheNewTaskButton.m */ = {isa = PBXFileReference; fileEncoding = 4; lastKnownFileType = sourcecode.c.objc; path = TheNewTaskButton.m; sourceTree = "<group>"; };
		46AE2DDC84F3D49BDF480F09 /* DispatchQueueLogFormatter.m */ = {isa = PBXFileReference; fileEncoding = 4; lastKnownFileType = sourcecode.c.objc; path = DispatchQueueLogFormatter.m; sourceTree = "<group>"; };
		46AE2DFF82FF3F7D8F86D9FC /* MainTableStateController.m */ = {isa = PBXFileReference; fileEncoding = 4; lastKnownFileType = sourcecode.c.objc; path = MainTableStateController.m; sourceTree = "<group>"; };
		46AE2E08FC8F8130C452D6B0 /* WindowHelper.m */ = {isa = PBXFileReference; fileEncoding = 4; lastKnownFileType = sourcecode.c.objc; path = WindowHelper.m; sourceTree = "<group>"; };
		46AE2E142BD4516E515AB33B /* STMTaskModel.h */ = {isa = PBXFileReference; fileEncoding = 4; lastKnownFileType = sourcecode.c.h; path = STMTaskModel.h; sourceTree = "<group>"; };
		46AE2E1C02D2E169FDDBEA3C /* AddTaskOperation.h */ = {isa = PBXFileReference; fileEncoding = 4; lastKnownFileType = sourcecode.c.h; path = AddTaskOperation.h; sourceTree = "<group>"; };
		46AE2E440FA35E30C64C0F7D /* CompleteTaskOperation.h */ = {isa = PBXFileReference; fileEncoding = 4; lastKnownFileType = sourcecode.c.h; path = CompleteTaskOperation.h; sourceTree = "<group>"; };
		46AE2E44D90424E32F0C8542 /* CommonNotifications.m */ = {isa = PBXFileReference; fileEncoding = 4; lastKnownFileType = sourcecode.c.objc; path = CommonNotifications.m; sourceTree = "<group>"; };
		46AE2E46D8A7DE64E1999F81 /* PresentationOverlayView+Hints.m */ = {isa = PBXFileReference; fileEncoding = 4; lastKnownFileType = sourcecode.c.objc; path = "PresentationOverlayView+Hints.m"; sourceTree = "<group>"; };
		46AE2E5ABC8A627002CE4717 /* PresentationOverlayView+TheNewTaskDialogHandling.h */ = {isa = PBXFileReference; fileEncoding = 4; lastKnownFileType = sourcecode.c.h; path = "PresentationOverlayView+TheNewTaskDialogHandling.h"; sourceTree = "<group>"; };
		46AE2E5B0762ABF0B824AA90 /* DBAccess.h */ = {isa = PBXFileReference; fileEncoding = 4; lastKnownFileType = sourcecode.c.h; path = DBAccess.h; sourceTree = "<group>"; };
		46AE2E61952B5BCAF1AFA617 /* STMTask.h */ = {isa = PBXFileReference; fileEncoding = 4; lastKnownFileType = sourcecode.c.h; path = STMTask.h; sourceTree = "<group>"; };
		46AE2E631B2AA753182DD123 /* DDLog.m */ = {isa = PBXFileReference; fileEncoding = 4; lastKnownFileType = sourcecode.c.objc; path = DDLog.m; sourceTree = "<group>"; };
		46AE2E6519D021D83F36EE52 /* SyncingLegProtocol.h */ = {isa = PBXFileReference; fileEncoding = 4; lastKnownFileType = sourcecode.c.h; path = SyncingLegProtocol.h; sourceTree = "<group>"; };
		46AE2E7F9F4726B9CC4DD8B2 /* MainTableController+SelectedItem.m */ = {isa = PBXFileReference; fileEncoding = 4; lastKnownFileType = sourcecode.c.objc; path = "MainTableController+SelectedItem.m"; sourceTree = "<group>"; };
		46AE2E8F2EB27D6CA7E68764 /* ConfirmationButton.m */ = {isa = PBXFileReference; fileEncoding = 4; lastKnownFileType = sourcecode.c.objc; path = ConfirmationButton.m; sourceTree = "<group>"; };
		46AE2EAA806AAC6671007634 /* LICENSE.txt */ = {isa = PBXFileReference; fileEncoding = 4; lastKnownFileType = text; path = LICENSE.txt; sourceTree = "<group>"; };
		46AE2ED0E906B3FDC973DFD1 /* PresentationOverlayView+Constraints.m */ = {isa = PBXFileReference; fileEncoding = 4; lastKnownFileType = sourcecode.c.objc; path = "PresentationOverlayView+Constraints.m"; sourceTree = "<group>"; };
		46AE2EF0D288C7BF6BC90F48 /* TaskTableViewCell.m */ = {isa = PBXFileReference; fileEncoding = 4; lastKnownFileType = sourcecode.c.objc; path = TaskTableViewCell.m; sourceTree = "<group>"; };
		46AE2F082ED3165301B7D05A /* DBConsts.h */ = {isa = PBXFileReference; fileEncoding = 4; lastKnownFileType = sourcecode.c.h; path = DBConsts.h; sourceTree = "<group>"; };
		46AE2F09AA5AF3BF86B6F267 /* UserActionsHelperViewDelegate.h */ = {isa = PBXFileReference; fileEncoding = 4; lastKnownFileType = sourcecode.c.h; path = UserActionsHelperViewDelegate.h; sourceTree = "<group>"; };
		46AE2F1CA69F9FA8429C28E5 /* MainViewConsts.m */ = {isa = PBXFileReference; fileEncoding = 4; lastKnownFileType = sourcecode.c.objc; path = MainViewConsts.m; sourceTree = "<group>"; };
		46AE2F6D810EECB17E24B67E /* DDASLLogger.h */ = {isa = PBXFileReference; fileEncoding = 4; lastKnownFileType = sourcecode.c.h; path = DDASLLogger.h; sourceTree = "<group>"; };
		46AE2F787F03E57EFE1840F8 /* STMTaskModel.m */ = {isa = PBXFileReference; fileEncoding = 4; lastKnownFileType = sourcecode.c.objc; path = STMTaskModel.m; sourceTree = "<group>"; };
		46AE2F958FD5F01A795332EB /* SyncingLeg.h */ = {isa = PBXFileReference; fileEncoding = 4; lastKnownFileType = sourcecode.c.h; path = SyncingLeg.h; sourceTree = "<group>"; };
		46AE2F98D42FA6190681F715 /* NotificationsSender.h */ = {isa = PBXFileReference; fileEncoding = 4; lastKnownFileType = sourcecode.c.h; path = NotificationsSender.h; sourceTree = "<group>"; };
		46AE2FDAD54299AC624CBA17 /* PresentationOverlayView+TaskOptions.h */ = {isa = PBXFileReference; fileEncoding = 4; lastKnownFileType = sourcecode.c.h; path = "PresentationOverlayView+TaskOptions.h"; sourceTree = "<group>"; };
		46AE2FE512E06F60583C608B /* DDASLLogger.m */ = {isa = PBXFileReference; fileEncoding = 4; lastKnownFileType = sourcecode.c.objc; path = DDASLLogger.m; sourceTree = "<group>"; };
		46AE2FEC52CB4E94B7B9D98D /* MainTableDataSource.h */ = {isa = PBXFileReference; fileEncoding = 4; lastKnownFileType = sourcecode.c.h; path = MainTableDataSource.h; sourceTree = "<group>"; };
		46AE2FF66ED81A46B635A7C0 /* NSError+Log.h */ = {isa = PBXFileReference; fileEncoding = 4; lastKnownFileType = sourcecode.c.h; path = "NSError+Log.h"; sourceTree = "<group>"; };
		EA34DA5218CD493B0042CDA9 /* SimpleTaskManager.xcdatamodel */ = {isa = PBXFileReference; lastKnownFileType = wrapper.xcdatamodel; path = SimpleTaskManager.xcdatamodel; sourceTree = "<group>"; };
		EA3D0E0618CB6B9C00CB333E /* SimpleTaskManager.app */ = {isa = PBXFileReference; explicitFileType = wrapper.application; includeInIndex = 0; path = SimpleTaskManager.app; sourceTree = BUILT_PRODUCTS_DIR; };
		EA3D0E0918CB6B9C00CB333E /* Foundation.framework */ = {isa = PBXFileReference; lastKnownFileType = wrapper.framework; name = Foundation.framework; path = System/Library/Frameworks/Foundation.framework; sourceTree = SDKROOT; };
		EA3D0E0B18CB6B9C00CB333E /* CoreGraphics.framework */ = {isa = PBXFileReference; lastKnownFileType = wrapper.framework; name = CoreGraphics.framework; path = System/Library/Frameworks/CoreGraphics.framework; sourceTree = SDKROOT; };
		EA3D0E0D18CB6B9C00CB333E /* UIKit.framework */ = {isa = PBXFileReference; lastKnownFileType = wrapper.framework; name = UIKit.framework; path = System/Library/Frameworks/UIKit.framework; sourceTree = SDKROOT; };
		EA3D0E0F18CB6B9C00CB333E /* CoreData.framework */ = {isa = PBXFileReference; lastKnownFileType = wrapper.framework; name = CoreData.framework; path = System/Library/Frameworks/CoreData.framework; sourceTree = SDKROOT; };
		EA3D0E1318CB6B9C00CB333E /* SimpleTaskManager-Info.plist */ = {isa = PBXFileReference; lastKnownFileType = text.plist.xml; path = "SimpleTaskManager-Info.plist"; sourceTree = "<group>"; };
		EA3D0E1518CB6B9C00CB333E /* en */ = {isa = PBXFileReference; lastKnownFileType = text.plist.strings; name = en; path = en.lproj/InfoPlist.strings; sourceTree = "<group>"; };
		EA3D0E1718CB6B9C00CB333E /* main.m */ = {isa = PBXFileReference; lastKnownFileType = sourcecode.c.objc; path = main.m; sourceTree = "<group>"; };
		EA3D0E1918CB6B9C00CB333E /* SimpleTaskManager-Prefix.pch */ = {isa = PBXFileReference; lastKnownFileType = sourcecode.c.h; path = "SimpleTaskManager-Prefix.pch"; sourceTree = "<group>"; };
		EA3D0E1A18CB6B9C00CB333E /* AppDelegate.h */ = {isa = PBXFileReference; lastKnownFileType = sourcecode.c.h; path = AppDelegate.h; sourceTree = "<group>"; };
		EA3D0E1B18CB6B9C00CB333E /* AppDelegate.m */ = {isa = PBXFileReference; lastKnownFileType = sourcecode.c.objc; path = AppDelegate.m; sourceTree = "<group>"; };
		EA3D0E2018CB6B9C00CB333E /* Images.xcassets */ = {isa = PBXFileReference; lastKnownFileType = folder.assetcatalog; path = Images.xcassets; sourceTree = "<group>"; };
		EA3D0E2618CB6B9C00CB333E /* SimpleTaskManagerTests.xctest */ = {isa = PBXFileReference; explicitFileType = wrapper.cfbundle; includeInIndex = 0; path = SimpleTaskManagerTests.xctest; sourceTree = BUILT_PRODUCTS_DIR; };
		EA3D0E2718CB6B9C00CB333E /* XCTest.framework */ = {isa = PBXFileReference; lastKnownFileType = wrapper.framework; name = XCTest.framework; path = Library/Frameworks/XCTest.framework; sourceTree = DEVELOPER_DIR; };
		EA3D0E3018CB6B9C00CB333E /* SimpleTaskManagerTests-Info.plist */ = {isa = PBXFileReference; lastKnownFileType = text.plist.xml; path = "SimpleTaskManagerTests-Info.plist"; sourceTree = "<group>"; };
		EA3D0E3218CB6B9C00CB333E /* en */ = {isa = PBXFileReference; lastKnownFileType = text.plist.strings; name = en; path = en.lproj/InfoPlist.strings; sourceTree = "<group>"; };
		EA3D0E3418CB6B9C00CB333E /* SimpleTaskManagerTests.m */ = {isa = PBXFileReference; lastKnownFileType = sourcecode.c.objc; path = SimpleTaskManagerTests.m; sourceTree = "<group>"; };
		EAE3DBC518D5F21A004F6A29 /* image_checked_checkbox_64x64.png */ = {isa = PBXFileReference; lastKnownFileType = image.png; name = image_checked_checkbox_64x64.png; path = img/image_checked_checkbox_64x64.png; sourceTree = "<group>"; };
		EAE3DBC618D5F21A004F6A29 /* image_checked_checkbox_64x64@2x.png */ = {isa = PBXFileReference; lastKnownFileType = image.png; name = "image_checked_checkbox_64x64@2x.png"; path = "img/image_checked_checkbox_64x64@2x.png"; sourceTree = "<group>"; };
/* End PBXFileReference section */

/* Begin PBXFrameworksBuildPhase section */
		EA3D0E0318CB6B9C00CB333E /* Frameworks */ = {
			isa = PBXFrameworksBuildPhase;
			buildActionMask = 2147483647;
			files = (
				EA3D0E0C18CB6B9C00CB333E /* CoreGraphics.framework in Frameworks */,
				EA3D0E1018CB6B9C00CB333E /* CoreData.framework in Frameworks */,
				EA3D0E0E18CB6B9C00CB333E /* UIKit.framework in Frameworks */,
				EA3D0E0A18CB6B9C00CB333E /* Foundation.framework in Frameworks */,
			);
			runOnlyForDeploymentPostprocessing = 0;
		};
		EA3D0E2318CB6B9C00CB333E /* Frameworks */ = {
			isa = PBXFrameworksBuildPhase;
			buildActionMask = 2147483647;
			files = (
				EA3D0E2818CB6B9C00CB333E /* XCTest.framework in Frameworks */,
				EA3D0E2B18CB6B9C00CB333E /* CoreData.framework in Frameworks */,
				EA3D0E2A18CB6B9C00CB333E /* UIKit.framework in Frameworks */,
				EA3D0E2918CB6B9C00CB333E /* Foundation.framework in Frameworks */,
			);
			runOnlyForDeploymentPostprocessing = 0;
		};
/* End PBXFrameworksBuildPhase section */

/* Begin PBXGroup section */
		46AE2043AC3CF360906479AF /* D&D */ = {
			isa = PBXGroup;
			children = (
				46AE28F6DBCCB5E520B95F27 /* DragAndDropHandler.h */,
				46AE2B618183543F473A461F /* DragAndDropHandler.m */,
			);
			path = "D&D";
			sourceTree = "<group>";
		};
		46AE2098E77DB6A31A0F5F68 /* Resources */ = {
			isa = PBXGroup;
			children = (
				EAE3DBC518D5F21A004F6A29 /* image_checked_checkbox_64x64.png */,
				EAE3DBC618D5F21A004F6A29 /* image_checked_checkbox_64x64@2x.png */,
			);
			path = Resources;
			sourceTree = "<group>";
		};
		46AE2245ECA0CE19C9F0C24E /* Common */ = {
			isa = PBXGroup;
			children = (
				46AE234745D2603E3E1FB1AB /* DBConsts.m */,
				46AE2F082ED3165301B7D05A /* DBConsts.h */,
				46AE2B3CB6E830576263866D /* STMTaskModifcationType.h */,
			);
			path = Common;
			sourceTree = "<group>";
		};
		46AE2378F190CB14F25945C8 /* MainTableDataSource */ = {
			isa = PBXGroup;
			children = (
				46AE26D6BBC630EB0CE4D286 /* MainTableDataSource.m */,
				46AE2FEC52CB4E94B7B9D98D /* MainTableDataSource.h */,
				46AE23C2A97DC0521E6B2BA2 /* MainTableDataSourceDelegate.h */,
			);
			path = MainTableDataSource;
			sourceTree = "<group>";
		};
		46AE2389EFF6DDA685A8780B /* TheNewTask */ = {
			isa = PBXGroup;
			children = (
				46AE2C981F6BC01BC008370C /* TheNewTaskDialog.m */,
				46AE2A32406908C37A17C3C7 /* TheNewTaskDialog.h */,
				46AE20892BC06D5AC3C5C78F /* TheNewTaskButton.h */,
				46AE2DBE02166460988D0C28 /* TheNewTaskButton.m */,
				46AE22292126082349121128 /* CancelButton.m */,
				46AE299908DB838EC056EA35 /* CancelButton.h */,
				46AE2656B92E68B704DE052A /* ConfirmationButton.h */,
				46AE2E8F2EB27D6CA7E68764 /* ConfirmationButton.m */,
			);
			path = TheNewTask;
			sourceTree = "<group>";
		};
		46AE239A8D09100CF7B7113A /* Remote */ = {
			isa = PBXGroup;
			children = (
				46AE26C1FF629E6F090FFCFF /* RemoteLeg.m */,
				46AE27EBD57116A04A0408D1 /* RemoteLeg.h */,
				46AE237EA8E59CF3C97D72EB /* RemoteConnection.m */,
				46AE23B50794EBFC6601358F /* RemoteConnection.h */,
				46AE21A4D93ACDA7AB35E469 /* RemoteActionsHandler.m */,
				46AE291EC07BE733D802E1A6 /* RemoteActionsHandler.h */,
				46AE2BD6C918267E0C06F612 /* VirtualRemoteActionsHandler.m */,
				46AE24CC8ED1A00E4EDA8696 /* VirtualRemoteActionsHandler.h */,
			);
			path = Remote;
			sourceTree = "<group>";
		};
		46AE23C2BEE895B21DA40652 /* Common */ = {
			isa = PBXGroup;
			children = (
				46AE2C344FA95CD5DD9843F6 /* MainTableConsts.m */,
				46AE2A6F94B596B531D78DD6 /* MainTableConsts.h */,
			);
			path = Common;
			sourceTree = "<group>";
		};
		46AE23F23772A8774C0104AB /* View */ = {
			isa = PBXGroup;
			children = (
				46AE26FFDD69E23BBC21D900 /* MainView.h */,
				46AE2D32702E0672E728A97A /* MainView.m */,
			);
			path = View;
			sourceTree = "<group>";
		};
		46AE2533F9B07B8005FE4E0C /* Common */ = {
			isa = PBXGroup;
			children = (
				46AE2D72188505ABE135A015 /* AppColors.m */,
				46AE25EFB32E6C711250F83A /* AppColors.h */,
				46AE25FD85290A458E703B16 /* ManagedOperation.m */,
				46AE255647B2256E6A025575 /* ManagedOperation.h */,
				46AE224459749A291566D1C8 /* AppMessages.h */,
				46AE2A9377B157ACE5F35AD1 /* AppMessages.m */,
				46AE2A74D6FF53F7B3DB4525 /* AppErrors.h */,
				46AE2A08CB044C41DA1A33EA /* AppMacros.h */,
				46AE28478C828CE118686C86 /* AppMacros.m */,
				46AE20107E45243E055C4118 /* AppErrors.m */,
			);
			path = Common;
			sourceTree = "<group>";
		};
		46AE2568616437F9A113B98E /* PresentationOverlay */ = {
			isa = PBXGroup;
			children = (
				46AE29CD123D64C74A0B2541 /* PresentationOverlayView.m */,
				46AE2A9A922FD2EF7D6D7FFA /* PresentationOverlayView.h */,
				46AE2FDAD54299AC624CBA17 /* PresentationOverlayView+TaskOptions.h */,
				46AE24A20AD786C9B6E43AC7 /* PresentationOverlayView+Hints.h */,
				46AE22B3A160C9E642786843 /* PresentationOverlayView+TheNewTaskDialogHandling.m */,
				46AE257FDF28F53ACD827FA7 /* PresentationOverlayView+Constraints.h */,
				46AE2E46D8A7DE64E1999F81 /* PresentationOverlayView+Hints.m */,
				46AE2E5ABC8A627002CE4717 /* PresentationOverlayView+TheNewTaskDialogHandling.h */,
				46AE247D66BE909DBABA0ECF /* PresentationOverlayView+TaskOptions.m */,
				46AE2ED0E906B3FDC973DFD1 /* PresentationOverlayView+Constraints.m */,
			);
			path = PresentationOverlay;
			sourceTree = "<group>";
		};
		46AE25ABC799AED83347EC70 /* Entities */ = {
			isa = PBXGroup;
			children = (
				46AE2E61952B5BCAF1AFA617 /* STMTask.h */,
				46AE2E142BD4516E515AB33B /* STMTaskModel.h */,
				46AE2F787F03E57EFE1840F8 /* STMTaskModel.m */,
				46AE24FEE7E06BB54039C52F /* STMTask.m */,
			);
			path = Entities;
			sourceTree = "<group>";
		};
		46AE25BE3D7562F4680EAD0E /* Extensions */ = {
			isa = PBXGroup;
			children = (
				46AE27C81E94D75901538190 /* README.txt */,
				46AE26790178C8E4EBD9A505 /* ContextFilterLogFormatter.h */,
				46AE22ECD2D1C47A1FD3CD1E /* ContextFilterLogFormatter.m */,
				46AE26E61D5922E9660495D7 /* DispatchQueueLogFormatter.h */,
				46AE2DDC84F3D49BDF480F09 /* DispatchQueueLogFormatter.m */,
			);
			path = Extensions;
			sourceTree = "<group>";
		};
		46AE25D8321C1B7EF8F40BB6 /* LocalUser */ = {
			isa = PBXGroup;
			children = (
				46AE2A4623A8E17D88150A60 /* LocalUserLeg.m */,
				46AE244B2DC1C1DE13B6FD4B /* LocalUserLeg.h */,
			);
			path = LocalUser;
			sourceTree = "<group>";
		};
		46AE26526DD261DC853DC386 /* Categories */ = {
			isa = PBXGroup;
			children = (
				46AE27E1E53770C50885AE60 /* UIView+ScreenshootExtension.h */,
				46AE2BE7D371E23F667CDF8B /* UIView+ScreenshootExtension.m */,
				46AE29254562E4CFE13A7960 /* NSError+Log.m */,
				46AE2FF66ED81A46B635A7C0 /* NSError+Log.h */,
			);
			path = Categories;
			sourceTree = "<group>";
		};
		46AE2670BC8E8983315E3C4F /* Controller */ = {
			isa = PBXGroup;
			children = (
				46AE25319A3E0BE4F74DF356 /* UserActionsController.h */,
				46AE23DCD25D99401BDFDA75 /* UserActionsController.m */,
			);
			path = Controller;
			sourceTree = "<group>";
		};
		46AE26F92822CA4F971B2E91 /* Controller */ = {
			isa = PBXGroup;
			children = (
				46AE2DB01D115BBC354C0755 /* MainTableController.m */,
				46AE247999C7ABCB39C52F84 /* MainTableController.h */,
				46AE23C9F40E6BE7FB4E26E8 /* MainTableController+DragAndDrop.m */,
				46AE27371766C01239F9F130 /* MainTableController+DragAndDrop.h */,
				46AE2E7F9F4726B9CC4DD8B2 /* MainTableController+SelectedItem.m */,
				46AE24F94DD51897D87D4744 /* MainTableController+SelectedItem.h */,
				46AE2378F190CB14F25945C8 /* MainTableDataSource */,
				46AE2DFF82FF3F7D8F86D9FC /* MainTableStateController.m */,
				46AE2B5FD94F1247C666F1D8 /* MainTableStateController.h */,
			);
			path = Controller;
			sourceTree = "<group>";
		};
		46AE274E1592D16279894771 /* MainView */ = {
			isa = PBXGroup;
			children = (
				46AE2C88549F0FE9D940BC38 /* Protocols */,
				46AE2863362DC6A5D896C3A3 /* Controller */,
				46AE2C280E4FCAF59ECF8408 /* Subitems */,
				46AE288D513E3EE51386D63E /* Common */,
				46AE2B50EA42F0C52CF7369F /* Resources */,
				46AE23F23772A8774C0104AB /* View */,
				46AE2D027CCFB286C1220159 /* MainTable */,
				46AE2568616437F9A113B98E /* PresentationOverlay */,
			);
			path = MainView;
			sourceTree = "<group>";
		};
		46AE27AB981777D814E13894 /* TaskOptions */ = {
			isa = PBXGroup;
			children = (
				46AE280F65D25A251BD7190E /* TaskOptionsView.m */,
				46AE22FEEE3AAF7859F48963 /* TaskOptionsView.h */,
				46AE2C9120B6071E643F759C /* TaskOptionsDelegate.h */,
				46AE2BC0E04ABB32A7DFE410 /* DeselectTaskButton.m */,
				46AE2A2EF369EA1FA6DA148F /* CompleteTaskButton.m */,
				46AE2D4ABDF3676B637141C3 /* DeselectTaskButton.h */,
				46AE26BD08E756878C70251D /* CompleteTaskButton.h */,
			);
			path = TaskOptions;
			sourceTree = "<group>";
		};
		46AE27D48751AB2E90203B60 /* CustomUI */ = {
			isa = PBXGroup;
			children = (
				46AE28A5592332262CB66EC3 /* WrappedButton.m */,
				46AE202FABC21C396A111026 /* WrappedButton.h */,
				46AE2BAA399E8958492369A3 /* CommonActivityView.h */,
				46AE2AE1F2F4373B717CCAB6 /* CommonActivityView.m */,
			);
			path = CustomUI;
			sourceTree = "<group>";
		};
		46AE2863362DC6A5D896C3A3 /* Controller */ = {
			isa = PBXGroup;
			children = (
				46AE22D87A98C0287A2AFEFC /* MainViewController.m */,
				46AE29520211A7CB2A4CC530 /* MainViewController.h */,
				46AE24753C5F5F63EE2B4DCA /* MainViewControllerNotificationsObserver.m */,
				46AE208889623F546496B628 /* MainViewControllerNotificationsObserver.h */,
			);
			path = Controller;
			sourceTree = "<group>";
		};
		46AE288D513E3EE51386D63E /* Common */ = {
			isa = PBXGroup;
			children = (
				46AE297741B5EE56A7A18280 /* MainViewConsts.h */,
				46AE2F1CA69F9FA8429C28E5 /* MainViewConsts.m */,
			);
			path = Common;
			sourceTree = "<group>";
		};
		46AE2A8E476B0452FE9950D8 /* SyncNotifications */ = {
			isa = PBXGroup;
			children = (
				46AE2C9BEE5BA91321C9D98E /* SyncNotificationsObserver.m */,
				46AE24E0C1AD33FC4634E090 /* SyncNotificationsObserver.h */,
			);
			path = SyncNotifications;
			sourceTree = "<group>";
		};
		46AE2ACD875439BC8EC35270 /* Helpers */ = {
			isa = PBXGroup;
			children = (
				46AE28169C473584C7C5B45F /* CGEstimations.m */,
				46AE20A9055962495CAAC61F /* CGEstimations.h */,
				46AE2D79C0CC5F96056529D3 /* ResourcesHelper.m */,
				46AE290378A7181609DECFAC /* ResourcesHelper.h */,
				46AE2E08FC8F8130C452D6B0 /* WindowHelper.m */,
				46AE221659985B4C18DB4C92 /* WindowHelper.h */,
				46AE2043AC3CF360906479AF /* D&D */,
			);
			path = Helpers;
			sourceTree = "<group>";
		};
		46AE2B1A1B2EB110FF1ECAC5 /* Notifications */ = {
			isa = PBXGroup;
			children = (
				46AE2C79C37B185F5BC1227F /* CommonNotifications.h */,
				46AE2E44D90424E32F0C8542 /* CommonNotifications.m */,
				46AE2F98D42FA6190681F715 /* NotificationsSender.h */,
				46AE20A67A3FBD648624AE71 /* NotificationsSender.m */,
				46AE25B6F48C9B87CD40D5B5 /* NotificationsObserver.h */,
				46AE2969DC9F972724708D92 /* NotificationsObserver.m */,
				46AE2A8E476B0452FE9950D8 /* SyncNotifications */,
			);
			path = Notifications;
			sourceTree = "<group>";
		};
		46AE2B50EA42F0C52CF7369F /* Resources */ = {
			isa = PBXGroup;
			children = (
				46AE2909F0FA738F7A189047 /* Main_iPhone.storyboard */,
				46AE23CED9E8C84B06A74B6A /* Main_iPad.storyboard */,
			);
			path = Resources;
			sourceTree = "<group>";
		};
		46AE2BBEA3A7E22606B92680 /* Protocols */ = {
			isa = PBXGroup;
			children = (
				46AE2F09AA5AF3BF86B6F267 /* UserActionsHelperViewDelegate.h */,
				46AE2C9AB1BFB9B989FB8F8E /* UserActionsHelperControllerDelegate.h */,
			);
			path = Protocols;
			sourceTree = "<group>";
		};
		46AE2BD07C6AA382B265BC87 /* SyncingLegs */ = {
			isa = PBXGroup;
			children = (
				46AE27B3785FF74D45399323 /* SyncingLeg.m */,
				46AE2F958FD5F01A795332EB /* SyncingLeg.h */,
				46AE239A8D09100CF7B7113A /* Remote */,
				46AE25D8321C1B7EF8F40BB6 /* LocalUser */,
				46AE2E6519D021D83F36EE52 /* SyncingLegProtocol.h */,
			);
			path = SyncingLegs;
			sourceTree = "<group>";
		};
		46AE2C280E4FCAF59ECF8408 /* Subitems */ = {
			isa = PBXGroup;
			children = (
				46AE2DD88EC29F796A847809 /* UserActions */,
			);
			path = Subitems;
			sourceTree = "<group>";
		};
		46AE2C43A3EEE0C556F8C552 /* Lumberjack */ = {
			isa = PBXGroup;
			children = (
				46AE22CB58FB49DD429B1816 /* DDLog.h */,
				46AE2E631B2AA753182DD123 /* DDLog.m */,
				46AE25BE3D7562F4680EAD0E /* Extensions */,
				46AE2EAA806AAC6671007634 /* LICENSE.txt */,
				46AE2F6D810EECB17E24B67E /* DDASLLogger.h */,
				46AE2FE512E06F60583C608B /* DDASLLogger.m */,
				46AE213846FBC49661E8DD72 /* DDTTYLogger.h */,
				46AE2C76FD9F949669985F67 /* DDTTYLogger.m */,
				46AE2C5102BC649B877682E5 /* DDFileLogger.h */,
				46AE200C40F76326A469B578 /* DDFileLogger.m */,
				46AE2C92747F36475A9CAC8F /* DDAbstractDatabaseLogger.h */,
				46AE265CA4766B920707FCCC /* DDAbstractDatabaseLogger.m */,
			);
			path = Lumberjack;
			sourceTree = "<group>";
		};
		46AE2C88549F0FE9D940BC38 /* Protocols */ = {
			isa = PBXGroup;
			children = (
				46AE222B601D6276546DD898 /* MainTableControllerDelegate.h */,
			);
			path = Protocols;
			sourceTree = "<group>";
		};
		46AE2C941FF36BCD7698E00E /* Operations */ = {
			isa = PBXGroup;
			children = (
				46AE204ADA1B20EFC9AAA74E /* SingleOperation.m */,
				46AE2CE69B3BABBCC7C8AD48 /* SingleOperation.h */,
				46AE219C90324AF8FC5B8888 /* SingleOperationDelegate.h */,
				46AE255ADD79A2ACDDFE08E5 /* AddTaskOperation.m */,
				46AE2E1C02D2E169FDDBEA3C /* AddTaskOperation.h */,
				46AE277CBF5F4633016BF7C1 /* CompleteTaskOperation.m */,
				46AE2E440FA35E30C64C0F7D /* CompleteTaskOperation.h */,
				46AE2D54B672A37AB40BCA7D /* ReorderTaskOperation.m */,
				46AE29030702D28163B2BB14 /* ReorderTaskOperation.h */,
				46AE291CCDC7619B9144A932 /* SyncOperation.m */,
				46AE2A42699670AEA8148DD0 /* SyncOperation.h */,
				46AE29452987DA342142AB0B /* RenameOperation.h */,
				46AE214CAA6AD25D5BFE6A36 /* RenameOperation.m */,
			);
			path = Operations;
			sourceTree = "<group>";
		};
		46AE2D027CCFB286C1220159 /* MainTable */ = {
			isa = PBXGroup;
			children = (
				46AE26F92822CA4F971B2E91 /* Controller */,
				46AE2DB684B7511D4477442D /* View */,
				46AE23C2BEE895B21DA40652 /* Common */,
			);
			path = MainTable;
			sourceTree = "<group>";
		};
		46AE2D2B4BF04739220749AA /* View */ = {
			isa = PBXGroup;
			children = (
				46AE2ECF62383C87D63FAEA8 /* SubViews */,
			);
			path = View;
			sourceTree = "<group>";
		};
		46AE2D620750E088082C4DFC /* Model */ = {
			isa = PBXGroup;
			children = (
				EA34DA5118CD493B0042CDA9 /* SimpleTaskManager.xcdatamodeld */,
			);
			path = Model;
			sourceTree = "<group>";
		};
		46AE2DB684B7511D4477442D /* View */ = {
			isa = PBXGroup;
			children = (
				46AE2EF0D288C7BF6BC90F48 /* TaskTableViewCell.m */,
				46AE2CE63C4743869827F4E8 /* TaskTableViewCell.h */,
			);
			path = View;
			sourceTree = "<group>";
		};
		46AE2DD88EC29F796A847809 /* UserActions */ = {
			isa = PBXGroup;
			children = (
				46AE2670BC8E8983315E3C4F /* Controller */,
				46AE2D2B4BF04739220749AA /* View */,
				46AE2BBEA3A7E22606B92680 /* Protocols */,
				46AE2E86C26BA82076D74844 /* Common */,
			);
			path = UserActions;
			sourceTree = "<group>";
		};
		46AE2E5451089DEBBD690F9D /* Controller */ = {
			isa = PBXGroup;
			children = (
				46AE262B71AD5C9CD51E1B65 /* DBController+Internal.h */,
				46AE298CFF8F37B9D8FA3FAB /* DBController.h */,
				46AE272768F24D3A6FB8FC1E /* DBController+Undo.h */,
				46AE2AA7E85BC6C84484A095 /* DBController+Undo.m */,
				46AE2C62220A53387B3AFF2C /* DBController+Internal.m */,
				46AE2B4F013E18A60B809BE6 /* DBController.m */,
				46AE2E5B0762ABF0B824AA90 /* DBAccess.h */,
				46AE263D377B4EE742696671 /* DBAccess.m */,
				46AE246192A12FAE43023862 /* DBController+BasicActions.m */,
				46AE2CF9D3F1C28A5CBDE725 /* DBController+BasicActions.h */,
				46AE27BF0223B13465ABEA7D /* DBController+FastSync.m */,
				46AE275F31C7CBD76B7FE493 /* DBController+FastSync.h */,
			);
			path = Controller;
			sourceTree = "<group>";
		};
		46AE2E86C26BA82076D74844 /* Common */ = {
			isa = PBXGroup;
			children = (
				46AE2ACD926DD48FF5A75F35 /* DPState.h */,
			);
			path = Common;
			sourceTree = "<group>";
		};
		46AE2ECF62383C87D63FAEA8 /* SubViews */ = {
			isa = PBXGroup;
			children = (
				46AE27AB981777D814E13894 /* TaskOptions */,
				46AE2389EFF6DDA685A8780B /* TheNewTask */,
			);
			path = SubViews;
			sourceTree = "<group>";
		};
		46AE2F4E0EE3E569B6F73476 /* SyncService */ = {
			isa = PBXGroup;
			children = (
				46AE2216AA82CD13F9F5CB15 /* SyncGuardService.m */,
				46AE284D059876A99DFB85B7 /* SyncGuardService.h */,
				46AE2C941FF36BCD7698E00E /* Operations */,
				46AE2BD07C6AA382B265BC87 /* SyncingLegs */,
			);
			path = SyncService;
			sourceTree = "<group>";
		};
		46AE2F76EE2F072DA99C03F9 /* Database */ = {
			isa = PBXGroup;
			children = (
				46AE2D620750E088082C4DFC /* Model */,
				46AE2E5451089DEBBD690F9D /* Controller */,
				46AE25ABC799AED83347EC70 /* Entities */,
				46AE2245ECA0CE19C9F0C24E /* Common */,
			);
			path = Database;
			sourceTree = "<group>";
		};
		EA3D0DFD18CB6B9B00CB333E = {
			isa = PBXGroup;
			children = (
				EA3D0E1118CB6B9C00CB333E /* SimpleTaskManager */,
				EA3D0E2E18CB6B9C00CB333E /* SimpleTaskManagerTests */,
				EA3D0E0818CB6B9C00CB333E /* Frameworks */,
				EA3D0E0718CB6B9C00CB333E /* Products */,
				46AE2C43A3EEE0C556F8C552 /* Lumberjack */,
			);
			sourceTree = "<group>";
		};
		EA3D0E0718CB6B9C00CB333E /* Products */ = {
			isa = PBXGroup;
			children = (
				EA3D0E0618CB6B9C00CB333E /* SimpleTaskManager.app */,
				EA3D0E2618CB6B9C00CB333E /* SimpleTaskManagerTests.xctest */,
			);
			name = Products;
			sourceTree = "<group>";
		};
		EA3D0E0818CB6B9C00CB333E /* Frameworks */ = {
			isa = PBXGroup;
			children = (
				EA3D0E0918CB6B9C00CB333E /* Foundation.framework */,
				EA3D0E0B18CB6B9C00CB333E /* CoreGraphics.framework */,
				EA3D0E0D18CB6B9C00CB333E /* UIKit.framework */,
				EA3D0E0F18CB6B9C00CB333E /* CoreData.framework */,
				EA3D0E2718CB6B9C00CB333E /* XCTest.framework */,
			);
			name = Frameworks;
			sourceTree = "<group>";
		};
		EA3D0E1118CB6B9C00CB333E /* SimpleTaskManager */ = {
			isa = PBXGroup;
			children = (
				EA3D0E1A18CB6B9C00CB333E /* AppDelegate.h */,
				EA3D0E1B18CB6B9C00CB333E /* AppDelegate.m */,
				EA3D0E2018CB6B9C00CB333E /* Images.xcassets */,
				EA3D0E1218CB6B9C00CB333E /* Supporting Files */,
				46AE274E1592D16279894771 /* MainView */,
				46AE2ACD875439BC8EC35270 /* Helpers */,
				46AE2F76EE2F072DA99C03F9 /* Database */,
				46AE2098E77DB6A31A0F5F68 /* Resources */,
				46AE2533F9B07B8005FE4E0C /* Common */,
				46AE26526DD261DC853DC386 /* Categories */,
				46AE27D48751AB2E90203B60 /* CustomUI */,
				46AE2F4E0EE3E569B6F73476 /* SyncService */,
				46AE2B1A1B2EB110FF1ECAC5 /* Notifications */,
			);
			path = SimpleTaskManager;
			sourceTree = "<group>";
		};
		EA3D0E1218CB6B9C00CB333E /* Supporting Files */ = {
			isa = PBXGroup;
			children = (
				EA3D0E1318CB6B9C00CB333E /* SimpleTaskManager-Info.plist */,
				EA3D0E1418CB6B9C00CB333E /* InfoPlist.strings */,
				EA3D0E1718CB6B9C00CB333E /* main.m */,
				EA3D0E1918CB6B9C00CB333E /* SimpleTaskManager-Prefix.pch */,
			);
			name = "Supporting Files";
			sourceTree = "<group>";
		};
		EA3D0E2E18CB6B9C00CB333E /* SimpleTaskManagerTests */ = {
			isa = PBXGroup;
			children = (
				EA3D0E3418CB6B9C00CB333E /* SimpleTaskManagerTests.m */,
				EA3D0E2F18CB6B9C00CB333E /* Supporting Files */,
			);
			path = SimpleTaskManagerTests;
			sourceTree = "<group>";
		};
		EA3D0E2F18CB6B9C00CB333E /* Supporting Files */ = {
			isa = PBXGroup;
			children = (
				EA3D0E3018CB6B9C00CB333E /* SimpleTaskManagerTests-Info.plist */,
				EA3D0E3118CB6B9C00CB333E /* InfoPlist.strings */,
			);
			name = "Supporting Files";
			sourceTree = "<group>";
		};
/* End PBXGroup section */

/* Begin PBXNativeTarget section */
		EA3D0E0518CB6B9C00CB333E /* SimpleTaskManager */ = {
			isa = PBXNativeTarget;
			buildConfigurationList = EA3D0E3818CB6B9C00CB333E /* Build configuration list for PBXNativeTarget "SimpleTaskManager" */;
			buildPhases = (
				EA3D0E0218CB6B9C00CB333E /* Sources */,
				EA3D0E0318CB6B9C00CB333E /* Frameworks */,
				EA3D0E0418CB6B9C00CB333E /* Resources */,
			);
			buildRules = (
			);
			dependencies = (
			);
			name = SimpleTaskManager;
			productName = SimpleTaskManager;
			productReference = EA3D0E0618CB6B9C00CB333E /* SimpleTaskManager.app */;
			productType = "com.apple.product-type.application";
		};
		EA3D0E2518CB6B9C00CB333E /* SimpleTaskManagerTests */ = {
			isa = PBXNativeTarget;
			buildConfigurationList = EA3D0E3B18CB6B9C00CB333E /* Build configuration list for PBXNativeTarget "SimpleTaskManagerTests" */;
			buildPhases = (
				EA3D0E2218CB6B9C00CB333E /* Sources */,
				EA3D0E2318CB6B9C00CB333E /* Frameworks */,
				EA3D0E2418CB6B9C00CB333E /* Resources */,
			);
			buildRules = (
			);
			dependencies = (
				EA3D0E2D18CB6B9C00CB333E /* PBXTargetDependency */,
			);
			name = SimpleTaskManagerTests;
			productName = SimpleTaskManagerTests;
			productReference = EA3D0E2618CB6B9C00CB333E /* SimpleTaskManagerTests.xctest */;
			productType = "com.apple.product-type.bundle.unit-test";
		};
/* End PBXNativeTarget section */

/* Begin PBXProject section */
		EA3D0DFE18CB6B9B00CB333E /* Project object */ = {
			isa = PBXProject;
			attributes = {
				LastUpgradeCheck = 0510;
				ORGANIZATIONNAME = Tomato;
				TargetAttributes = {
					EA3D0E2518CB6B9C00CB333E = {
						TestTargetID = EA3D0E0518CB6B9C00CB333E;
					};
				};
			};
			buildConfigurationList = EA3D0E0118CB6B9B00CB333E /* Build configuration list for PBXProject "SimpleTaskManager" */;
			compatibilityVersion = "Xcode 3.2";
			developmentRegion = English;
			hasScannedForEncodings = 0;
			knownRegions = (
				en,
			);
			mainGroup = EA3D0DFD18CB6B9B00CB333E;
			productRefGroup = EA3D0E0718CB6B9C00CB333E /* Products */;
			projectDirPath = "";
			projectRoot = "";
			targets = (
				EA3D0E0518CB6B9C00CB333E /* SimpleTaskManager */,
				EA3D0E2518CB6B9C00CB333E /* SimpleTaskManagerTests */,
			);
		};
/* End PBXProject section */

/* Begin PBXResourcesBuildPhase section */
		EA3D0E0418CB6B9C00CB333E /* Resources */ = {
			isa = PBXResourcesBuildPhase;
			buildActionMask = 2147483647;
			files = (
				EAE3DBC718D5F21A004F6A29 /* image_checked_checkbox_64x64.png in Resources */,
				EA3D0E1618CB6B9C00CB333E /* InfoPlist.strings in Resources */,
				EAE3DBC818D5F21A004F6A29 /* image_checked_checkbox_64x64@2x.png in Resources */,
				EA3D0E2118CB6B9C00CB333E /* Images.xcassets in Resources */,
				46AE2B562B65AB1357EA2957 /* README.txt in Resources */,
				46AE2CD0DE25667724420D3F /* LICENSE.txt in Resources */,
				46AE220496BA281974A04197 /* Main_iPhone.storyboard in Resources */,
				46AE21ADB459FE6F7476C745 /* Main_iPad.storyboard in Resources */,
			);
			runOnlyForDeploymentPostprocessing = 0;
		};
		EA3D0E2418CB6B9C00CB333E /* Resources */ = {
			isa = PBXResourcesBuildPhase;
			buildActionMask = 2147483647;
			files = (
				EA3D0E3318CB6B9C00CB333E /* InfoPlist.strings in Resources */,
			);
			runOnlyForDeploymentPostprocessing = 0;
		};
/* End PBXResourcesBuildPhase section */

/* Begin PBXSourcesBuildPhase section */
		EA3D0E0218CB6B9C00CB333E /* Sources */ = {
			isa = PBXSourcesBuildPhase;
			buildActionMask = 2147483647;
			files = (
				EA3D0E1C18CB6B9C00CB333E /* AppDelegate.m in Sources */,
				EA3D0E1818CB6B9C00CB333E /* main.m in Sources */,
				46AE2ACBDC30AC492BBB68C4 /* DDLog.m in Sources */,
				46AE2C6E29A61028A98292D6 /* ContextFilterLogFormatter.m in Sources */,
				46AE22663A7440C2240CFD78 /* DispatchQueueLogFormatter.m in Sources */,
				46AE2778B30FF66F82F8BF4E /* DDASLLogger.m in Sources */,
				46AE2619ABF5A338D4017D5D /* DDTTYLogger.m in Sources */,
				46AE2531981D3E9147CB01C8 /* DDFileLogger.m in Sources */,
				EA34DA5318CD493B0042CDA9 /* SimpleTaskManager.xcdatamodeld in Sources */,
				46AE24F4BC01F9E8A9901AEB /* DDAbstractDatabaseLogger.m in Sources */,
				46AE24F2049689BF0F3D3346 /* AppColors.m in Sources */,
				46AE212FD05EAEE66E043BF6 /* CGEstimations.m in Sources */,
				46AE2562AA9F4FC145D9444B /* UIView+ScreenshootExtension.m in Sources */,
				46AE217F35A32A2BE807D154 /* ResourcesHelper.m in Sources */,
				46AE2DD6B6147E651DA20928 /* WindowHelper.m in Sources */,
				46AE25C60C3BC10BC458F9CD /* WrappedButton.m in Sources */,
				46AE21C7020A62B100FF6382 /* SyncGuardService.m in Sources */,
				46AE27D3C3D160CB80A2070E /* SingleOperation.m in Sources */,
				46AE20AB481B38EEF613E706 /* SyncingLeg.m in Sources */,
				46AE2E1BCCE8DB068A01FE02 /* AddTaskOperation.m in Sources */,
				46AE256058ADA19E315BBD54 /* CompleteTaskOperation.m in Sources */,
				46AE29449067611A9372BA7D /* ReorderTaskOperation.m in Sources */,
				46AE2669BFF9BE3FD4CB9896 /* RemoteLeg.m in Sources */,
				46AE2E390CF0891859C0A2AD /* LocalUserLeg.m in Sources */,
				46AE22B08BB9D9DA976ED30F /* RemoteConnection.m in Sources */,
				46AE2A276D0A4C485AE36132 /* RemoteActionsHandler.m in Sources */,
				46AE2D06B482CFAA3E94E87F /* VirtualRemoteActionsHandler.m in Sources */,
				46AE26453D38E0DF09CEF5E4 /* SyncOperation.m in Sources */,
				46AE2A53886622C3825E125D /* RenameOperation.m in Sources */,
				46AE20B46371F8858AFE3223 /* DBController+Undo.m in Sources */,
				46AE25C2431437F3F30CB279 /* DBController+Internal.m in Sources */,
				46AE2E9CB59C9D0F60522C54 /* DBController.m in Sources */,
				46AE2248D5B2668A6584BFF1 /* STMTaskModel.m in Sources */,
				46AE2A3BE5B9E4A34C9B1FFB /* STMTask.m in Sources */,
				46AE2C61DA239100ED8695D7 /* DBAccess.m in Sources */,
				46AE208559CF4605A18B8D92 /* NSError+Log.m in Sources */,
				46AE2BAD5D67760A4AF5FF9F /* DBController+BasicActions.m in Sources */,
				46AE2FAC36325727D21EC813 /* DBConsts.m in Sources */,
				46AE2ECC06D616F491387B63 /* MainViewController.m in Sources */,
				46AE27A66156C8B32A046D0B /* UserActionsController.m in Sources */,
				46AE2B098FBD329BCAD5A80D /* TaskOptionsView.m in Sources */,
				46AE207D654646CC100087CC /* DeselectTaskButton.m in Sources */,
				46AE2BA80552028A8069D7D4 /* CompleteTaskButton.m in Sources */,
				46AE2BF4DA0B06FA92B600D6 /* TheNewTaskDialog.m in Sources */,
				46AE2F7D3E8EADA517BA21CB /* TheNewTaskButton.m in Sources */,
				46AE23BC15720B5B963317D0 /* CancelButton.m in Sources */,
				46AE26FC2FF252DD316F6893 /* ConfirmationButton.m in Sources */,
				46AE2C2F1EAEC92623A7406E /* MainViewConsts.m in Sources */,
				46AE20A3875D1A44A068ABAD /* MainView.m in Sources */,
				46AE2153F6C011F2F20265FF /* ManagedOperation.m in Sources */,
				46AE2163332C1162E9DE7E72 /* TaskTableViewCell.m in Sources */,
				46AE23A68CB442C4FE756B7D /* MainTableController.m in Sources */,
				46AE2E414CC8F193EA7B4707 /* MainTableController+DragAndDrop.m in Sources */,
				46AE29A44900EB5C0E2A5B18 /* MainTableController+SelectedItem.m in Sources */,
				46AE27B8902A33EBF1525E2B /* MainTableConsts.m in Sources */,
				46AE2751CB7EBA8F82F2E453 /* CommonNotifications.m in Sources */,
				46AE25D42FCF094A632597A5 /* NotificationsSender.m in Sources */,
				46AE2243092563CDC3ED229F /* NotificationsObserver.m in Sources */,
				46AE248A681A948340CA66D5 /* MainViewControllerNotificationsObserver.m in Sources */,
				46AE27670DF39EEC0F87A53A /* SyncNotificationsObserver.m in Sources */,
				46AE28FE62B405003299F9EF /* MainTableDataSource.m in Sources */,
				46AE28D2A8ECD249B0BB0E45 /* DBController+FastSync.m in Sources */,
				46AE2310C712A25F5374E8ED /* PresentationOverlayView.m in Sources */,
				46AE2B47D888D758D9E98ABB /* PresentationOverlayView+TheNewTaskDialogHandling.m in Sources */,
				46AE2788B952E4DCB677CF0D /* PresentationOverlayView+Hints.m in Sources */,
				46AE2B4F5D7BF27E5F0881E5 /* PresentationOverlayView+TaskOptions.m in Sources */,
				46AE274220F810E635CE4E90 /* PresentationOverlayView+Constraints.m in Sources */,
				46AE21B507F0C10D1515A226 /* MainTableStateController.m in Sources */,
				46AE2C0154776E6E2F59F9CF /* CommonActivityView.m in Sources */,
				46AE207D8C5316B4CC921CE5 /* AppMessages.m in Sources */,
				46AE2FDA06986FB6E7DDC671 /* AppMacros.m in Sources */,
				46AE26B48815CF88E7CADEA1 /* AppErrors.m in Sources */,
				46AE2A25D769929D2C2DF399 /* DragAndDropHandler.m in Sources */,
			);
			runOnlyForDeploymentPostprocessing = 0;
		};
		EA3D0E2218CB6B9C00CB333E /* Sources */ = {
			isa = PBXSourcesBuildPhase;
			buildActionMask = 2147483647;
			files = (
				EA3D0E3518CB6B9C00CB333E /* SimpleTaskManagerTests.m in Sources */,
			);
			runOnlyForDeploymentPostprocessing = 0;
		};
/* End PBXSourcesBuildPhase section */

/* Begin PBXTargetDependency section */
		EA3D0E2D18CB6B9C00CB333E /* PBXTargetDependency */ = {
			isa = PBXTargetDependency;
			target = EA3D0E0518CB6B9C00CB333E /* SimpleTaskManager */;
			targetProxy = EA3D0E2C18CB6B9C00CB333E /* PBXContainerItemProxy */;
		};
/* End PBXTargetDependency section */

/* Begin PBXVariantGroup section */
		EA3D0E1418CB6B9C00CB333E /* InfoPlist.strings */ = {
			isa = PBXVariantGroup;
			children = (
				EA3D0E1518CB6B9C00CB333E /* en */,
			);
			name = InfoPlist.strings;
			sourceTree = "<group>";
		};
		EA3D0E3118CB6B9C00CB333E /* InfoPlist.strings */ = {
			isa = PBXVariantGroup;
			children = (
				EA3D0E3218CB6B9C00CB333E /* en */,
			);
			name = InfoPlist.strings;
			sourceTree = "<group>";
		};
/* End PBXVariantGroup section */

/* Begin XCBuildConfiguration section */
		EA3D0E3618CB6B9C00CB333E /* Debug */ = {
			isa = XCBuildConfiguration;
			buildSettings = {
				ALWAYS_SEARCH_USER_PATHS = NO;
				CLANG_CXX_LANGUAGE_STANDARD = "gnu++0x";
				CLANG_CXX_LIBRARY = "libc++";
				CLANG_ENABLE_MODULES = YES;
				CLANG_ENABLE_OBJC_ARC = YES;
				CLANG_WARN_BOOL_CONVERSION = YES;
				CLANG_WARN_CONSTANT_CONVERSION = YES;
				CLANG_WARN_DIRECT_OBJC_ISA_USAGE = YES_ERROR;
				CLANG_WARN_EMPTY_BODY = YES;
				CLANG_WARN_ENUM_CONVERSION = YES;
				CLANG_WARN_INT_CONVERSION = YES;
				CLANG_WARN_OBJC_ROOT_CLASS = YES_ERROR;
				CLANG_WARN__DUPLICATE_METHOD_MATCH = YES;
				"CODE_SIGN_IDENTITY[sdk=iphoneos*]" = "iPhone Developer";
				COPY_PHASE_STRIP = NO;
				GCC_C_LANGUAGE_STANDARD = gnu99;
				GCC_DYNAMIC_NO_PIC = NO;
				GCC_OPTIMIZATION_LEVEL = 0;
				GCC_PREPROCESSOR_DEFINITIONS = (
					"DEBUG=1",
					"$(inherited)",
				);
				GCC_SYMBOLS_PRIVATE_EXTERN = NO;
				GCC_WARN_64_TO_32_BIT_CONVERSION = YES;
				GCC_WARN_ABOUT_RETURN_TYPE = YES_ERROR;
				GCC_WARN_UNDECLARED_SELECTOR = YES;
				GCC_WARN_UNINITIALIZED_AUTOS = YES;
				GCC_WARN_UNUSED_FUNCTION = YES;
				GCC_WARN_UNUSED_VARIABLE = YES;
				IPHONEOS_DEPLOYMENT_TARGET = 7.0;
				ONLY_ACTIVE_ARCH = YES;
				SDKROOT = iphoneos;
				TARGETED_DEVICE_FAMILY = "1,2";
			};
			name = Debug;
		};
		EA3D0E3718CB6B9C00CB333E /* Release */ = {
			isa = XCBuildConfiguration;
			buildSettings = {
				ALWAYS_SEARCH_USER_PATHS = NO;
				CLANG_CXX_LANGUAGE_STANDARD = "gnu++0x";
				CLANG_CXX_LIBRARY = "libc++";
				CLANG_ENABLE_MODULES = YES;
				CLANG_ENABLE_OBJC_ARC = YES;
				CLANG_WARN_BOOL_CONVERSION = YES;
				CLANG_WARN_CONSTANT_CONVERSION = YES;
				CLANG_WARN_DIRECT_OBJC_ISA_USAGE = YES_ERROR;
				CLANG_WARN_EMPTY_BODY = YES;
				CLANG_WARN_ENUM_CONVERSION = YES;
				CLANG_WARN_INT_CONVERSION = YES;
				CLANG_WARN_OBJC_ROOT_CLASS = YES_ERROR;
				CLANG_WARN__DUPLICATE_METHOD_MATCH = YES;
				"CODE_SIGN_IDENTITY[sdk=iphoneos*]" = "iPhone Developer";
				COPY_PHASE_STRIP = YES;
				ENABLE_NS_ASSERTIONS = NO;
				GCC_C_LANGUAGE_STANDARD = gnu99;
				GCC_WARN_64_TO_32_BIT_CONVERSION = YES;
				GCC_WARN_ABOUT_RETURN_TYPE = YES_ERROR;
				GCC_WARN_UNDECLARED_SELECTOR = YES;
				GCC_WARN_UNINITIALIZED_AUTOS = YES;
				GCC_WARN_UNUSED_FUNCTION = YES;
				GCC_WARN_UNUSED_VARIABLE = YES;
				IPHONEOS_DEPLOYMENT_TARGET = 7.0;
				SDKROOT = iphoneos;
				TARGETED_DEVICE_FAMILY = "1,2";
				VALIDATE_PRODUCT = YES;
			};
			name = Release;
		};
		EA3D0E3918CB6B9C00CB333E /* Debug */ = {
			isa = XCBuildConfiguration;
			buildSettings = {
				ASSETCATALOG_COMPILER_APPICON_NAME = AppIcon;
				ASSETCATALOG_COMPILER_LAUNCHIMAGE_NAME = LaunchImage;
				GCC_PRECOMPILE_PREFIX_HEADER = YES;
				GCC_PREFIX_HEADER = "SimpleTaskManager/SimpleTaskManager-Prefix.pch";
				INFOPLIST_FILE = "SimpleTaskManager/SimpleTaskManager-Info.plist";
				PRODUCT_NAME = "$(TARGET_NAME)";
				WRAPPER_EXTENSION = app;
			};
			name = Debug;
		};
		EA3D0E3A18CB6B9C00CB333E /* Release */ = {
			isa = XCBuildConfiguration;
			buildSettings = {
				ASSETCATALOG_COMPILER_APPICON_NAME = AppIcon;
				ASSETCATALOG_COMPILER_LAUNCHIMAGE_NAME = LaunchImage;
				GCC_PRECOMPILE_PREFIX_HEADER = YES;
				GCC_PREFIX_HEADER = "SimpleTaskManager/SimpleTaskManager-Prefix.pch";
				INFOPLIST_FILE = "SimpleTaskManager/SimpleTaskManager-Info.plist";
				PRODUCT_NAME = "$(TARGET_NAME)";
				WRAPPER_EXTENSION = app;
			};
			name = Release;
		};
		EA3D0E3C18CB6B9C00CB333E /* Debug */ = {
			isa = XCBuildConfiguration;
			buildSettings = {
				BUNDLE_LOADER = "$(BUILT_PRODUCTS_DIR)/SimpleTaskManager.app/SimpleTaskManager";
				FRAMEWORK_SEARCH_PATHS = (
					"$(SDKROOT)/Developer/Library/Frameworks",
					"$(inherited)",
					"$(DEVELOPER_FRAMEWORKS_DIR)",
				);
				GCC_PRECOMPILE_PREFIX_HEADER = YES;
				GCC_PREFIX_HEADER = "SimpleTaskManager/SimpleTaskManager-Prefix.pch";
				GCC_PREPROCESSOR_DEFINITIONS = (
					"DEBUG=1",
					"$(inherited)",
				);
				INFOPLIST_FILE = "SimpleTaskManagerTests/SimpleTaskManagerTests-Info.plist";
				PRODUCT_NAME = "$(TARGET_NAME)";
				TEST_HOST = "$(BUNDLE_LOADER)";
				WRAPPER_EXTENSION = xctest;
			};
			name = Debug;
		};
		EA3D0E3D18CB6B9C00CB333E /* Release */ = {
			isa = XCBuildConfiguration;
			buildSettings = {
				BUNDLE_LOADER = "$(BUILT_PRODUCTS_DIR)/SimpleTaskManager.app/SimpleTaskManager";
				FRAMEWORK_SEARCH_PATHS = (
					"$(SDKROOT)/Developer/Library/Frameworks",
					"$(inherited)",
					"$(DEVELOPER_FRAMEWORKS_DIR)",
				);
				GCC_PRECOMPILE_PREFIX_HEADER = YES;
				GCC_PREFIX_HEADER = "SimpleTaskManager/SimpleTaskManager-Prefix.pch";
				INFOPLIST_FILE = "SimpleTaskManagerTests/SimpleTaskManagerTests-Info.plist";
				PRODUCT_NAME = "$(TARGET_NAME)";
				TEST_HOST = "$(BUNDLE_LOADER)";
				WRAPPER_EXTENSION = xctest;
			};
			name = Release;
		};
/* End XCBuildConfiguration section */

/* Begin XCConfigurationList section */
		EA3D0E0118CB6B9B00CB333E /* Build configuration list for PBXProject "SimpleTaskManager" */ = {
			isa = XCConfigurationList;
			buildConfigurations = (
				EA3D0E3618CB6B9C00CB333E /* Debug */,
				EA3D0E3718CB6B9C00CB333E /* Release */,
			);
			defaultConfigurationIsVisible = 0;
			defaultConfigurationName = Release;
		};
		EA3D0E3818CB6B9C00CB333E /* Build configuration list for PBXNativeTarget "SimpleTaskManager" */ = {
			isa = XCConfigurationList;
			buildConfigurations = (
				EA3D0E3918CB6B9C00CB333E /* Debug */,
				EA3D0E3A18CB6B9C00CB333E /* Release */,
			);
			defaultConfigurationIsVisible = 0;
			defaultConfigurationName = Release;
		};
		EA3D0E3B18CB6B9C00CB333E /* Build configuration list for PBXNativeTarget "SimpleTaskManagerTests" */ = {
			isa = XCConfigurationList;
			buildConfigurations = (
				EA3D0E3C18CB6B9C00CB333E /* Debug */,
				EA3D0E3D18CB6B9C00CB333E /* Release */,
			);
			defaultConfigurationIsVisible = 0;
			defaultConfigurationName = Release;
		};
/* End XCConfigurationList section */

/* Begin XCVersionGroup section */
		EA34DA5118CD493B0042CDA9 /* SimpleTaskManager.xcdatamodeld */ = {
			isa = XCVersionGroup;
			children = (
				EA34DA5218CD493B0042CDA9 /* SimpleTaskManager.xcdatamodel */,
			);
			currentVersion = EA34DA5218CD493B0042CDA9 /* SimpleTaskManager.xcdatamodel */;
			path = SimpleTaskManager.xcdatamodeld;
			sourceTree = "<group>";
			versionGroupType = wrapper.xcdatamodel;
		};
/* End XCVersionGroup section */
	};
	rootObject = EA3D0DFE18CB6B9B00CB333E /* Project object */;
}
